
Microsoft Visual Studio Solution File, Format Version 12.00
# Visual Studio Version 17
VisualStudioVersion = 17.7.34031.279
MinimumVisualStudioVersion = 10.0.40219.1
Project("{8BC9CEB8-8B4A-11D0-8D11-00A0C91BC942}") = "Bai003", "Bai003\Bai003.vcxproj", "{DF94ED52-83AD-4427-A899-3736446AF38D}"
EndProject
Project("{8BC9CEB8-8B4A-11D0-8D11-00A0C91BC942}") = "Bai008", "Bai008\Bai008.vcxproj", "{7FA2A28B-9EE9-42D8-8B5A-3D46F64F246A}"
EndProject
Project("{8BC9CEB8-8B4A-11D0-8D11-00A0C91BC942}") = "Bai013", "Bai013\Bai013.vcxproj", "{AD10B646-1213-46F6-A3E9-5749FECD9F20}"
EndProject
Project("{8BC9CEB8-8B4A-11D0-8D11-00A0C91BC942}") = "Bai018", "Bai018\Bai018.vcxproj", "{9919E04C-3891-4557-8A25-7013DCA3A5C8}"
EndProject
Project("{8BC9CEB8-8B4A-11D0-8D11-00A0C91BC942}") = "Bai023", "Bai023\Bai023.vcxproj", "{E720E406-FC77-47D1-9B23-B941AC73F479}"
EndProject
Project("{8BC9CEB8-8B4A-11D0-8D11-00A0C91BC942}") = "Bai028", "Bai028\Bai028.vcxproj", "{FFD0E5C8-C3DA-4AED-AD88-B38E22A71437}"
EndProject
Project("{8BC9CEB8-8B4A-11D0-8D11-00A0C91BC942}") = "Bai033", "Bai033\Bai033.vcxproj", "{DA30CEF6-C3F2-4C0C-B544-F13BAEA4183B}"
EndProject
Project("{8BC9CEB8-8B4A-11D0-8D11-00A0C91BC942}") = "Bai038", "Bai038\Bai038.vcxproj", "{B964545D-FFFB-4D29-9A28-E10B85D327FF}"
EndProject
Project("{8BC9CEB8-8B4A-11D0-8D11-00A0C91BC942}") = "Bai043", "Bai043\Bai043.vcxproj", "{4072A47E-99DA-4C2A-B55F-05D288BB89EE}"
EndProject
Project("{8BC9CEB8-8B4A-11D0-8D11-00A0C91BC942}") = "Bai048", "Bai48\Bai48.vcxproj", "{8EF6D368-5A85-437C-AC0F-73AE6644C0F3}"
EndProject
Project("{8BC9CEB8-8B4A-11D0-8D11-00A0C91BC942}") = "Bai053", "Bai053\Bai053.vcxproj", "{D48B17EF-8DFB-41AC-97F2-0A9B7805A50B}"
EndProject
Project("{8BC9CEB8-8B4A-11D0-8D11-00A0C91BC942}") = "Bai058", "Bai058\Bai058.vcxproj", "{6450D83E-C7D1-459B-AD44-4BC4CD2323E0}"
EndProject
Project("{8BC9CEB8-8B4A-11D0-8D11-00A0C91BC942}") = "Bai063", "Bai063\Bai063.vcxproj", "{5C973F83-BABC-4E77-9025-A83D5C342AAE}"
EndProject
Project("{8BC9CEB8-8B4A-11D0-8D11-00A0C91BC942}") = "Bai068", "Bai068\Bai068.vcxproj", "{54FC8AE3-CCEF-4A12-9592-EFF968B2644B}"
EndProject
Project("{8BC9CEB8-8B4A-11D0-8D11-00A0C91BC942}") = "Bai073", "Bai073\Bai073.vcxproj", "{2D908A25-A26F-4BE0-9190-F792D28C3803}"
EndProject
Project("{8BC9CEB8-8B4A-11D0-8D11-00A0C91BC942}") = "Bai078", "Bai078\Bai078.vcxproj", "{165BAFE8-B377-44CB-B8A4-9972BDC5A414}"
EndProject
Project("{8BC9CEB8-8B4A-11D0-8D11-00A0C91BC942}") = "Bai083", "Bai083\Bai083.vcxproj", "{E4621C09-F007-4399-A297-4F05E712424B}"
EndProject
Project("{8BC9CEB8-8B4A-11D0-8D11-00A0C91BC942}") = "Bai088", "Bai088\Bai088.vcxproj", "{19D9B382-8E6F-4D36-928C-2178B983A766}"
EndProject
Project("{8BC9CEB8-8B4A-11D0-8D11-00A0C91BC942}") = "Bai093", "Bai093\Bai093.vcxproj", "{B6356CEE-0C89-41E6-BE92-67D18F253A98}"
EndProject
Project("{8BC9CEB8-8B4A-11D0-8D11-00A0C91BC942}") = "Bai098", "Bai098\Bai098.vcxproj", "{456C2592-AF4D-4D34-BCCA-FC77B9A8459E}"
EndProject
Project("{8BC9CEB8-8B4A-11D0-8D11-00A0C91BC942}") = "Bai103", "Bai103\Bai103.vcxproj", "{8FFC6CEC-D6FE-495E-99C0-62357C2E0BD2}"
EndProject
Project("{8BC9CEB8-8B4A-11D0-8D11-00A0C91BC942}") = "Bai108", "Bai108\Bai108.vcxproj", "{FBA94E41-A7B6-42EE-8AFB-AB272D0D46EF}"
EndProject
Project("{8BC9CEB8-8B4A-11D0-8D11-00A0C91BC942}") = "Bai113", "Bai113\Bai113.vcxproj", "{4F536E91-2C4D-4BDC-B70A-BDE4A89D4FA8}"
EndProject
Project("{8BC9CEB8-8B4A-11D0-8D11-00A0C91BC942}") = "Bai118", "Bai118\Bai118.vcxproj", "{705BA777-5EC7-42E1-A9F5-E31C103C6944}"
EndProject
Project("{8BC9CEB8-8B4A-11D0-8D11-00A0C91BC942}") = "Bai123", "Bai123\Bai123.vcxproj", "{4E57D80D-300D-4CE3-8ABC-F301549693C5}"
EndProject
Project("{8BC9CEB8-8B4A-11D0-8D11-00A0C91BC942}") = "Bai128", "Bai128\Bai128.vcxproj", "{8C948888-C89E-4A67-959B-D87485521254}"
EndProject
Project("{8BC9CEB8-8B4A-11D0-8D11-00A0C91BC942}") = "Bai133", "Bai133\Bai133.vcxproj", "{EEC99F10-3437-4769-953F-BBCA2F14AB3C}"
EndProject
Project("{8BC9CEB8-8B4A-11D0-8D11-00A0C91BC942}") = "Bai138", "Bai138\Bai138.vcxproj", "{976CF6EB-F526-4205-B088-D0A9B2EAB60C}"
EndProject
Project("{8BC9CEB8-8B4A-11D0-8D11-00A0C91BC942}") = "Bai143", "Bai143\Bai143.vcxproj", "{29A2D1B0-A606-4CE1-99B7-F9E1F9C10BDD}"
EndProject
Project("{8BC9CEB8-8B4A-11D0-8D11-00A0C91BC942}") = "Bai148", "Bai148\Bai148.vcxproj", "{B9A86E33-607E-43F3-BE3D-AFAC0BC138E9}"
EndProject
Project("{8BC9CEB8-8B4A-11D0-8D11-00A0C91BC942}") = "Bai153", "Bai153\Bai153.vcxproj", "{9036A4B2-3CBD-4FA2-91EE-99D59C5072EA}"
EndProject
Project("{8BC9CEB8-8B4A-11D0-8D11-00A0C91BC942}") = "Bai158", "Bai158\Bai158.vcxproj", "{B46D2AD4-FBA7-4061-B474-077FFF24CA62}"
EndProject
Project("{8BC9CEB8-8B4A-11D0-8D11-00A0C91BC942}") = "Bai163", "Bai163\Bai163.vcxproj", "{CB97A8E0-6888-406C-94D6-26FEF3395FB1}"
EndProject
Project("{8BC9CEB8-8B4A-11D0-8D11-00A0C91BC942}") = "Bai168", "Bai168\Bai168.vcxproj", "{2B170B4B-4B35-4068-BD47-219A2367D60A}"
EndProject
Project("{8BC9CEB8-8B4A-11D0-8D11-00A0C91BC942}") = "Bai173", "Bai173\Bai173.vcxproj", "{31D8A60C-29A9-4E83-82A7-9C8E6FAC61E8}"
EndProject
Project("{8BC9CEB8-8B4A-11D0-8D11-00A0C91BC942}") = "Bai178", "Bai178\Bai178.vcxproj", "{BE08780C-81D7-44DC-A50E-4947595A0A9F}"
EndProject
Project("{8BC9CEB8-8B4A-11D0-8D11-00A0C91BC942}") = "Bai183", "Bai183\Bai183.vcxproj", "{DF213606-EEF8-43CE-B8EC-70ABDE8F12D1}"
EndProject
Project("{8BC9CEB8-8B4A-11D0-8D11-00A0C91BC942}") = "Bai188", "Bai188\Bai188.vcxproj", "{80FA87E9-6C49-40B8-A381-38E09430B05B}"
EndProject
Global
	GlobalSection(SolutionConfigurationPlatforms) = preSolution
		Debug|x64 = Debug|x64
		Debug|x86 = Debug|x86
		Release|x64 = Release|x64
		Release|x86 = Release|x86
	EndGlobalSection
	GlobalSection(ProjectConfigurationPlatforms) = postSolution
		{DF94ED52-83AD-4427-A899-3736446AF38D}.Debug|x64.ActiveCfg = Debug|x64
		{DF94ED52-83AD-4427-A899-3736446AF38D}.Debug|x64.Build.0 = Debug|x64
		{DF94ED52-83AD-4427-A899-3736446AF38D}.Debug|x86.ActiveCfg = Debug|Win32
		{DF94ED52-83AD-4427-A899-3736446AF38D}.Debug|x86.Build.0 = Debug|Win32
		{DF94ED52-83AD-4427-A899-3736446AF38D}.Release|x64.ActiveCfg = Release|x64
		{DF94ED52-83AD-4427-A899-3736446AF38D}.Release|x64.Build.0 = Release|x64
		{DF94ED52-83AD-4427-A899-3736446AF38D}.Release|x86.ActiveCfg = Release|Win32
		{DF94ED52-83AD-4427-A899-3736446AF38D}.Release|x86.Build.0 = Release|Win32
		{7FA2A28B-9EE9-42D8-8B5A-3D46F64F246A}.Debug|x64.ActiveCfg = Debug|x64
		{7FA2A28B-9EE9-42D8-8B5A-3D46F64F246A}.Debug|x64.Build.0 = Debug|x64
		{7FA2A28B-9EE9-42D8-8B5A-3D46F64F246A}.Debug|x86.ActiveCfg = Debug|Win32
		{7FA2A28B-9EE9-42D8-8B5A-3D46F64F246A}.Debug|x86.Build.0 = Debug|Win32
		{7FA2A28B-9EE9-42D8-8B5A-3D46F64F246A}.Release|x64.ActiveCfg = Release|x64
		{7FA2A28B-9EE9-42D8-8B5A-3D46F64F246A}.Release|x64.Build.0 = Release|x64
		{7FA2A28B-9EE9-42D8-8B5A-3D46F64F246A}.Release|x86.ActiveCfg = Release|Win32
		{7FA2A28B-9EE9-42D8-8B5A-3D46F64F246A}.Release|x86.Build.0 = Release|Win32
		{AD10B646-1213-46F6-A3E9-5749FECD9F20}.Debug|x64.ActiveCfg = Debug|x64
		{AD10B646-1213-46F6-A3E9-5749FECD9F20}.Debug|x64.Build.0 = Debug|x64
		{AD10B646-1213-46F6-A3E9-5749FECD9F20}.Debug|x86.ActiveCfg = Debug|Win32
		{AD10B646-1213-46F6-A3E9-5749FECD9F20}.Debug|x86.Build.0 = Debug|Win32
		{AD10B646-1213-46F6-A3E9-5749FECD9F20}.Release|x64.ActiveCfg = Release|x64
		{AD10B646-1213-46F6-A3E9-5749FECD9F20}.Release|x64.Build.0 = Release|x64
		{AD10B646-1213-46F6-A3E9-5749FECD9F20}.Release|x86.ActiveCfg = Release|Win32
		{AD10B646-1213-46F6-A3E9-5749FECD9F20}.Release|x86.Build.0 = Release|Win32
		{9919E04C-3891-4557-8A25-7013DCA3A5C8}.Debug|x64.ActiveCfg = Debug|x64
		{9919E04C-3891-4557-8A25-7013DCA3A5C8}.Debug|x64.Build.0 = Debug|x64
		{9919E04C-3891-4557-8A25-7013DCA3A5C8}.Debug|x86.ActiveCfg = Debug|Win32
		{9919E04C-3891-4557-8A25-7013DCA3A5C8}.Debug|x86.Build.0 = Debug|Win32
		{9919E04C-3891-4557-8A25-7013DCA3A5C8}.Release|x64.ActiveCfg = Release|x64
		{9919E04C-3891-4557-8A25-7013DCA3A5C8}.Release|x64.Build.0 = Release|x64
		{9919E04C-3891-4557-8A25-7013DCA3A5C8}.Release|x86.ActiveCfg = Release|Win32
		{9919E04C-3891-4557-8A25-7013DCA3A5C8}.Release|x86.Build.0 = Release|Win32
		{E720E406-FC77-47D1-9B23-B941AC73F479}.Debug|x64.ActiveCfg = Debug|x64
		{E720E406-FC77-47D1-9B23-B941AC73F479}.Debug|x64.Build.0 = Debug|x64
		{E720E406-FC77-47D1-9B23-B941AC73F479}.Debug|x86.ActiveCfg = Debug|Win32
		{E720E406-FC77-47D1-9B23-B941AC73F479}.Debug|x86.Build.0 = Debug|Win32
		{E720E406-FC77-47D1-9B23-B941AC73F479}.Release|x64.ActiveCfg = Release|x64
		{E720E406-FC77-47D1-9B23-B941AC73F479}.Release|x64.Build.0 = Release|x64
		{E720E406-FC77-47D1-9B23-B941AC73F479}.Release|x86.ActiveCfg = Release|Win32
		{E720E406-FC77-47D1-9B23-B941AC73F479}.Release|x86.Build.0 = Release|Win32
		{FFD0E5C8-C3DA-4AED-AD88-B38E22A71437}.Debug|x64.ActiveCfg = Debug|x64
		{FFD0E5C8-C3DA-4AED-AD88-B38E22A71437}.Debug|x64.Build.0 = Debug|x64
		{FFD0E5C8-C3DA-4AED-AD88-B38E22A71437}.Debug|x86.ActiveCfg = Debug|Win32
		{FFD0E5C8-C3DA-4AED-AD88-B38E22A71437}.Debug|x86.Build.0 = Debug|Win32
		{FFD0E5C8-C3DA-4AED-AD88-B38E22A71437}.Release|x64.ActiveCfg = Release|x64
		{FFD0E5C8-C3DA-4AED-AD88-B38E22A71437}.Release|x64.Build.0 = Release|x64
		{FFD0E5C8-C3DA-4AED-AD88-B38E22A71437}.Release|x86.ActiveCfg = Release|Win32
		{FFD0E5C8-C3DA-4AED-AD88-B38E22A71437}.Release|x86.Build.0 = Release|Win32
		{DA30CEF6-C3F2-4C0C-B544-F13BAEA4183B}.Debug|x64.ActiveCfg = Debug|x64
		{DA30CEF6-C3F2-4C0C-B544-F13BAEA4183B}.Debug|x64.Build.0 = Debug|x64
		{DA30CEF6-C3F2-4C0C-B544-F13BAEA4183B}.Debug|x86.ActiveCfg = Debug|Win32
		{DA30CEF6-C3F2-4C0C-B544-F13BAEA4183B}.Debug|x86.Build.0 = Debug|Win32
		{DA30CEF6-C3F2-4C0C-B544-F13BAEA4183B}.Release|x64.ActiveCfg = Release|x64
		{DA30CEF6-C3F2-4C0C-B544-F13BAEA4183B}.Release|x64.Build.0 = Release|x64
		{DA30CEF6-C3F2-4C0C-B544-F13BAEA4183B}.Release|x86.ActiveCfg = Release|Win32
		{DA30CEF6-C3F2-4C0C-B544-F13BAEA4183B}.Release|x86.Build.0 = Release|Win32
		{B964545D-FFFB-4D29-9A28-E10B85D327FF}.Debug|x64.ActiveCfg = Debug|x64
		{B964545D-FFFB-4D29-9A28-E10B85D327FF}.Debug|x64.Build.0 = Debug|x64
		{B964545D-FFFB-4D29-9A28-E10B85D327FF}.Debug|x86.ActiveCfg = Debug|Win32
		{B964545D-FFFB-4D29-9A28-E10B85D327FF}.Debug|x86.Build.0 = Debug|Win32
		{B964545D-FFFB-4D29-9A28-E10B85D327FF}.Release|x64.ActiveCfg = Release|x64
		{B964545D-FFFB-4D29-9A28-E10B85D327FF}.Release|x64.Build.0 = Release|x64
		{B964545D-FFFB-4D29-9A28-E10B85D327FF}.Release|x86.ActiveCfg = Release|Win32
		{B964545D-FFFB-4D29-9A28-E10B85D327FF}.Release|x86.Build.0 = Release|Win32
		{4072A47E-99DA-4C2A-B55F-05D288BB89EE}.Debug|x64.ActiveCfg = Debug|x64
		{4072A47E-99DA-4C2A-B55F-05D288BB89EE}.Debug|x64.Build.0 = Debug|x64
		{4072A47E-99DA-4C2A-B55F-05D288BB89EE}.Debug|x86.ActiveCfg = Debug|Win32
		{4072A47E-99DA-4C2A-B55F-05D288BB89EE}.Debug|x86.Build.0 = Debug|Win32
		{4072A47E-99DA-4C2A-B55F-05D288BB89EE}.Release|x64.ActiveCfg = Release|x64
		{4072A47E-99DA-4C2A-B55F-05D288BB89EE}.Release|x64.Build.0 = Release|x64
		{4072A47E-99DA-4C2A-B55F-05D288BB89EE}.Release|x86.ActiveCfg = Release|Win32
		{4072A47E-99DA-4C2A-B55F-05D288BB89EE}.Release|x86.Build.0 = Release|Win32
		{8EF6D368-5A85-437C-AC0F-73AE6644C0F3}.Debug|x64.ActiveCfg = Debug|x64
		{8EF6D368-5A85-437C-AC0F-73AE6644C0F3}.Debug|x64.Build.0 = Debug|x64
		{8EF6D368-5A85-437C-AC0F-73AE6644C0F3}.Debug|x86.ActiveCfg = Debug|Win32
		{8EF6D368-5A85-437C-AC0F-73AE6644C0F3}.Debug|x86.Build.0 = Debug|Win32
		{8EF6D368-5A85-437C-AC0F-73AE6644C0F3}.Release|x64.ActiveCfg = Release|x64
		{8EF6D368-5A85-437C-AC0F-73AE6644C0F3}.Release|x64.Build.0 = Release|x64
		{8EF6D368-5A85-437C-AC0F-73AE6644C0F3}.Release|x86.ActiveCfg = Release|Win32
		{8EF6D368-5A85-437C-AC0F-73AE6644C0F3}.Release|x86.Build.0 = Release|Win32
		{D48B17EF-8DFB-41AC-97F2-0A9B7805A50B}.Debug|x64.ActiveCfg = Debug|x64
		{D48B17EF-8DFB-41AC-97F2-0A9B7805A50B}.Debug|x64.Build.0 = Debug|x64
		{D48B17EF-8DFB-41AC-97F2-0A9B7805A50B}.Debug|x86.ActiveCfg = Debug|Win32
		{D48B17EF-8DFB-41AC-97F2-0A9B7805A50B}.Debug|x86.Build.0 = Debug|Win32
		{D48B17EF-8DFB-41AC-97F2-0A9B7805A50B}.Release|x64.ActiveCfg = Release|x64
		{D48B17EF-8DFB-41AC-97F2-0A9B7805A50B}.Release|x64.Build.0 = Release|x64
		{D48B17EF-8DFB-41AC-97F2-0A9B7805A50B}.Release|x86.ActiveCfg = Release|Win32
		{D48B17EF-8DFB-41AC-97F2-0A9B7805A50B}.Release|x86.Build.0 = Release|Win32
		{6450D83E-C7D1-459B-AD44-4BC4CD2323E0}.Debug|x64.ActiveCfg = Debug|x64
		{6450D83E-C7D1-459B-AD44-4BC4CD2323E0}.Debug|x64.Build.0 = Debug|x64
		{6450D83E-C7D1-459B-AD44-4BC4CD2323E0}.Debug|x86.ActiveCfg = Debug|Win32
		{6450D83E-C7D1-459B-AD44-4BC4CD2323E0}.Debug|x86.Build.0 = Debug|Win32
		{6450D83E-C7D1-459B-AD44-4BC4CD2323E0}.Release|x64.ActiveCfg = Release|x64
		{6450D83E-C7D1-459B-AD44-4BC4CD2323E0}.Release|x64.Build.0 = Release|x64
		{6450D83E-C7D1-459B-AD44-4BC4CD2323E0}.Release|x86.ActiveCfg = Release|Win32
		{6450D83E-C7D1-459B-AD44-4BC4CD2323E0}.Release|x86.Build.0 = Release|Win32
		{5C973F83-BABC-4E77-9025-A83D5C342AAE}.Debug|x64.ActiveCfg = Debug|x64
		{5C973F83-BABC-4E77-9025-A83D5C342AAE}.Debug|x64.Build.0 = Debug|x64
		{5C973F83-BABC-4E77-9025-A83D5C342AAE}.Debug|x86.ActiveCfg = Debug|Win32
		{5C973F83-BABC-4E77-9025-A83D5C342AAE}.Debug|x86.Build.0 = Debug|Win32
		{5C973F83-BABC-4E77-9025-A83D5C342AAE}.Release|x64.ActiveCfg = Release|x64
		{5C973F83-BABC-4E77-9025-A83D5C342AAE}.Release|x64.Build.0 = Release|x64
		{5C973F83-BABC-4E77-9025-A83D5C342AAE}.Release|x86.ActiveCfg = Release|Win32
		{5C973F83-BABC-4E77-9025-A83D5C342AAE}.Release|x86.Build.0 = Release|Win32
		{54FC8AE3-CCEF-4A12-9592-EFF968B2644B}.Debug|x64.ActiveCfg = Debug|x64
		{54FC8AE3-CCEF-4A12-9592-EFF968B2644B}.Debug|x64.Build.0 = Debug|x64
		{54FC8AE3-CCEF-4A12-9592-EFF968B2644B}.Debug|x86.ActiveCfg = Debug|Win32
		{54FC8AE3-CCEF-4A12-9592-EFF968B2644B}.Debug|x86.Build.0 = Debug|Win32
		{54FC8AE3-CCEF-4A12-9592-EFF968B2644B}.Release|x64.ActiveCfg = Release|x64
		{54FC8AE3-CCEF-4A12-9592-EFF968B2644B}.Release|x64.Build.0 = Release|x64
		{54FC8AE3-CCEF-4A12-9592-EFF968B2644B}.Release|x86.ActiveCfg = Release|Win32
		{54FC8AE3-CCEF-4A12-9592-EFF968B2644B}.Release|x86.Build.0 = Release|Win32
		{2D908A25-A26F-4BE0-9190-F792D28C3803}.Debug|x64.ActiveCfg = Debug|x64
		{2D908A25-A26F-4BE0-9190-F792D28C3803}.Debug|x64.Build.0 = Debug|x64
		{2D908A25-A26F-4BE0-9190-F792D28C3803}.Debug|x86.ActiveCfg = Debug|Win32
		{2D908A25-A26F-4BE0-9190-F792D28C3803}.Debug|x86.Build.0 = Debug|Win32
		{2D908A25-A26F-4BE0-9190-F792D28C3803}.Release|x64.ActiveCfg = Release|x64
		{2D908A25-A26F-4BE0-9190-F792D28C3803}.Release|x64.Build.0 = Release|x64
		{2D908A25-A26F-4BE0-9190-F792D28C3803}.Release|x86.ActiveCfg = Release|Win32
		{2D908A25-A26F-4BE0-9190-F792D28C3803}.Release|x86.Build.0 = Release|Win32
		{165BAFE8-B377-44CB-B8A4-9972BDC5A414}.Debug|x64.ActiveCfg = Debug|x64
		{165BAFE8-B377-44CB-B8A4-9972BDC5A414}.Debug|x64.Build.0 = Debug|x64
		{165BAFE8-B377-44CB-B8A4-9972BDC5A414}.Debug|x86.ActiveCfg = Debug|Win32
		{165BAFE8-B377-44CB-B8A4-9972BDC5A414}.Debug|x86.Build.0 = Debug|Win32
		{165BAFE8-B377-44CB-B8A4-9972BDC5A414}.Release|x64.ActiveCfg = Release|x64
		{165BAFE8-B377-44CB-B8A4-9972BDC5A414}.Release|x64.Build.0 = Release|x64
		{165BAFE8-B377-44CB-B8A4-9972BDC5A414}.Release|x86.ActiveCfg = Release|Win32
		{165BAFE8-B377-44CB-B8A4-9972BDC5A414}.Release|x86.Build.0 = Release|Win32
		{E4621C09-F007-4399-A297-4F05E712424B}.Debug|x64.ActiveCfg = Debug|x64
		{E4621C09-F007-4399-A297-4F05E712424B}.Debug|x64.Build.0 = Debug|x64
		{E4621C09-F007-4399-A297-4F05E712424B}.Debug|x86.ActiveCfg = Debug|Win32
		{E4621C09-F007-4399-A297-4F05E712424B}.Debug|x86.Build.0 = Debug|Win32
		{E4621C09-F007-4399-A297-4F05E712424B}.Release|x64.ActiveCfg = Release|x64
		{E4621C09-F007-4399-A297-4F05E712424B}.Release|x64.Build.0 = Release|x64
		{E4621C09-F007-4399-A297-4F05E712424B}.Release|x86.ActiveCfg = Release|Win32
		{E4621C09-F007-4399-A297-4F05E712424B}.Release|x86.Build.0 = Release|Win32
		{19D9B382-8E6F-4D36-928C-2178B983A766}.Debug|x64.ActiveCfg = Debug|x64
		{19D9B382-8E6F-4D36-928C-2178B983A766}.Debug|x64.Build.0 = Debug|x64
		{19D9B382-8E6F-4D36-928C-2178B983A766}.Debug|x86.ActiveCfg = Debug|Win32
		{19D9B382-8E6F-4D36-928C-2178B983A766}.Debug|x86.Build.0 = Debug|Win32
		{19D9B382-8E6F-4D36-928C-2178B983A766}.Release|x64.ActiveCfg = Release|x64
		{19D9B382-8E6F-4D36-928C-2178B983A766}.Release|x64.Build.0 = Release|x64
		{19D9B382-8E6F-4D36-928C-2178B983A766}.Release|x86.ActiveCfg = Release|Win32
		{19D9B382-8E6F-4D36-928C-2178B983A766}.Release|x86.Build.0 = Release|Win32
		{B6356CEE-0C89-41E6-BE92-67D18F253A98}.Debug|x64.ActiveCfg = Debug|x64
		{B6356CEE-0C89-41E6-BE92-67D18F253A98}.Debug|x64.Build.0 = Debug|x64
		{B6356CEE-0C89-41E6-BE92-67D18F253A98}.Debug|x86.ActiveCfg = Debug|Win32
		{B6356CEE-0C89-41E6-BE92-67D18F253A98}.Debug|x86.Build.0 = Debug|Win32
		{B6356CEE-0C89-41E6-BE92-67D18F253A98}.Release|x64.ActiveCfg = Release|x64
		{B6356CEE-0C89-41E6-BE92-67D18F253A98}.Release|x64.Build.0 = Release|x64
		{B6356CEE-0C89-41E6-BE92-67D18F253A98}.Release|x86.ActiveCfg = Release|Win32
		{B6356CEE-0C89-41E6-BE92-67D18F253A98}.Release|x86.Build.0 = Release|Win32
		{456C2592-AF4D-4D34-BCCA-FC77B9A8459E}.Debug|x64.ActiveCfg = Debug|x64
		{456C2592-AF4D-4D34-BCCA-FC77B9A8459E}.Debug|x64.Build.0 = Debug|x64
		{456C2592-AF4D-4D34-BCCA-FC77B9A8459E}.Debug|x86.ActiveCfg = Debug|Win32
		{456C2592-AF4D-4D34-BCCA-FC77B9A8459E}.Debug|x86.Build.0 = Debug|Win32
		{456C2592-AF4D-4D34-BCCA-FC77B9A8459E}.Release|x64.ActiveCfg = Release|x64
		{456C2592-AF4D-4D34-BCCA-FC77B9A8459E}.Release|x64.Build.0 = Release|x64
		{456C2592-AF4D-4D34-BCCA-FC77B9A8459E}.Release|x86.ActiveCfg = Release|Win32
		{456C2592-AF4D-4D34-BCCA-FC77B9A8459E}.Release|x86.Build.0 = Release|Win32
		{8FFC6CEC-D6FE-495E-99C0-62357C2E0BD2}.Debug|x64.ActiveCfg = Debug|x64
		{8FFC6CEC-D6FE-495E-99C0-62357C2E0BD2}.Debug|x64.Build.0 = Debug|x64
		{8FFC6CEC-D6FE-495E-99C0-62357C2E0BD2}.Debug|x86.ActiveCfg = Debug|Win32
		{8FFC6CEC-D6FE-495E-99C0-62357C2E0BD2}.Debug|x86.Build.0 = Debug|Win32
		{8FFC6CEC-D6FE-495E-99C0-62357C2E0BD2}.Release|x64.ActiveCfg = Release|x64
		{8FFC6CEC-D6FE-495E-99C0-62357C2E0BD2}.Release|x64.Build.0 = Release|x64
		{8FFC6CEC-D6FE-495E-99C0-62357C2E0BD2}.Release|x86.ActiveCfg = Release|Win32
		{8FFC6CEC-D6FE-495E-99C0-62357C2E0BD2}.Release|x86.Build.0 = Release|Win32
		{FBA94E41-A7B6-42EE-8AFB-AB272D0D46EF}.Debug|x64.ActiveCfg = Debug|x64
		{FBA94E41-A7B6-42EE-8AFB-AB272D0D46EF}.Debug|x64.Build.0 = Debug|x64
		{FBA94E41-A7B6-42EE-8AFB-AB272D0D46EF}.Debug|x86.ActiveCfg = Debug|Win32
		{FBA94E41-A7B6-42EE-8AFB-AB272D0D46EF}.Debug|x86.Build.0 = Debug|Win32
		{FBA94E41-A7B6-42EE-8AFB-AB272D0D46EF}.Release|x64.ActiveCfg = Release|x64
		{FBA94E41-A7B6-42EE-8AFB-AB272D0D46EF}.Release|x64.Build.0 = Release|x64
		{FBA94E41-A7B6-42EE-8AFB-AB272D0D46EF}.Release|x86.ActiveCfg = Release|Win32
		{FBA94E41-A7B6-42EE-8AFB-AB272D0D46EF}.Release|x86.Build.0 = Release|Win32
		{4F536E91-2C4D-4BDC-B70A-BDE4A89D4FA8}.Debug|x64.ActiveCfg = Debug|x64
		{4F536E91-2C4D-4BDC-B70A-BDE4A89D4FA8}.Debug|x64.Build.0 = Debug|x64
		{4F536E91-2C4D-4BDC-B70A-BDE4A89D4FA8}.Debug|x86.ActiveCfg = Debug|Win32
		{4F536E91-2C4D-4BDC-B70A-BDE4A89D4FA8}.Debug|x86.Build.0 = Debug|Win32
		{4F536E91-2C4D-4BDC-B70A-BDE4A89D4FA8}.Release|x64.ActiveCfg = Release|x64
		{4F536E91-2C4D-4BDC-B70A-BDE4A89D4FA8}.Release|x64.Build.0 = Release|x64
		{4F536E91-2C4D-4BDC-B70A-BDE4A89D4FA8}.Release|x86.ActiveCfg = Release|Win32
		{4F536E91-2C4D-4BDC-B70A-BDE4A89D4FA8}.Release|x86.Build.0 = Release|Win32
		{705BA777-5EC7-42E1-A9F5-E31C103C6944}.Debug|x64.ActiveCfg = Debug|x64
		{705BA777-5EC7-42E1-A9F5-E31C103C6944}.Debug|x64.Build.0 = Debug|x64
		{705BA777-5EC7-42E1-A9F5-E31C103C6944}.Debug|x86.ActiveCfg = Debug|Win32
		{705BA777-5EC7-42E1-A9F5-E31C103C6944}.Debug|x86.Build.0 = Debug|Win32
		{705BA777-5EC7-42E1-A9F5-E31C103C6944}.Release|x64.ActiveCfg = Release|x64
		{705BA777-5EC7-42E1-A9F5-E31C103C6944}.Release|x64.Build.0 = Release|x64
		{705BA777-5EC7-42E1-A9F5-E31C103C6944}.Release|x86.ActiveCfg = Release|Win32
		{705BA777-5EC7-42E1-A9F5-E31C103C6944}.Release|x86.Build.0 = Release|Win32
		{4E57D80D-300D-4CE3-8ABC-F301549693C5}.Debug|x64.ActiveCfg = Debug|x64
		{4E57D80D-300D-4CE3-8ABC-F301549693C5}.Debug|x64.Build.0 = Debug|x64
		{4E57D80D-300D-4CE3-8ABC-F301549693C5}.Debug|x86.ActiveCfg = Debug|Win32
		{4E57D80D-300D-4CE3-8ABC-F301549693C5}.Debug|x86.Build.0 = Debug|Win32
		{4E57D80D-300D-4CE3-8ABC-F301549693C5}.Release|x64.ActiveCfg = Release|x64
		{4E57D80D-300D-4CE3-8ABC-F301549693C5}.Release|x64.Build.0 = Release|x64
		{4E57D80D-300D-4CE3-8ABC-F301549693C5}.Release|x86.ActiveCfg = Release|Win32
		{4E57D80D-300D-4CE3-8ABC-F301549693C5}.Release|x86.Build.0 = Release|Win32
		{8C948888-C89E-4A67-959B-D87485521254}.Debug|x64.ActiveCfg = Debug|x64
		{8C948888-C89E-4A67-959B-D87485521254}.Debug|x64.Build.0 = Debug|x64
		{8C948888-C89E-4A67-959B-D87485521254}.Debug|x86.ActiveCfg = Debug|Win32
		{8C948888-C89E-4A67-959B-D87485521254}.Debug|x86.Build.0 = Debug|Win32
		{8C948888-C89E-4A67-959B-D87485521254}.Release|x64.ActiveCfg = Release|x64
		{8C948888-C89E-4A67-959B-D87485521254}.Release|x64.Build.0 = Release|x64
		{8C948888-C89E-4A67-959B-D87485521254}.Release|x86.ActiveCfg = Release|Win32
		{8C948888-C89E-4A67-959B-D87485521254}.Release|x86.Build.0 = Release|Win32
		{EEC99F10-3437-4769-953F-BBCA2F14AB3C}.Debug|x64.ActiveCfg = Debug|x64
		{EEC99F10-3437-4769-953F-BBCA2F14AB3C}.Debug|x64.Build.0 = Debug|x64
		{EEC99F10-3437-4769-953F-BBCA2F14AB3C}.Debug|x86.ActiveCfg = Debug|Win32
		{EEC99F10-3437-4769-953F-BBCA2F14AB3C}.Debug|x86.Build.0 = Debug|Win32
		{EEC99F10-3437-4769-953F-BBCA2F14AB3C}.Release|x64.ActiveCfg = Release|x64
		{EEC99F10-3437-4769-953F-BBCA2F14AB3C}.Release|x64.Build.0 = Release|x64
		{EEC99F10-3437-4769-953F-BBCA2F14AB3C}.Release|x86.ActiveCfg = Release|Win32
		{EEC99F10-3437-4769-953F-BBCA2F14AB3C}.Release|x86.Build.0 = Release|Win32
		{976CF6EB-F526-4205-B088-D0A9B2EAB60C}.Debug|x64.ActiveCfg = Debug|x64
		{976CF6EB-F526-4205-B088-D0A9B2EAB60C}.Debug|x64.Build.0 = Debug|x64
		{976CF6EB-F526-4205-B088-D0A9B2EAB60C}.Debug|x86.ActiveCfg = Debug|Win32
		{976CF6EB-F526-4205-B088-D0A9B2EAB60C}.Debug|x86.Build.0 = Debug|Win32
		{976CF6EB-F526-4205-B088-D0A9B2EAB60C}.Release|x64.ActiveCfg = Release|x64
		{976CF6EB-F526-4205-B088-D0A9B2EAB60C}.Release|x64.Build.0 = Release|x64
		{976CF6EB-F526-4205-B088-D0A9B2EAB60C}.Release|x86.ActiveCfg = Release|Win32
		{976CF6EB-F526-4205-B088-D0A9B2EAB60C}.Release|x86.Build.0 = Release|Win32
		{29A2D1B0-A606-4CE1-99B7-F9E1F9C10BDD}.Debug|x64.ActiveCfg = Debug|x64
		{29A2D1B0-A606-4CE1-99B7-F9E1F9C10BDD}.Debug|x64.Build.0 = Debug|x64
		{29A2D1B0-A606-4CE1-99B7-F9E1F9C10BDD}.Debug|x86.ActiveCfg = Debug|Win32
		{29A2D1B0-A606-4CE1-99B7-F9E1F9C10BDD}.Debug|x86.Build.0 = Debug|Win32
		{29A2D1B0-A606-4CE1-99B7-F9E1F9C10BDD}.Release|x64.ActiveCfg = Release|x64
		{29A2D1B0-A606-4CE1-99B7-F9E1F9C10BDD}.Release|x64.Build.0 = Release|x64
		{29A2D1B0-A606-4CE1-99B7-F9E1F9C10BDD}.Release|x86.ActiveCfg = Release|Win32
		{29A2D1B0-A606-4CE1-99B7-F9E1F9C10BDD}.Release|x86.Build.0 = Release|Win32
		{B9A86E33-607E-43F3-BE3D-AFAC0BC138E9}.Debug|x64.ActiveCfg = Debug|x64
		{B9A86E33-607E-43F3-BE3D-AFAC0BC138E9}.Debug|x64.Build.0 = Debug|x64
		{B9A86E33-607E-43F3-BE3D-AFAC0BC138E9}.Debug|x86.ActiveCfg = Debug|Win32
		{B9A86E33-607E-43F3-BE3D-AFAC0BC138E9}.Debug|x86.Build.0 = Debug|Win32
		{B9A86E33-607E-43F3-BE3D-AFAC0BC138E9}.Release|x64.ActiveCfg = Release|x64
		{B9A86E33-607E-43F3-BE3D-AFAC0BC138E9}.Release|x64.Build.0 = Release|x64
		{B9A86E33-607E-43F3-BE3D-AFAC0BC138E9}.Release|x86.ActiveCfg = Release|Win32
		{B9A86E33-607E-43F3-BE3D-AFAC0BC138E9}.Release|x86.Build.0 = Release|Win32
		{9036A4B2-3CBD-4FA2-91EE-99D59C5072EA}.Debug|x64.ActiveCfg = Debug|x64
		{9036A4B2-3CBD-4FA2-91EE-99D59C5072EA}.Debug|x64.Build.0 = Debug|x64
		{9036A4B2-3CBD-4FA2-91EE-99D59C5072EA}.Debug|x86.ActiveCfg = Debug|Win32
		{9036A4B2-3CBD-4FA2-91EE-99D59C5072EA}.Debug|x86.Build.0 = Debug|Win32
		{9036A4B2-3CBD-4FA2-91EE-99D59C5072EA}.Release|x64.ActiveCfg = Release|x64
		{9036A4B2-3CBD-4FA2-91EE-99D59C5072EA}.Release|x64.Build.0 = Release|x64
		{9036A4B2-3CBD-4FA2-91EE-99D59C5072EA}.Release|x86.ActiveCfg = Release|Win32
		{9036A4B2-3CBD-4FA2-91EE-99D59C5072EA}.Release|x86.Build.0 = Release|Win32
		{B46D2AD4-FBA7-4061-B474-077FFF24CA62}.Debug|x64.ActiveCfg = Debug|x64
		{B46D2AD4-FBA7-4061-B474-077FFF24CA62}.Debug|x64.Build.0 = Debug|x64
		{B46D2AD4-FBA7-4061-B474-077FFF24CA62}.Debug|x86.ActiveCfg = Debug|Win32
		{B46D2AD4-FBA7-4061-B474-077FFF24CA62}.Debug|x86.Build.0 = Debug|Win32
		{B46D2AD4-FBA7-4061-B474-077FFF24CA62}.Release|x64.ActiveCfg = Release|x64
		{B46D2AD4-FBA7-4061-B474-077FFF24CA62}.Release|x64.Build.0 = Release|x64
		{B46D2AD4-FBA7-4061-B474-077FFF24CA62}.Release|x86.ActiveCfg = Release|Win32
		{B46D2AD4-FBA7-4061-B474-077FFF24CA62}.Release|x86.Build.0 = Release|Win32
		{CB97A8E0-6888-406C-94D6-26FEF3395FB1}.Debug|x64.ActiveCfg = Debug|x64
		{CB97A8E0-6888-406C-94D6-26FEF3395FB1}.Debug|x64.Build.0 = Debug|x64
		{CB97A8E0-6888-406C-94D6-26FEF3395FB1}.Debug|x86.ActiveCfg = Debug|Win32
		{CB97A8E0-6888-406C-94D6-26FEF3395FB1}.Debug|x86.Build.0 = Debug|Win32
		{CB97A8E0-6888-406C-94D6-26FEF3395FB1}.Release|x64.ActiveCfg = Release|x64
		{CB97A8E0-6888-406C-94D6-26FEF3395FB1}.Release|x64.Build.0 = Release|x64
		{CB97A8E0-6888-406C-94D6-26FEF3395FB1}.Release|x86.ActiveCfg = Release|Win32
		{CB97A8E0-6888-406C-94D6-26FEF3395FB1}.Release|x86.Build.0 = Release|Win32
		{2B170B4B-4B35-4068-BD47-219A2367D60A}.Debug|x64.ActiveCfg = Debug|x64
		{2B170B4B-4B35-4068-BD47-219A2367D60A}.Debug|x64.Build.0 = Debug|x64
		{2B170B4B-4B35-4068-BD47-219A2367D60A}.Debug|x86.ActiveCfg = Debug|Win32
		{2B170B4B-4B35-4068-BD47-219A2367D60A}.Debug|x86.Build.0 = Debug|Win32
		{2B170B4B-4B35-4068-BD47-219A2367D60A}.Release|x64.ActiveCfg = Release|x64
		{2B170B4B-4B35-4068-BD47-219A2367D60A}.Release|x64.Build.0 = Release|x64
		{2B170B4B-4B35-4068-BD47-219A2367D60A}.Release|x86.ActiveCfg = Release|Win32
		{2B170B4B-4B35-4068-BD47-219A2367D60A}.Release|x86.Build.0 = Release|Win32
		{31D8A60C-29A9-4E83-82A7-9C8E6FAC61E8}.Debug|x64.ActiveCfg = Debug|x64
		{31D8A60C-29A9-4E83-82A7-9C8E6FAC61E8}.Debug|x64.Build.0 = Debug|x64
		{31D8A60C-29A9-4E83-82A7-9C8E6FAC61E8}.Debug|x86.ActiveCfg = Debug|Win32
		{31D8A60C-29A9-4E83-82A7-9C8E6FAC61E8}.Debug|x86.Build.0 = Debug|Win32
		{31D8A60C-29A9-4E83-82A7-9C8E6FAC61E8}.Release|x64.ActiveCfg = Release|x64
		{31D8A60C-29A9-4E83-82A7-9C8E6FAC61E8}.Release|x64.Build.0 = Release|x64
		{31D8A60C-29A9-4E83-82A7-9C8E6FAC61E8}.Release|x86.ActiveCfg = Release|Win32
		{31D8A60C-29A9-4E83-82A7-9C8E6FAC61E8}.Release|x86.Build.0 = Release|Win32
		{BE08780C-81D7-44DC-A50E-4947595A0A9F}.Debug|x64.ActiveCfg = Debug|x64
		{BE08780C-81D7-44DC-A50E-4947595A0A9F}.Debug|x64.Build.0 = Debug|x64
		{BE08780C-81D7-44DC-A50E-4947595A0A9F}.Debug|x86.ActiveCfg = Debug|Win32
		{BE08780C-81D7-44DC-A50E-4947595A0A9F}.Debug|x86.Build.0 = Debug|Win32
		{BE08780C-81D7-44DC-A50E-4947595A0A9F}.Release|x64.ActiveCfg = Release|x64
		{BE08780C-81D7-44DC-A50E-4947595A0A9F}.Release|x64.Build.0 = Release|x64
		{BE08780C-81D7-44DC-A50E-4947595A0A9F}.Release|x86.ActiveCfg = Release|Win32
		{BE08780C-81D7-44DC-A50E-4947595A0A9F}.Release|x86.Build.0 = Release|Win32
		{DF213606-EEF8-43CE-B8EC-70ABDE8F12D1}.Debug|x64.ActiveCfg = Debug|x64
		{DF213606-EEF8-43CE-B8EC-70ABDE8F12D1}.Debug|x64.Build.0 = Debug|x64
		{DF213606-EEF8-43CE-B8EC-70ABDE8F12D1}.Debug|x86.ActiveCfg = Debug|Win32
		{DF213606-EEF8-43CE-B8EC-70ABDE8F12D1}.Debug|x86.Build.0 = Debug|Win32
		{DF213606-EEF8-43CE-B8EC-70ABDE8F12D1}.Release|x64.ActiveCfg = Release|x64
		{DF213606-EEF8-43CE-B8EC-70ABDE8F12D1}.Release|x64.Build.0 = Release|x64
		{DF213606-EEF8-43CE-B8EC-70ABDE8F12D1}.Release|x86.ActiveCfg = Release|Win32
		{DF213606-EEF8-43CE-B8EC-70ABDE8F12D1}.Release|x86.Build.0 = Release|Win32
		{80FA87E9-6C49-40B8-A381-38E09430B05B}.Debug|x64.ActiveCfg = Debug|x64
		{80FA87E9-6C49-40B8-A381-38E09430B05B}.Debug|x64.Build.0 = Debug|x64
		{80FA87E9-6C49-40B8-A381-38E09430B05B}.Debug|x86.ActiveCfg = Debug|Win32
		{80FA87E9-6C49-40B8-A381-38E09430B05B}.Debug|x86.Build.0 = Debug|Win32
		{80FA87E9-6C49-40B8-A381-38E09430B05B}.Release|x64.ActiveCfg = Release|x64
		{80FA87E9-6C49-40B8-A381-38E09430B05B}.Release|x64.Build.0 = Release|x64
		{80FA87E9-6C49-40B8-A381-38E09430B05B}.Release|x86.ActiveCfg = Release|Win32
		{80FA87E9-6C49-40B8-A381-38E09430B05B}.Release|x86.Build.0 = Release|Win32
	EndGlobalSection
	GlobalSection(SolutionProperties) = preSolution
		HideSolutionNode = FALSE
	EndGlobalSection
	GlobalSection(ExtensibilityGlobals) = postSolution
		SolutionGuid = {46E2ACE2-CB85-4795-9ECD-09BE15D4BE5F}
	EndGlobalSection
EndGlobal
