
Microsoft Visual Studio Solution File, Format Version 12.00
# Visual Studio Version 17
VisualStudioVersion = 17.7.34031.279
MinimumVisualStudioVersion = 10.0.40219.1
Project("{8BC9CEB8-8B4A-11D0-8D11-00A0C91BC942}") = "Bai011", "Bai011\Bai011.vcxproj", "{E7F60F17-EE67-42A4-9ED8-7B9F52BB229C}"
EndProject
Project("{8BC9CEB8-8B4A-11D0-8D11-00A0C91BC942}") = "Bai016", "Bai016\Bai016.vcxproj", "{89464CBC-AE92-453A-8090-A9C8D4D43BA3}"
EndProject
Project("{8BC9CEB8-8B4A-11D0-8D11-00A0C91BC942}") = "Bai021", "Bai021\Bai021.vcxproj", "{5EF05932-6030-425F-8ADC-EE5460153464}"
EndProject
Project("{8BC9CEB8-8B4A-11D0-8D11-00A0C91BC942}") = "Bai001", "Bai001\Bai001.vcxproj", "{764C181B-C7EC-4510-AB79-4F56A92E4F44}"
EndProject
Project("{8BC9CEB8-8B4A-11D0-8D11-00A0C91BC942}") = "Bai006", "Bai006\Bai006.vcxproj", "{2E9BF51E-C250-442F-A90B-20F4439F1C4D}"
EndProject
Project("{8BC9CEB8-8B4A-11D0-8D11-00A0C91BC942}") = "Bai026", "Bai026\Bai026.vcxproj", "{ABBB98D4-EB82-401F-BD6E-0F409CFBC9C8}"
EndProject
Project("{8BC9CEB8-8B4A-11D0-8D11-00A0C91BC942}") = "Bai031", "Bai031\Bai031.vcxproj", "{4EDA635F-6F3B-4FFA-8AA4-A7CA90F8ABDB}"
EndProject
Project("{8BC9CEB8-8B4A-11D0-8D11-00A0C91BC942}") = "Bai036", "Bai036\Bai036.vcxproj", "{4E158598-8C29-4AA9-A983-37601E65251E}"
EndProject
Project("{8BC9CEB8-8B4A-11D0-8D11-00A0C91BC942}") = "Bai041", "Bai041\Bai041.vcxproj", "{EA22D318-427D-45F7-8828-B11239AFE6CE}"
EndProject
Project("{8BC9CEB8-8B4A-11D0-8D11-00A0C91BC942}") = "Bai046", "Bai046\Bai046.vcxproj", "{6876C6F1-B361-4BB4-B7F5-D23BAFD3C977}"
EndProject
Project("{8BC9CEB8-8B4A-11D0-8D11-00A0C91BC942}") = "Bai051", "Bai051\Bai051.vcxproj", "{5705AF78-8ADD-4A6A-A4D1-E959979C10AF}"
EndProject
Project("{8BC9CEB8-8B4A-11D0-8D11-00A0C91BC942}") = "Bai056", "Bai056\Bai056.vcxproj", "{B2B3A3BB-D27E-4F2C-94AE-46ADADB9106B}"
EndProject
Project("{8BC9CEB8-8B4A-11D0-8D11-00A0C91BC942}") = "Bai061", "Bai061\Bai061.vcxproj", "{B770EC15-0C2B-4C58-8DEA-73C84978E6FE}"
EndProject
Project("{8BC9CEB8-8B4A-11D0-8D11-00A0C91BC942}") = "Bai066", "Bai066\Bai066.vcxproj", "{9DD5D4A4-7B09-444F-85C8-D7E3A5C63440}"
EndProject
Project("{8BC9CEB8-8B4A-11D0-8D11-00A0C91BC942}") = "Bai071", "Bai071\Bai071.vcxproj", "{C0F85734-A4E4-406F-85FC-5F308A6B94D7}"
EndProject
Project("{8BC9CEB8-8B4A-11D0-8D11-00A0C91BC942}") = "Bai076", "Bai076\Bai076.vcxproj", "{392F18AE-DF47-45D5-9916-27CD0C1F7948}"
EndProject
Project("{8BC9CEB8-8B4A-11D0-8D11-00A0C91BC942}") = "Bai081", "Bai081\Bai081.vcxproj", "{2D11BC77-CDE3-49F5-9979-F2A793DA22C2}"
EndProject
Project("{8BC9CEB8-8B4A-11D0-8D11-00A0C91BC942}") = "Bai086", "Bai086\Bai086.vcxproj", "{BB671145-A029-480B-8A7B-36496FFBA2BD}"
EndProject
Project("{8BC9CEB8-8B4A-11D0-8D11-00A0C91BC942}") = "Bai091", "Bai091\Bai091.vcxproj", "{5AF1FC38-AC8E-4EE3-A7B7-30B760F63E05}"
EndProject
Project("{8BC9CEB8-8B4A-11D0-8D11-00A0C91BC942}") = "Bai096", "Bai096\Bai096.vcxproj", "{A746EA49-8EAF-44C4-8B47-0F7CE50B3546}"
EndProject
Project("{8BC9CEB8-8B4A-11D0-8D11-00A0C91BC942}") = "Bai101", "Bai101\Bai101.vcxproj", "{FFD76A4E-F4A1-4F70-AED9-C7703349C1C3}"
EndProject
Project("{8BC9CEB8-8B4A-11D0-8D11-00A0C91BC942}") = "Bai106", "Bai106\Bai106.vcxproj", "{B0084244-9F0E-4036-B28B-98CAC132940F}"
EndProject
Project("{8BC9CEB8-8B4A-11D0-8D11-00A0C91BC942}") = "Bai111", "Bai111\Bai111.vcxproj", "{1A8A22EC-F57D-4895-9390-6BEEBC81A3DB}"
EndProject
Project("{8BC9CEB8-8B4A-11D0-8D11-00A0C91BC942}") = "Bai116", "Bai116\Bai116.vcxproj", "{79584762-E04E-4E10-B51E-4D8B533F2754}"
EndProject
Project("{8BC9CEB8-8B4A-11D0-8D11-00A0C91BC942}") = "Bai121", "Bai121\Bai121.vcxproj", "{F8F8C55F-5E12-41EE-A484-E5C058AB1F59}"
EndProject
Project("{8BC9CEB8-8B4A-11D0-8D11-00A0C91BC942}") = "Bai126", "Bai126\Bai126.vcxproj", "{17721B1E-FE71-49F6-B0D4-D9FA13709E38}"
EndProject
Project("{8BC9CEB8-8B4A-11D0-8D11-00A0C91BC942}") = "Bai131", "Bai131\Bai131.vcxproj", "{E6881259-8D4D-40CE-AA64-4E3C7AACEB0C}"
EndProject
Project("{8BC9CEB8-8B4A-11D0-8D11-00A0C91BC942}") = "Bai136", "Bai136\Bai136.vcxproj", "{01538C2B-DE9D-44DB-A5AB-73599D85B517}"
EndProject
Project("{8BC9CEB8-8B4A-11D0-8D11-00A0C91BC942}") = "Bai141", "Bai141\Bai141.vcxproj", "{6EAFD381-DD8C-40FE-8A9E-05D73AFEB607}"
EndProject
Project("{8BC9CEB8-8B4A-11D0-8D11-00A0C91BC942}") = "Bai146", "Bai146\Bai146.vcxproj", "{4B49B15D-FD0B-4B2E-BA00-D0C273A6B105}"
EndProject
Project("{8BC9CEB8-8B4A-11D0-8D11-00A0C91BC942}") = "Bai151", "Bai151\Bai151.vcxproj", "{2E8134EF-0EA2-4681-8FAF-371B682DD5F8}"
EndProject
Project("{8BC9CEB8-8B4A-11D0-8D11-00A0C91BC942}") = "Bai156", "Bai156\Bai156.vcxproj", "{145EEAB3-92EF-436A-9165-E0763053CAC0}"
EndProject
Project("{8BC9CEB8-8B4A-11D0-8D11-00A0C91BC942}") = "Bai161", "Bai161\Bai161.vcxproj", "{35D0DFBB-BAA7-4221-9D41-5E6C60AF951B}"
EndProject
Project("{8BC9CEB8-8B4A-11D0-8D11-00A0C91BC942}") = "Bai166", "Bai166\Bai166.vcxproj", "{D15005B2-8E25-4703-B39A-D1354E9AC8C9}"
EndProject
Project("{8BC9CEB8-8B4A-11D0-8D11-00A0C91BC942}") = "Bai171", "Bai171\Bai171.vcxproj", "{A0C8AD65-5A04-47B7-82AC-704126D05B18}"
EndProject
Project("{8BC9CEB8-8B4A-11D0-8D11-00A0C91BC942}") = "Bai176", "Bai176\Bai176.vcxproj", "{E490BF53-EA10-4E23-8363-AF54AB70BC49}"
EndProject
Project("{8BC9CEB8-8B4A-11D0-8D11-00A0C91BC942}") = "Bai181", "Bai181\Bai181.vcxproj", "{97F03F0D-2804-4F6F-956E-2357DA9961F4}"
EndProject
Project("{8BC9CEB8-8B4A-11D0-8D11-00A0C91BC942}") = "Bai186", "Bai186\Bai186.vcxproj", "{2259ECCF-C75C-4CCD-8B5B-D3A87D063596}"
EndProject
Global
	GlobalSection(SolutionConfigurationPlatforms) = preSolution
		Debug|x64 = Debug|x64
		Debug|x86 = Debug|x86
		Release|x64 = Release|x64
		Release|x86 = Release|x86
	EndGlobalSection
	GlobalSection(ProjectConfigurationPlatforms) = postSolution
		{E7F60F17-EE67-42A4-9ED8-7B9F52BB229C}.Debug|x64.ActiveCfg = Debug|x64
		{E7F60F17-EE67-42A4-9ED8-7B9F52BB229C}.Debug|x64.Build.0 = Debug|x64
		{E7F60F17-EE67-42A4-9ED8-7B9F52BB229C}.Debug|x86.ActiveCfg = Debug|Win32
		{E7F60F17-EE67-42A4-9ED8-7B9F52BB229C}.Debug|x86.Build.0 = Debug|Win32
		{E7F60F17-EE67-42A4-9ED8-7B9F52BB229C}.Release|x64.ActiveCfg = Release|x64
		{E7F60F17-EE67-42A4-9ED8-7B9F52BB229C}.Release|x64.Build.0 = Release|x64
		{E7F60F17-EE67-42A4-9ED8-7B9F52BB229C}.Release|x86.ActiveCfg = Release|Win32
		{E7F60F17-EE67-42A4-9ED8-7B9F52BB229C}.Release|x86.Build.0 = Release|Win32
		{89464CBC-AE92-453A-8090-A9C8D4D43BA3}.Debug|x64.ActiveCfg = Debug|x64
		{89464CBC-AE92-453A-8090-A9C8D4D43BA3}.Debug|x64.Build.0 = Debug|x64
		{89464CBC-AE92-453A-8090-A9C8D4D43BA3}.Debug|x86.ActiveCfg = Debug|Win32
		{89464CBC-AE92-453A-8090-A9C8D4D43BA3}.Debug|x86.Build.0 = Debug|Win32
		{89464CBC-AE92-453A-8090-A9C8D4D43BA3}.Release|x64.ActiveCfg = Release|x64
		{89464CBC-AE92-453A-8090-A9C8D4D43BA3}.Release|x64.Build.0 = Release|x64
		{89464CBC-AE92-453A-8090-A9C8D4D43BA3}.Release|x86.ActiveCfg = Release|Win32
		{89464CBC-AE92-453A-8090-A9C8D4D43BA3}.Release|x86.Build.0 = Release|Win32
		{5EF05932-6030-425F-8ADC-EE5460153464}.Debug|x64.ActiveCfg = Debug|x64
		{5EF05932-6030-425F-8ADC-EE5460153464}.Debug|x64.Build.0 = Debug|x64
		{5EF05932-6030-425F-8ADC-EE5460153464}.Debug|x86.ActiveCfg = Debug|Win32
		{5EF05932-6030-425F-8ADC-EE5460153464}.Debug|x86.Build.0 = Debug|Win32
		{5EF05932-6030-425F-8ADC-EE5460153464}.Release|x64.ActiveCfg = Release|x64
		{5EF05932-6030-425F-8ADC-EE5460153464}.Release|x64.Build.0 = Release|x64
		{5EF05932-6030-425F-8ADC-EE5460153464}.Release|x86.ActiveCfg = Release|Win32
		{5EF05932-6030-425F-8ADC-EE5460153464}.Release|x86.Build.0 = Release|Win32
		{764C181B-C7EC-4510-AB79-4F56A92E4F44}.Debug|x64.ActiveCfg = Debug|x64
		{764C181B-C7EC-4510-AB79-4F56A92E4F44}.Debug|x64.Build.0 = Debug|x64
		{764C181B-C7EC-4510-AB79-4F56A92E4F44}.Debug|x86.ActiveCfg = Debug|Win32
		{764C181B-C7EC-4510-AB79-4F56A92E4F44}.Debug|x86.Build.0 = Debug|Win32
		{764C181B-C7EC-4510-AB79-4F56A92E4F44}.Release|x64.ActiveCfg = Release|x64
		{764C181B-C7EC-4510-AB79-4F56A92E4F44}.Release|x64.Build.0 = Release|x64
		{764C181B-C7EC-4510-AB79-4F56A92E4F44}.Release|x86.ActiveCfg = Release|Win32
		{764C181B-C7EC-4510-AB79-4F56A92E4F44}.Release|x86.Build.0 = Release|Win32
		{2E9BF51E-C250-442F-A90B-20F4439F1C4D}.Debug|x64.ActiveCfg = Debug|x64
		{2E9BF51E-C250-442F-A90B-20F4439F1C4D}.Debug|x64.Build.0 = Debug|x64
		{2E9BF51E-C250-442F-A90B-20F4439F1C4D}.Debug|x86.ActiveCfg = Debug|Win32
		{2E9BF51E-C250-442F-A90B-20F4439F1C4D}.Debug|x86.Build.0 = Debug|Win32
		{2E9BF51E-C250-442F-A90B-20F4439F1C4D}.Release|x64.ActiveCfg = Release|x64
		{2E9BF51E-C250-442F-A90B-20F4439F1C4D}.Release|x64.Build.0 = Release|x64
		{2E9BF51E-C250-442F-A90B-20F4439F1C4D}.Release|x86.ActiveCfg = Release|Win32
		{2E9BF51E-C250-442F-A90B-20F4439F1C4D}.Release|x86.Build.0 = Release|Win32
		{ABBB98D4-EB82-401F-BD6E-0F409CFBC9C8}.Debug|x64.ActiveCfg = Debug|x64
		{ABBB98D4-EB82-401F-BD6E-0F409CFBC9C8}.Debug|x64.Build.0 = Debug|x64
		{ABBB98D4-EB82-401F-BD6E-0F409CFBC9C8}.Debug|x86.ActiveCfg = Debug|Win32
		{ABBB98D4-EB82-401F-BD6E-0F409CFBC9C8}.Debug|x86.Build.0 = Debug|Win32
		{ABBB98D4-EB82-401F-BD6E-0F409CFBC9C8}.Release|x64.ActiveCfg = Release|x64
		{ABBB98D4-EB82-401F-BD6E-0F409CFBC9C8}.Release|x64.Build.0 = Release|x64
		{ABBB98D4-EB82-401F-BD6E-0F409CFBC9C8}.Release|x86.ActiveCfg = Release|Win32
		{ABBB98D4-EB82-401F-BD6E-0F409CFBC9C8}.Release|x86.Build.0 = Release|Win32
		{4EDA635F-6F3B-4FFA-8AA4-A7CA90F8ABDB}.Debug|x64.ActiveCfg = Debug|x64
		{4EDA635F-6F3B-4FFA-8AA4-A7CA90F8ABDB}.Debug|x64.Build.0 = Debug|x64
		{4EDA635F-6F3B-4FFA-8AA4-A7CA90F8ABDB}.Debug|x86.ActiveCfg = Debug|Win32
		{4EDA635F-6F3B-4FFA-8AA4-A7CA90F8ABDB}.Debug|x86.Build.0 = Debug|Win32
		{4EDA635F-6F3B-4FFA-8AA4-A7CA90F8ABDB}.Release|x64.ActiveCfg = Release|x64
		{4EDA635F-6F3B-4FFA-8AA4-A7CA90F8ABDB}.Release|x64.Build.0 = Release|x64
		{4EDA635F-6F3B-4FFA-8AA4-A7CA90F8ABDB}.Release|x86.ActiveCfg = Release|Win32
		{4EDA635F-6F3B-4FFA-8AA4-A7CA90F8ABDB}.Release|x86.Build.0 = Release|Win32
		{4E158598-8C29-4AA9-A983-37601E65251E}.Debug|x64.ActiveCfg = Debug|x64
		{4E158598-8C29-4AA9-A983-37601E65251E}.Debug|x64.Build.0 = Debug|x64
		{4E158598-8C29-4AA9-A983-37601E65251E}.Debug|x86.ActiveCfg = Debug|Win32
		{4E158598-8C29-4AA9-A983-37601E65251E}.Debug|x86.Build.0 = Debug|Win32
		{4E158598-8C29-4AA9-A983-37601E65251E}.Release|x64.ActiveCfg = Release|x64
		{4E158598-8C29-4AA9-A983-37601E65251E}.Release|x64.Build.0 = Release|x64
		{4E158598-8C29-4AA9-A983-37601E65251E}.Release|x86.ActiveCfg = Release|Win32
		{4E158598-8C29-4AA9-A983-37601E65251E}.Release|x86.Build.0 = Release|Win32
		{EA22D318-427D-45F7-8828-B11239AFE6CE}.Debug|x64.ActiveCfg = Debug|x64
		{EA22D318-427D-45F7-8828-B11239AFE6CE}.Debug|x64.Build.0 = Debug|x64
		{EA22D318-427D-45F7-8828-B11239AFE6CE}.Debug|x86.ActiveCfg = Debug|Win32
		{EA22D318-427D-45F7-8828-B11239AFE6CE}.Debug|x86.Build.0 = Debug|Win32
		{EA22D318-427D-45F7-8828-B11239AFE6CE}.Release|x64.ActiveCfg = Release|x64
		{EA22D318-427D-45F7-8828-B11239AFE6CE}.Release|x64.Build.0 = Release|x64
		{EA22D318-427D-45F7-8828-B11239AFE6CE}.Release|x86.ActiveCfg = Release|Win32
		{EA22D318-427D-45F7-8828-B11239AFE6CE}.Release|x86.Build.0 = Release|Win32
		{6876C6F1-B361-4BB4-B7F5-D23BAFD3C977}.Debug|x64.ActiveCfg = Debug|x64
		{6876C6F1-B361-4BB4-B7F5-D23BAFD3C977}.Debug|x64.Build.0 = Debug|x64
		{6876C6F1-B361-4BB4-B7F5-D23BAFD3C977}.Debug|x86.ActiveCfg = Debug|Win32
		{6876C6F1-B361-4BB4-B7F5-D23BAFD3C977}.Debug|x86.Build.0 = Debug|Win32
		{6876C6F1-B361-4BB4-B7F5-D23BAFD3C977}.Release|x64.ActiveCfg = Release|x64
		{6876C6F1-B361-4BB4-B7F5-D23BAFD3C977}.Release|x64.Build.0 = Release|x64
		{6876C6F1-B361-4BB4-B7F5-D23BAFD3C977}.Release|x86.ActiveCfg = Release|Win32
		{6876C6F1-B361-4BB4-B7F5-D23BAFD3C977}.Release|x86.Build.0 = Release|Win32
		{5705AF78-8ADD-4A6A-A4D1-E959979C10AF}.Debug|x64.ActiveCfg = Debug|x64
		{5705AF78-8ADD-4A6A-A4D1-E959979C10AF}.Debug|x64.Build.0 = Debug|x64
		{5705AF78-8ADD-4A6A-A4D1-E959979C10AF}.Debug|x86.ActiveCfg = Debug|Win32
		{5705AF78-8ADD-4A6A-A4D1-E959979C10AF}.Debug|x86.Build.0 = Debug|Win32
		{5705AF78-8ADD-4A6A-A4D1-E959979C10AF}.Release|x64.ActiveCfg = Release|x64
		{5705AF78-8ADD-4A6A-A4D1-E959979C10AF}.Release|x64.Build.0 = Release|x64
		{5705AF78-8ADD-4A6A-A4D1-E959979C10AF}.Release|x86.ActiveCfg = Release|Win32
		{5705AF78-8ADD-4A6A-A4D1-E959979C10AF}.Release|x86.Build.0 = Release|Win32
		{B2B3A3BB-D27E-4F2C-94AE-46ADADB9106B}.Debug|x64.ActiveCfg = Debug|x64
		{B2B3A3BB-D27E-4F2C-94AE-46ADADB9106B}.Debug|x64.Build.0 = Debug|x64
		{B2B3A3BB-D27E-4F2C-94AE-46ADADB9106B}.Debug|x86.ActiveCfg = Debug|Win32
		{B2B3A3BB-D27E-4F2C-94AE-46ADADB9106B}.Debug|x86.Build.0 = Debug|Win32
		{B2B3A3BB-D27E-4F2C-94AE-46ADADB9106B}.Release|x64.ActiveCfg = Release|x64
		{B2B3A3BB-D27E-4F2C-94AE-46ADADB9106B}.Release|x64.Build.0 = Release|x64
		{B2B3A3BB-D27E-4F2C-94AE-46ADADB9106B}.Release|x86.ActiveCfg = Release|Win32
		{B2B3A3BB-D27E-4F2C-94AE-46ADADB9106B}.Release|x86.Build.0 = Release|Win32
		{B770EC15-0C2B-4C58-8DEA-73C84978E6FE}.Debug|x64.ActiveCfg = Debug|x64
		{B770EC15-0C2B-4C58-8DEA-73C84978E6FE}.Debug|x64.Build.0 = Debug|x64
		{B770EC15-0C2B-4C58-8DEA-73C84978E6FE}.Debug|x86.ActiveCfg = Debug|Win32
		{B770EC15-0C2B-4C58-8DEA-73C84978E6FE}.Debug|x86.Build.0 = Debug|Win32
		{B770EC15-0C2B-4C58-8DEA-73C84978E6FE}.Release|x64.ActiveCfg = Release|x64
		{B770EC15-0C2B-4C58-8DEA-73C84978E6FE}.Release|x64.Build.0 = Release|x64
		{B770EC15-0C2B-4C58-8DEA-73C84978E6FE}.Release|x86.ActiveCfg = Release|Win32
		{B770EC15-0C2B-4C58-8DEA-73C84978E6FE}.Release|x86.Build.0 = Release|Win32
		{9DD5D4A4-7B09-444F-85C8-D7E3A5C63440}.Debug|x64.ActiveCfg = Debug|x64
		{9DD5D4A4-7B09-444F-85C8-D7E3A5C63440}.Debug|x64.Build.0 = Debug|x64
		{9DD5D4A4-7B09-444F-85C8-D7E3A5C63440}.Debug|x86.ActiveCfg = Debug|Win32
		{9DD5D4A4-7B09-444F-85C8-D7E3A5C63440}.Debug|x86.Build.0 = Debug|Win32
		{9DD5D4A4-7B09-444F-85C8-D7E3A5C63440}.Release|x64.ActiveCfg = Release|x64
		{9DD5D4A4-7B09-444F-85C8-D7E3A5C63440}.Release|x64.Build.0 = Release|x64
		{9DD5D4A4-7B09-444F-85C8-D7E3A5C63440}.Release|x86.ActiveCfg = Release|Win32
		{9DD5D4A4-7B09-444F-85C8-D7E3A5C63440}.Release|x86.Build.0 = Release|Win32
		{C0F85734-A4E4-406F-85FC-5F308A6B94D7}.Debug|x64.ActiveCfg = Debug|x64
		{C0F85734-A4E4-406F-85FC-5F308A6B94D7}.Debug|x64.Build.0 = Debug|x64
		{C0F85734-A4E4-406F-85FC-5F308A6B94D7}.Debug|x86.ActiveCfg = Debug|Win32
		{C0F85734-A4E4-406F-85FC-5F308A6B94D7}.Debug|x86.Build.0 = Debug|Win32
		{C0F85734-A4E4-406F-85FC-5F308A6B94D7}.Release|x64.ActiveCfg = Release|x64
		{C0F85734-A4E4-406F-85FC-5F308A6B94D7}.Release|x64.Build.0 = Release|x64
		{C0F85734-A4E4-406F-85FC-5F308A6B94D7}.Release|x86.ActiveCfg = Release|Win32
		{C0F85734-A4E4-406F-85FC-5F308A6B94D7}.Release|x86.Build.0 = Release|Win32
		{392F18AE-DF47-45D5-9916-27CD0C1F7948}.Debug|x64.ActiveCfg = Debug|x64
		{392F18AE-DF47-45D5-9916-27CD0C1F7948}.Debug|x64.Build.0 = Debug|x64
		{392F18AE-DF47-45D5-9916-27CD0C1F7948}.Debug|x86.ActiveCfg = Debug|Win32
		{392F18AE-DF47-45D5-9916-27CD0C1F7948}.Debug|x86.Build.0 = Debug|Win32
		{392F18AE-DF47-45D5-9916-27CD0C1F7948}.Release|x64.ActiveCfg = Release|x64
		{392F18AE-DF47-45D5-9916-27CD0C1F7948}.Release|x64.Build.0 = Release|x64
		{392F18AE-DF47-45D5-9916-27CD0C1F7948}.Release|x86.ActiveCfg = Release|Win32
		{392F18AE-DF47-45D5-9916-27CD0C1F7948}.Release|x86.Build.0 = Release|Win32
		{2D11BC77-CDE3-49F5-9979-F2A793DA22C2}.Debug|x64.ActiveCfg = Debug|x64
		{2D11BC77-CDE3-49F5-9979-F2A793DA22C2}.Debug|x64.Build.0 = Debug|x64
		{2D11BC77-CDE3-49F5-9979-F2A793DA22C2}.Debug|x86.ActiveCfg = Debug|Win32
		{2D11BC77-CDE3-49F5-9979-F2A793DA22C2}.Debug|x86.Build.0 = Debug|Win32
		{2D11BC77-CDE3-49F5-9979-F2A793DA22C2}.Release|x64.ActiveCfg = Release|x64
		{2D11BC77-CDE3-49F5-9979-F2A793DA22C2}.Release|x64.Build.0 = Release|x64
		{2D11BC77-CDE3-49F5-9979-F2A793DA22C2}.Release|x86.ActiveCfg = Release|Win32
		{2D11BC77-CDE3-49F5-9979-F2A793DA22C2}.Release|x86.Build.0 = Release|Win32
		{BB671145-A029-480B-8A7B-36496FFBA2BD}.Debug|x64.ActiveCfg = Debug|x64
		{BB671145-A029-480B-8A7B-36496FFBA2BD}.Debug|x64.Build.0 = Debug|x64
		{BB671145-A029-480B-8A7B-36496FFBA2BD}.Debug|x86.ActiveCfg = Debug|Win32
		{BB671145-A029-480B-8A7B-36496FFBA2BD}.Debug|x86.Build.0 = Debug|Win32
		{BB671145-A029-480B-8A7B-36496FFBA2BD}.Release|x64.ActiveCfg = Release|x64
		{BB671145-A029-480B-8A7B-36496FFBA2BD}.Release|x64.Build.0 = Release|x64
		{BB671145-A029-480B-8A7B-36496FFBA2BD}.Release|x86.ActiveCfg = Release|Win32
		{BB671145-A029-480B-8A7B-36496FFBA2BD}.Release|x86.Build.0 = Release|Win32
		{5AF1FC38-AC8E-4EE3-A7B7-30B760F63E05}.Debug|x64.ActiveCfg = Debug|x64
		{5AF1FC38-AC8E-4EE3-A7B7-30B760F63E05}.Debug|x64.Build.0 = Debug|x64
		{5AF1FC38-AC8E-4EE3-A7B7-30B760F63E05}.Debug|x86.ActiveCfg = Debug|Win32
		{5AF1FC38-AC8E-4EE3-A7B7-30B760F63E05}.Debug|x86.Build.0 = Debug|Win32
		{5AF1FC38-AC8E-4EE3-A7B7-30B760F63E05}.Release|x64.ActiveCfg = Release|x64
		{5AF1FC38-AC8E-4EE3-A7B7-30B760F63E05}.Release|x64.Build.0 = Release|x64
		{5AF1FC38-AC8E-4EE3-A7B7-30B760F63E05}.Release|x86.ActiveCfg = Release|Win32
		{5AF1FC38-AC8E-4EE3-A7B7-30B760F63E05}.Release|x86.Build.0 = Release|Win32
		{A746EA49-8EAF-44C4-8B47-0F7CE50B3546}.Debug|x64.ActiveCfg = Debug|x64
		{A746EA49-8EAF-44C4-8B47-0F7CE50B3546}.Debug|x64.Build.0 = Debug|x64
		{A746EA49-8EAF-44C4-8B47-0F7CE50B3546}.Debug|x86.ActiveCfg = Debug|Win32
		{A746EA49-8EAF-44C4-8B47-0F7CE50B3546}.Debug|x86.Build.0 = Debug|Win32
		{A746EA49-8EAF-44C4-8B47-0F7CE50B3546}.Release|x64.ActiveCfg = Release|x64
		{A746EA49-8EAF-44C4-8B47-0F7CE50B3546}.Release|x64.Build.0 = Release|x64
		{A746EA49-8EAF-44C4-8B47-0F7CE50B3546}.Release|x86.ActiveCfg = Release|Win32
		{A746EA49-8EAF-44C4-8B47-0F7CE50B3546}.Release|x86.Build.0 = Release|Win32
		{FFD76A4E-F4A1-4F70-AED9-C7703349C1C3}.Debug|x64.ActiveCfg = Debug|x64
		{FFD76A4E-F4A1-4F70-AED9-C7703349C1C3}.Debug|x64.Build.0 = Debug|x64
		{FFD76A4E-F4A1-4F70-AED9-C7703349C1C3}.Debug|x86.ActiveCfg = Debug|Win32
		{FFD76A4E-F4A1-4F70-AED9-C7703349C1C3}.Debug|x86.Build.0 = Debug|Win32
		{FFD76A4E-F4A1-4F70-AED9-C7703349C1C3}.Release|x64.ActiveCfg = Release|x64
		{FFD76A4E-F4A1-4F70-AED9-C7703349C1C3}.Release|x64.Build.0 = Release|x64
		{FFD76A4E-F4A1-4F70-AED9-C7703349C1C3}.Release|x86.ActiveCfg = Release|Win32
		{FFD76A4E-F4A1-4F70-AED9-C7703349C1C3}.Release|x86.Build.0 = Release|Win32
		{B0084244-9F0E-4036-B28B-98CAC132940F}.Debug|x64.ActiveCfg = Debug|x64
		{B0084244-9F0E-4036-B28B-98CAC132940F}.Debug|x64.Build.0 = Debug|x64
		{B0084244-9F0E-4036-B28B-98CAC132940F}.Debug|x86.ActiveCfg = Debug|Win32
		{B0084244-9F0E-4036-B28B-98CAC132940F}.Debug|x86.Build.0 = Debug|Win32
		{B0084244-9F0E-4036-B28B-98CAC132940F}.Release|x64.ActiveCfg = Release|x64
		{B0084244-9F0E-4036-B28B-98CAC132940F}.Release|x64.Build.0 = Release|x64
		{B0084244-9F0E-4036-B28B-98CAC132940F}.Release|x86.ActiveCfg = Release|Win32
		{B0084244-9F0E-4036-B28B-98CAC132940F}.Release|x86.Build.0 = Release|Win32
		{1A8A22EC-F57D-4895-9390-6BEEBC81A3DB}.Debug|x64.ActiveCfg = Debug|x64
		{1A8A22EC-F57D-4895-9390-6BEEBC81A3DB}.Debug|x64.Build.0 = Debug|x64
		{1A8A22EC-F57D-4895-9390-6BEEBC81A3DB}.Debug|x86.ActiveCfg = Debug|Win32
		{1A8A22EC-F57D-4895-9390-6BEEBC81A3DB}.Debug|x86.Build.0 = Debug|Win32
		{1A8A22EC-F57D-4895-9390-6BEEBC81A3DB}.Release|x64.ActiveCfg = Release|x64
		{1A8A22EC-F57D-4895-9390-6BEEBC81A3DB}.Release|x64.Build.0 = Release|x64
		{1A8A22EC-F57D-4895-9390-6BEEBC81A3DB}.Release|x86.ActiveCfg = Release|Win32
		{1A8A22EC-F57D-4895-9390-6BEEBC81A3DB}.Release|x86.Build.0 = Release|Win32
		{79584762-E04E-4E10-B51E-4D8B533F2754}.Debug|x64.ActiveCfg = Debug|x64
		{79584762-E04E-4E10-B51E-4D8B533F2754}.Debug|x64.Build.0 = Debug|x64
		{79584762-E04E-4E10-B51E-4D8B533F2754}.Debug|x86.ActiveCfg = Debug|Win32
		{79584762-E04E-4E10-B51E-4D8B533F2754}.Debug|x86.Build.0 = Debug|Win32
		{79584762-E04E-4E10-B51E-4D8B533F2754}.Release|x64.ActiveCfg = Release|x64
		{79584762-E04E-4E10-B51E-4D8B533F2754}.Release|x64.Build.0 = Release|x64
		{79584762-E04E-4E10-B51E-4D8B533F2754}.Release|x86.ActiveCfg = Release|Win32
		{79584762-E04E-4E10-B51E-4D8B533F2754}.Release|x86.Build.0 = Release|Win32
		{F8F8C55F-5E12-41EE-A484-E5C058AB1F59}.Debug|x64.ActiveCfg = Debug|x64
		{F8F8C55F-5E12-41EE-A484-E5C058AB1F59}.Debug|x64.Build.0 = Debug|x64
		{F8F8C55F-5E12-41EE-A484-E5C058AB1F59}.Debug|x86.ActiveCfg = Debug|Win32
		{F8F8C55F-5E12-41EE-A484-E5C058AB1F59}.Debug|x86.Build.0 = Debug|Win32
		{F8F8C55F-5E12-41EE-A484-E5C058AB1F59}.Release|x64.ActiveCfg = Release|x64
		{F8F8C55F-5E12-41EE-A484-E5C058AB1F59}.Release|x64.Build.0 = Release|x64
		{F8F8C55F-5E12-41EE-A484-E5C058AB1F59}.Release|x86.ActiveCfg = Release|Win32
		{F8F8C55F-5E12-41EE-A484-E5C058AB1F59}.Release|x86.Build.0 = Release|Win32
		{17721B1E-FE71-49F6-B0D4-D9FA13709E38}.Debug|x64.ActiveCfg = Debug|x64
		{17721B1E-FE71-49F6-B0D4-D9FA13709E38}.Debug|x64.Build.0 = Debug|x64
		{17721B1E-FE71-49F6-B0D4-D9FA13709E38}.Debug|x86.ActiveCfg = Debug|Win32
		{17721B1E-FE71-49F6-B0D4-D9FA13709E38}.Debug|x86.Build.0 = Debug|Win32
		{17721B1E-FE71-49F6-B0D4-D9FA13709E38}.Release|x64.ActiveCfg = Release|x64
		{17721B1E-FE71-49F6-B0D4-D9FA13709E38}.Release|x64.Build.0 = Release|x64
		{17721B1E-FE71-49F6-B0D4-D9FA13709E38}.Release|x86.ActiveCfg = Release|Win32
		{17721B1E-FE71-49F6-B0D4-D9FA13709E38}.Release|x86.Build.0 = Release|Win32
		{E6881259-8D4D-40CE-AA64-4E3C7AACEB0C}.Debug|x64.ActiveCfg = Debug|x64
		{E6881259-8D4D-40CE-AA64-4E3C7AACEB0C}.Debug|x64.Build.0 = Debug|x64
		{E6881259-8D4D-40CE-AA64-4E3C7AACEB0C}.Debug|x86.ActiveCfg = Debug|Win32
		{E6881259-8D4D-40CE-AA64-4E3C7AACEB0C}.Debug|x86.Build.0 = Debug|Win32
		{E6881259-8D4D-40CE-AA64-4E3C7AACEB0C}.Release|x64.ActiveCfg = Release|x64
		{E6881259-8D4D-40CE-AA64-4E3C7AACEB0C}.Release|x64.Build.0 = Release|x64
		{E6881259-8D4D-40CE-AA64-4E3C7AACEB0C}.Release|x86.ActiveCfg = Release|Win32
		{E6881259-8D4D-40CE-AA64-4E3C7AACEB0C}.Release|x86.Build.0 = Release|Win32
		{01538C2B-DE9D-44DB-A5AB-73599D85B517}.Debug|x64.ActiveCfg = Debug|x64
		{01538C2B-DE9D-44DB-A5AB-73599D85B517}.Debug|x64.Build.0 = Debug|x64
		{01538C2B-DE9D-44DB-A5AB-73599D85B517}.Debug|x86.ActiveCfg = Debug|Win32
		{01538C2B-DE9D-44DB-A5AB-73599D85B517}.Debug|x86.Build.0 = Debug|Win32
		{01538C2B-DE9D-44DB-A5AB-73599D85B517}.Release|x64.ActiveCfg = Release|x64
		{01538C2B-DE9D-44DB-A5AB-73599D85B517}.Release|x64.Build.0 = Release|x64
		{01538C2B-DE9D-44DB-A5AB-73599D85B517}.Release|x86.ActiveCfg = Release|Win32
		{01538C2B-DE9D-44DB-A5AB-73599D85B517}.Release|x86.Build.0 = Release|Win32
		{6EAFD381-DD8C-40FE-8A9E-05D73AFEB607}.Debug|x64.ActiveCfg = Debug|x64
		{6EAFD381-DD8C-40FE-8A9E-05D73AFEB607}.Debug|x64.Build.0 = Debug|x64
		{6EAFD381-DD8C-40FE-8A9E-05D73AFEB607}.Debug|x86.ActiveCfg = Debug|Win32
		{6EAFD381-DD8C-40FE-8A9E-05D73AFEB607}.Debug|x86.Build.0 = Debug|Win32
		{6EAFD381-DD8C-40FE-8A9E-05D73AFEB607}.Release|x64.ActiveCfg = Release|x64
		{6EAFD381-DD8C-40FE-8A9E-05D73AFEB607}.Release|x64.Build.0 = Release|x64
		{6EAFD381-DD8C-40FE-8A9E-05D73AFEB607}.Release|x86.ActiveCfg = Release|Win32
		{6EAFD381-DD8C-40FE-8A9E-05D73AFEB607}.Release|x86.Build.0 = Release|Win32
		{4B49B15D-FD0B-4B2E-BA00-D0C273A6B105}.Debug|x64.ActiveCfg = Debug|x64
		{4B49B15D-FD0B-4B2E-BA00-D0C273A6B105}.Debug|x64.Build.0 = Debug|x64
		{4B49B15D-FD0B-4B2E-BA00-D0C273A6B105}.Debug|x86.ActiveCfg = Debug|Win32
		{4B49B15D-FD0B-4B2E-BA00-D0C273A6B105}.Debug|x86.Build.0 = Debug|Win32
		{4B49B15D-FD0B-4B2E-BA00-D0C273A6B105}.Release|x64.ActiveCfg = Release|x64
		{4B49B15D-FD0B-4B2E-BA00-D0C273A6B105}.Release|x64.Build.0 = Release|x64
		{4B49B15D-FD0B-4B2E-BA00-D0C273A6B105}.Release|x86.ActiveCfg = Release|Win32
		{4B49B15D-FD0B-4B2E-BA00-D0C273A6B105}.Release|x86.Build.0 = Release|Win32
		{2E8134EF-0EA2-4681-8FAF-371B682DD5F8}.Debug|x64.ActiveCfg = Debug|x64
		{2E8134EF-0EA2-4681-8FAF-371B682DD5F8}.Debug|x64.Build.0 = Debug|x64
		{2E8134EF-0EA2-4681-8FAF-371B682DD5F8}.Debug|x86.ActiveCfg = Debug|Win32
		{2E8134EF-0EA2-4681-8FAF-371B682DD5F8}.Debug|x86.Build.0 = Debug|Win32
		{2E8134EF-0EA2-4681-8FAF-371B682DD5F8}.Release|x64.ActiveCfg = Release|x64
		{2E8134EF-0EA2-4681-8FAF-371B682DD5F8}.Release|x64.Build.0 = Release|x64
		{2E8134EF-0EA2-4681-8FAF-371B682DD5F8}.Release|x86.ActiveCfg = Release|Win32
		{2E8134EF-0EA2-4681-8FAF-371B682DD5F8}.Release|x86.Build.0 = Release|Win32
		{145EEAB3-92EF-436A-9165-E0763053CAC0}.Debug|x64.ActiveCfg = Debug|x64
		{145EEAB3-92EF-436A-9165-E0763053CAC0}.Debug|x64.Build.0 = Debug|x64
		{145EEAB3-92EF-436A-9165-E0763053CAC0}.Debug|x86.ActiveCfg = Debug|Win32
		{145EEAB3-92EF-436A-9165-E0763053CAC0}.Debug|x86.Build.0 = Debug|Win32
		{145EEAB3-92EF-436A-9165-E0763053CAC0}.Release|x64.ActiveCfg = Release|x64
		{145EEAB3-92EF-436A-9165-E0763053CAC0}.Release|x64.Build.0 = Release|x64
		{145EEAB3-92EF-436A-9165-E0763053CAC0}.Release|x86.ActiveCfg = Release|Win32
		{145EEAB3-92EF-436A-9165-E0763053CAC0}.Release|x86.Build.0 = Release|Win32
		{35D0DFBB-BAA7-4221-9D41-5E6C60AF951B}.Debug|x64.ActiveCfg = Debug|x64
		{35D0DFBB-BAA7-4221-9D41-5E6C60AF951B}.Debug|x64.Build.0 = Debug|x64
		{35D0DFBB-BAA7-4221-9D41-5E6C60AF951B}.Debug|x86.ActiveCfg = Debug|Win32
		{35D0DFBB-BAA7-4221-9D41-5E6C60AF951B}.Debug|x86.Build.0 = Debug|Win32
		{35D0DFBB-BAA7-4221-9D41-5E6C60AF951B}.Release|x64.ActiveCfg = Release|x64
		{35D0DFBB-BAA7-4221-9D41-5E6C60AF951B}.Release|x64.Build.0 = Release|x64
		{35D0DFBB-BAA7-4221-9D41-5E6C60AF951B}.Release|x86.ActiveCfg = Release|Win32
		{35D0DFBB-BAA7-4221-9D41-5E6C60AF951B}.Release|x86.Build.0 = Release|Win32
		{D15005B2-8E25-4703-B39A-D1354E9AC8C9}.Debug|x64.ActiveCfg = Debug|x64
		{D15005B2-8E25-4703-B39A-D1354E9AC8C9}.Debug|x64.Build.0 = Debug|x64
		{D15005B2-8E25-4703-B39A-D1354E9AC8C9}.Debug|x86.ActiveCfg = Debug|Win32
		{D15005B2-8E25-4703-B39A-D1354E9AC8C9}.Debug|x86.Build.0 = Debug|Win32
		{D15005B2-8E25-4703-B39A-D1354E9AC8C9}.Release|x64.ActiveCfg = Release|x64
		{D15005B2-8E25-4703-B39A-D1354E9AC8C9}.Release|x64.Build.0 = Release|x64
		{D15005B2-8E25-4703-B39A-D1354E9AC8C9}.Release|x86.ActiveCfg = Release|Win32
		{D15005B2-8E25-4703-B39A-D1354E9AC8C9}.Release|x86.Build.0 = Release|Win32
		{A0C8AD65-5A04-47B7-82AC-704126D05B18}.Debug|x64.ActiveCfg = Debug|x64
		{A0C8AD65-5A04-47B7-82AC-704126D05B18}.Debug|x64.Build.0 = Debug|x64
		{A0C8AD65-5A04-47B7-82AC-704126D05B18}.Debug|x86.ActiveCfg = Debug|Win32
		{A0C8AD65-5A04-47B7-82AC-704126D05B18}.Debug|x86.Build.0 = Debug|Win32
		{A0C8AD65-5A04-47B7-82AC-704126D05B18}.Release|x64.ActiveCfg = Release|x64
		{A0C8AD65-5A04-47B7-82AC-704126D05B18}.Release|x64.Build.0 = Release|x64
		{A0C8AD65-5A04-47B7-82AC-704126D05B18}.Release|x86.ActiveCfg = Release|Win32
		{A0C8AD65-5A04-47B7-82AC-704126D05B18}.Release|x86.Build.0 = Release|Win32
		{E490BF53-EA10-4E23-8363-AF54AB70BC49}.Debug|x64.ActiveCfg = Debug|x64
		{E490BF53-EA10-4E23-8363-AF54AB70BC49}.Debug|x64.Build.0 = Debug|x64
		{E490BF53-EA10-4E23-8363-AF54AB70BC49}.Debug|x86.ActiveCfg = Debug|Win32
		{E490BF53-EA10-4E23-8363-AF54AB70BC49}.Debug|x86.Build.0 = Debug|Win32
		{E490BF53-EA10-4E23-8363-AF54AB70BC49}.Release|x64.ActiveCfg = Release|x64
		{E490BF53-EA10-4E23-8363-AF54AB70BC49}.Release|x64.Build.0 = Release|x64
		{E490BF53-EA10-4E23-8363-AF54AB70BC49}.Release|x86.ActiveCfg = Release|Win32
		{E490BF53-EA10-4E23-8363-AF54AB70BC49}.Release|x86.Build.0 = Release|Win32
		{97F03F0D-2804-4F6F-956E-2357DA9961F4}.Debug|x64.ActiveCfg = Debug|x64
		{97F03F0D-2804-4F6F-956E-2357DA9961F4}.Debug|x64.Build.0 = Debug|x64
		{97F03F0D-2804-4F6F-956E-2357DA9961F4}.Debug|x86.ActiveCfg = Debug|Win32
		{97F03F0D-2804-4F6F-956E-2357DA9961F4}.Debug|x86.Build.0 = Debug|Win32
		{97F03F0D-2804-4F6F-956E-2357DA9961F4}.Release|x64.ActiveCfg = Release|x64
		{97F03F0D-2804-4F6F-956E-2357DA9961F4}.Release|x64.Build.0 = Release|x64
		{97F03F0D-2804-4F6F-956E-2357DA9961F4}.Release|x86.ActiveCfg = Release|Win32
		{97F03F0D-2804-4F6F-956E-2357DA9961F4}.Release|x86.Build.0 = Release|Win32
		{2259ECCF-C75C-4CCD-8B5B-D3A87D063596}.Debug|x64.ActiveCfg = Debug|x64
		{2259ECCF-C75C-4CCD-8B5B-D3A87D063596}.Debug|x64.Build.0 = Debug|x64
		{2259ECCF-C75C-4CCD-8B5B-D3A87D063596}.Debug|x86.ActiveCfg = Debug|Win32
		{2259ECCF-C75C-4CCD-8B5B-D3A87D063596}.Debug|x86.Build.0 = Debug|Win32
		{2259ECCF-C75C-4CCD-8B5B-D3A87D063596}.Release|x64.ActiveCfg = Release|x64
		{2259ECCF-C75C-4CCD-8B5B-D3A87D063596}.Release|x64.Build.0 = Release|x64
		{2259ECCF-C75C-4CCD-8B5B-D3A87D063596}.Release|x86.ActiveCfg = Release|Win32
		{2259ECCF-C75C-4CCD-8B5B-D3A87D063596}.Release|x86.Build.0 = Release|Win32
	EndGlobalSection
	GlobalSection(SolutionProperties) = preSolution
		HideSolutionNode = FALSE
	EndGlobalSection
	GlobalSection(ExtensibilityGlobals) = postSolution
		SolutionGuid = {AFA1D418-0F2C-477B-917A-C5A00419FF10}
	EndGlobalSection
EndGlobal
