
Microsoft Visual Studio Solution File, Format Version 12.00
# Visual Studio Version 17
VisualStudioVersion = 17.7.34031.279
MinimumVisualStudioVersion = 10.0.40219.1
Project("{8BC9CEB8-8B4A-11D0-8D11-00A0C91BC942}") = "B002", "B002\B002.vcxproj", "{D085D937-25B0-4582-A1AB-AAD883D696CE}"
EndProject
Project("{8BC9CEB8-8B4A-11D0-8D11-00A0C91BC942}") = "B007", "B007\B007.vcxproj", "{0AD9D68D-DE89-45E5-A2A0-EC6DACBE430D}"
EndProject
Project("{8BC9CEB8-8B4A-11D0-8D11-00A0C91BC942}") = "B012", "B012\B012.vcxproj", "{8944CAA0-36C0-4701-94B6-CF607365A217}"
EndProject
Project("{8BC9CEB8-8B4A-11D0-8D11-00A0C91BC942}") = "B022", "B022\B022.vcxproj", "{F8D45314-24EC-4853-AC77-650975D468ED}"
EndProject
Project("{8BC9CEB8-8B4A-11D0-8D11-00A0C91BC942}") = "B017", "B017\B017.vcxproj", "{97A7737D-4B67-474F-9191-3041DDB7D2E0}"
EndProject
Project("{8BC9CEB8-8B4A-11D0-8D11-00A0C91BC942}") = "B027", "B027\B027.vcxproj", "{B640BAFE-5F37-4A59-B2DE-5BBD7EC03743}"
EndProject
Project("{8BC9CEB8-8B4A-11D0-8D11-00A0C91BC942}") = "test", "test\test.vcxproj", "{7D227686-8626-4A37-9DD2-554B20704EA7}"
EndProject
Project("{8BC9CEB8-8B4A-11D0-8D11-00A0C91BC942}") = "B032", "B032\B032.vcxproj", "{03D4AFA2-940C-405C-A590-497680284FE7}"
EndProject
Project("{8BC9CEB8-8B4A-11D0-8D11-00A0C91BC942}") = "B037", "B037\B037.vcxproj", "{F57E8C50-9943-43F9-9E74-855DC782F1AF}"
EndProject
Project("{8BC9CEB8-8B4A-11D0-8D11-00A0C91BC942}") = "B042", "B042\B042.vcxproj", "{09321897-2CA6-4E07-AC04-D44540CD5685}"
EndProject
Project("{8BC9CEB8-8B4A-11D0-8D11-00A0C91BC942}") = "B047", "B047\B047.vcxproj", "{FFC8AAE7-304F-483C-8F40-9AB2BBDD09A3}"
EndProject
Project("{8BC9CEB8-8B4A-11D0-8D11-00A0C91BC942}") = "B052", "B052\B052.vcxproj", "{C195D914-2D45-416E-8970-77EA13B0D1CF}"
EndProject
Project("{8BC9CEB8-8B4A-11D0-8D11-00A0C91BC942}") = "B057", "B057\B057.vcxproj", "{CE0ABA43-D979-48D8-ADC5-A3D50672F9C1}"
EndProject
Project("{8BC9CEB8-8B4A-11D0-8D11-00A0C91BC942}") = "B062", "B062\B062.vcxproj", "{02B34C1E-1AB1-4129-B021-0EB6472C1E55}"
EndProject
Project("{8BC9CEB8-8B4A-11D0-8D11-00A0C91BC942}") = "B067", "B067\B067.vcxproj", "{BA385DA1-D236-4AA5-A99C-A3C1D6849F0D}"
EndProject
Project("{8BC9CEB8-8B4A-11D0-8D11-00A0C91BC942}") = "B072", "B072\B072.vcxproj", "{BDD6C161-0170-463A-B41F-EF31052062C3}"
EndProject
Project("{8BC9CEB8-8B4A-11D0-8D11-00A0C91BC942}") = "B077", "B077\B077.vcxproj", "{2F7CF71A-35FF-4D0C-A9AC-CF2FA057DE80}"
EndProject
Project("{8BC9CEB8-8B4A-11D0-8D11-00A0C91BC942}") = "B082", "B082\B082.vcxproj", "{588CCF9B-D478-4D68-B66B-7A5261D60783}"
EndProject
Project("{8BC9CEB8-8B4A-11D0-8D11-00A0C91BC942}") = "B087", "B087\B087.vcxproj", "{17B817AD-C466-4F45-BB75-7B6387B20CB6}"
EndProject
Project("{8BC9CEB8-8B4A-11D0-8D11-00A0C91BC942}") = "B092", "B092\B092.vcxproj", "{505E97C6-C784-45FE-84F6-D9D7B8644CC7}"
EndProject
Project("{8BC9CEB8-8B4A-11D0-8D11-00A0C91BC942}") = "B097", "B097\B097.vcxproj", "{3A79867D-E982-43AE-B706-6FB9245A600A}"
EndProject
Project("{8BC9CEB8-8B4A-11D0-8D11-00A0C91BC942}") = "B102", "B102\B102.vcxproj", "{E74DD794-73A6-4CA4-A122-81D7F2B3D0BD}"
EndProject
Project("{8BC9CEB8-8B4A-11D0-8D11-00A0C91BC942}") = "B107", "B107\B107.vcxproj", "{097F194D-4B11-453B-922F-92A885550814}"
EndProject
Project("{8BC9CEB8-8B4A-11D0-8D11-00A0C91BC942}") = "B112", "B112\B112.vcxproj", "{1C3E5A3D-02D2-4387-81DB-7A2CE42E8E8F}"
EndProject
Project("{8BC9CEB8-8B4A-11D0-8D11-00A0C91BC942}") = "B117", "B117\B117.vcxproj", "{84663C5D-7D63-499C-A5F1-7A2288665CC3}"
EndProject
Project("{8BC9CEB8-8B4A-11D0-8D11-00A0C91BC942}") = "B122", "B122\B122.vcxproj", "{230733B2-E3BE-415A-B2D3-FF1E63822BE5}"
EndProject
Project("{8BC9CEB8-8B4A-11D0-8D11-00A0C91BC942}") = "B127", "B127\B127.vcxproj", "{3ABBE963-553F-4DF3-BD95-5F72A787A5C3}"
EndProject
Project("{8BC9CEB8-8B4A-11D0-8D11-00A0C91BC942}") = "B132", "B132\B132.vcxproj", "{4B922F99-65B8-49A9-A045-351B9132150D}"
EndProject
Project("{8BC9CEB8-8B4A-11D0-8D11-00A0C91BC942}") = "B137", "B137\B137.vcxproj", "{2A764CF0-DE6F-4921-9AF0-0CA6743D6BD6}"
EndProject
Project("{8BC9CEB8-8B4A-11D0-8D11-00A0C91BC942}") = "B142", "B142\B142.vcxproj", "{638FB86C-9C01-4EBB-B2DC-F90A9C46C9A5}"
EndProject
Project("{8BC9CEB8-8B4A-11D0-8D11-00A0C91BC942}") = "B147", "B147\B147.vcxproj", "{5AA7A883-A016-4C6E-9B64-8196B410AF4E}"
EndProject
Project("{8BC9CEB8-8B4A-11D0-8D11-00A0C91BC942}") = "B152", "B152\B152.vcxproj", "{2C4B421C-AA3F-4B3C-9BE6-05201DD7F558}"
EndProject
Project("{8BC9CEB8-8B4A-11D0-8D11-00A0C91BC942}") = "B157", "B157\B157.vcxproj", "{CC04E41F-09E0-436A-9E62-A2CDF5501959}"
EndProject
Project("{8BC9CEB8-8B4A-11D0-8D11-00A0C91BC942}") = "B162", "B162\B162.vcxproj", "{BAF42CB0-1D91-479C-8A21-55FB0890D508}"
EndProject
Project("{8BC9CEB8-8B4A-11D0-8D11-00A0C91BC942}") = "B167", "B167\B167.vcxproj", "{8B4E7ACC-D71C-4CEF-B046-D65671917F76}"
EndProject
Project("{8BC9CEB8-8B4A-11D0-8D11-00A0C91BC942}") = "B172", "B172\B172.vcxproj", "{5A19F4D8-45ED-461E-A5F1-837EED3A3C98}"
EndProject
Project("{8BC9CEB8-8B4A-11D0-8D11-00A0C91BC942}") = "B177", "B177\B177.vcxproj", "{406434EB-CB7D-4EBE-A7AF-E39D042101D9}"
EndProject
Project("{8BC9CEB8-8B4A-11D0-8D11-00A0C91BC942}") = "B182", "B182\B182.vcxproj", "{58BFE7FB-B7C1-46F8-822C-7F5AF036EE31}"
EndProject
Project("{8BC9CEB8-8B4A-11D0-8D11-00A0C91BC942}") = "B187", "B187\B187.vcxproj", "{67AA0A25-9A93-4373-A82A-237EFCFE3297}"
EndProject
Global
	GlobalSection(SolutionConfigurationPlatforms) = preSolution
		Debug|x64 = Debug|x64
		Debug|x86 = Debug|x86
		Release|x64 = Release|x64
		Release|x86 = Release|x86
	EndGlobalSection
	GlobalSection(ProjectConfigurationPlatforms) = postSolution
		{D085D937-25B0-4582-A1AB-AAD883D696CE}.Debug|x64.ActiveCfg = Debug|x64
		{D085D937-25B0-4582-A1AB-AAD883D696CE}.Debug|x64.Build.0 = Debug|x64
		{D085D937-25B0-4582-A1AB-AAD883D696CE}.Debug|x86.ActiveCfg = Debug|Win32
		{D085D937-25B0-4582-A1AB-AAD883D696CE}.Debug|x86.Build.0 = Debug|Win32
		{D085D937-25B0-4582-A1AB-AAD883D696CE}.Release|x64.ActiveCfg = Release|x64
		{D085D937-25B0-4582-A1AB-AAD883D696CE}.Release|x64.Build.0 = Release|x64
		{D085D937-25B0-4582-A1AB-AAD883D696CE}.Release|x86.ActiveCfg = Release|Win32
		{D085D937-25B0-4582-A1AB-AAD883D696CE}.Release|x86.Build.0 = Release|Win32
		{0AD9D68D-DE89-45E5-A2A0-EC6DACBE430D}.Debug|x64.ActiveCfg = Debug|x64
		{0AD9D68D-DE89-45E5-A2A0-EC6DACBE430D}.Debug|x64.Build.0 = Debug|x64
		{0AD9D68D-DE89-45E5-A2A0-EC6DACBE430D}.Debug|x86.ActiveCfg = Debug|Win32
		{0AD9D68D-DE89-45E5-A2A0-EC6DACBE430D}.Debug|x86.Build.0 = Debug|Win32
		{0AD9D68D-DE89-45E5-A2A0-EC6DACBE430D}.Release|x64.ActiveCfg = Release|x64
		{0AD9D68D-DE89-45E5-A2A0-EC6DACBE430D}.Release|x64.Build.0 = Release|x64
		{0AD9D68D-DE89-45E5-A2A0-EC6DACBE430D}.Release|x86.ActiveCfg = Release|Win32
		{0AD9D68D-DE89-45E5-A2A0-EC6DACBE430D}.Release|x86.Build.0 = Release|Win32
		{8944CAA0-36C0-4701-94B6-CF607365A217}.Debug|x64.ActiveCfg = Debug|x64
		{8944CAA0-36C0-4701-94B6-CF607365A217}.Debug|x64.Build.0 = Debug|x64
		{8944CAA0-36C0-4701-94B6-CF607365A217}.Debug|x86.ActiveCfg = Debug|Win32
		{8944CAA0-36C0-4701-94B6-CF607365A217}.Debug|x86.Build.0 = Debug|Win32
		{8944CAA0-36C0-4701-94B6-CF607365A217}.Release|x64.ActiveCfg = Release|x64
		{8944CAA0-36C0-4701-94B6-CF607365A217}.Release|x64.Build.0 = Release|x64
		{8944CAA0-36C0-4701-94B6-CF607365A217}.Release|x86.ActiveCfg = Release|Win32
		{8944CAA0-36C0-4701-94B6-CF607365A217}.Release|x86.Build.0 = Release|Win32
		{F8D45314-24EC-4853-AC77-650975D468ED}.Debug|x64.ActiveCfg = Debug|x64
		{F8D45314-24EC-4853-AC77-650975D468ED}.Debug|x64.Build.0 = Debug|x64
		{F8D45314-24EC-4853-AC77-650975D468ED}.Debug|x86.ActiveCfg = Debug|Win32
		{F8D45314-24EC-4853-AC77-650975D468ED}.Debug|x86.Build.0 = Debug|Win32
		{F8D45314-24EC-4853-AC77-650975D468ED}.Release|x64.ActiveCfg = Release|x64
		{F8D45314-24EC-4853-AC77-650975D468ED}.Release|x64.Build.0 = Release|x64
		{F8D45314-24EC-4853-AC77-650975D468ED}.Release|x86.ActiveCfg = Release|Win32
		{F8D45314-24EC-4853-AC77-650975D468ED}.Release|x86.Build.0 = Release|Win32
		{97A7737D-4B67-474F-9191-3041DDB7D2E0}.Debug|x64.ActiveCfg = Debug|x64
		{97A7737D-4B67-474F-9191-3041DDB7D2E0}.Debug|x64.Build.0 = Debug|x64
		{97A7737D-4B67-474F-9191-3041DDB7D2E0}.Debug|x86.ActiveCfg = Debug|Win32
		{97A7737D-4B67-474F-9191-3041DDB7D2E0}.Debug|x86.Build.0 = Debug|Win32
		{97A7737D-4B67-474F-9191-3041DDB7D2E0}.Release|x64.ActiveCfg = Release|x64
		{97A7737D-4B67-474F-9191-3041DDB7D2E0}.Release|x64.Build.0 = Release|x64
		{97A7737D-4B67-474F-9191-3041DDB7D2E0}.Release|x86.ActiveCfg = Release|Win32
		{97A7737D-4B67-474F-9191-3041DDB7D2E0}.Release|x86.Build.0 = Release|Win32
		{B640BAFE-5F37-4A59-B2DE-5BBD7EC03743}.Debug|x64.ActiveCfg = Debug|x64
		{B640BAFE-5F37-4A59-B2DE-5BBD7EC03743}.Debug|x64.Build.0 = Debug|x64
		{B640BAFE-5F37-4A59-B2DE-5BBD7EC03743}.Debug|x86.ActiveCfg = Debug|Win32
		{B640BAFE-5F37-4A59-B2DE-5BBD7EC03743}.Debug|x86.Build.0 = Debug|Win32
		{B640BAFE-5F37-4A59-B2DE-5BBD7EC03743}.Release|x64.ActiveCfg = Release|x64
		{B640BAFE-5F37-4A59-B2DE-5BBD7EC03743}.Release|x64.Build.0 = Release|x64
		{B640BAFE-5F37-4A59-B2DE-5BBD7EC03743}.Release|x86.ActiveCfg = Release|Win32
		{B640BAFE-5F37-4A59-B2DE-5BBD7EC03743}.Release|x86.Build.0 = Release|Win32
		{7D227686-8626-4A37-9DD2-554B20704EA7}.Debug|x64.ActiveCfg = Debug|x64
		{7D227686-8626-4A37-9DD2-554B20704EA7}.Debug|x64.Build.0 = Debug|x64
		{7D227686-8626-4A37-9DD2-554B20704EA7}.Debug|x86.ActiveCfg = Debug|Win32
		{7D227686-8626-4A37-9DD2-554B20704EA7}.Debug|x86.Build.0 = Debug|Win32
		{7D227686-8626-4A37-9DD2-554B20704EA7}.Release|x64.ActiveCfg = Release|x64
		{7D227686-8626-4A37-9DD2-554B20704EA7}.Release|x64.Build.0 = Release|x64
		{7D227686-8626-4A37-9DD2-554B20704EA7}.Release|x86.ActiveCfg = Release|Win32
		{7D227686-8626-4A37-9DD2-554B20704EA7}.Release|x86.Build.0 = Release|Win32
		{03D4AFA2-940C-405C-A590-497680284FE7}.Debug|x64.ActiveCfg = Debug|x64
		{03D4AFA2-940C-405C-A590-497680284FE7}.Debug|x64.Build.0 = Debug|x64
		{03D4AFA2-940C-405C-A590-497680284FE7}.Debug|x86.ActiveCfg = Debug|Win32
		{03D4AFA2-940C-405C-A590-497680284FE7}.Debug|x86.Build.0 = Debug|Win32
		{03D4AFA2-940C-405C-A590-497680284FE7}.Release|x64.ActiveCfg = Release|x64
		{03D4AFA2-940C-405C-A590-497680284FE7}.Release|x64.Build.0 = Release|x64
		{03D4AFA2-940C-405C-A590-497680284FE7}.Release|x86.ActiveCfg = Release|Win32
		{03D4AFA2-940C-405C-A590-497680284FE7}.Release|x86.Build.0 = Release|Win32
		{F57E8C50-9943-43F9-9E74-855DC782F1AF}.Debug|x64.ActiveCfg = Debug|x64
		{F57E8C50-9943-43F9-9E74-855DC782F1AF}.Debug|x64.Build.0 = Debug|x64
		{F57E8C50-9943-43F9-9E74-855DC782F1AF}.Debug|x86.ActiveCfg = Debug|Win32
		{F57E8C50-9943-43F9-9E74-855DC782F1AF}.Debug|x86.Build.0 = Debug|Win32
		{F57E8C50-9943-43F9-9E74-855DC782F1AF}.Release|x64.ActiveCfg = Release|x64
		{F57E8C50-9943-43F9-9E74-855DC782F1AF}.Release|x64.Build.0 = Release|x64
		{F57E8C50-9943-43F9-9E74-855DC782F1AF}.Release|x86.ActiveCfg = Release|Win32
		{F57E8C50-9943-43F9-9E74-855DC782F1AF}.Release|x86.Build.0 = Release|Win32
		{09321897-2CA6-4E07-AC04-D44540CD5685}.Debug|x64.ActiveCfg = Debug|x64
		{09321897-2CA6-4E07-AC04-D44540CD5685}.Debug|x64.Build.0 = Debug|x64
		{09321897-2CA6-4E07-AC04-D44540CD5685}.Debug|x86.ActiveCfg = Debug|Win32
		{09321897-2CA6-4E07-AC04-D44540CD5685}.Debug|x86.Build.0 = Debug|Win32
		{09321897-2CA6-4E07-AC04-D44540CD5685}.Release|x64.ActiveCfg = Release|x64
		{09321897-2CA6-4E07-AC04-D44540CD5685}.Release|x64.Build.0 = Release|x64
		{09321897-2CA6-4E07-AC04-D44540CD5685}.Release|x86.ActiveCfg = Release|Win32
		{09321897-2CA6-4E07-AC04-D44540CD5685}.Release|x86.Build.0 = Release|Win32
		{FFC8AAE7-304F-483C-8F40-9AB2BBDD09A3}.Debug|x64.ActiveCfg = Debug|x64
		{FFC8AAE7-304F-483C-8F40-9AB2BBDD09A3}.Debug|x64.Build.0 = Debug|x64
		{FFC8AAE7-304F-483C-8F40-9AB2BBDD09A3}.Debug|x86.ActiveCfg = Debug|Win32
		{FFC8AAE7-304F-483C-8F40-9AB2BBDD09A3}.Debug|x86.Build.0 = Debug|Win32
		{FFC8AAE7-304F-483C-8F40-9AB2BBDD09A3}.Release|x64.ActiveCfg = Release|x64
		{FFC8AAE7-304F-483C-8F40-9AB2BBDD09A3}.Release|x64.Build.0 = Release|x64
		{FFC8AAE7-304F-483C-8F40-9AB2BBDD09A3}.Release|x86.ActiveCfg = Release|Win32
		{FFC8AAE7-304F-483C-8F40-9AB2BBDD09A3}.Release|x86.Build.0 = Release|Win32
		{C195D914-2D45-416E-8970-77EA13B0D1CF}.Debug|x64.ActiveCfg = Debug|x64
		{C195D914-2D45-416E-8970-77EA13B0D1CF}.Debug|x64.Build.0 = Debug|x64
		{C195D914-2D45-416E-8970-77EA13B0D1CF}.Debug|x86.ActiveCfg = Debug|Win32
		{C195D914-2D45-416E-8970-77EA13B0D1CF}.Debug|x86.Build.0 = Debug|Win32
		{C195D914-2D45-416E-8970-77EA13B0D1CF}.Release|x64.ActiveCfg = Release|x64
		{C195D914-2D45-416E-8970-77EA13B0D1CF}.Release|x64.Build.0 = Release|x64
		{C195D914-2D45-416E-8970-77EA13B0D1CF}.Release|x86.ActiveCfg = Release|Win32
		{C195D914-2D45-416E-8970-77EA13B0D1CF}.Release|x86.Build.0 = Release|Win32
		{CE0ABA43-D979-48D8-ADC5-A3D50672F9C1}.Debug|x64.ActiveCfg = Debug|x64
		{CE0ABA43-D979-48D8-ADC5-A3D50672F9C1}.Debug|x64.Build.0 = Debug|x64
		{CE0ABA43-D979-48D8-ADC5-A3D50672F9C1}.Debug|x86.ActiveCfg = Debug|Win32
		{CE0ABA43-D979-48D8-ADC5-A3D50672F9C1}.Debug|x86.Build.0 = Debug|Win32
		{CE0ABA43-D979-48D8-ADC5-A3D50672F9C1}.Release|x64.ActiveCfg = Release|x64
		{CE0ABA43-D979-48D8-ADC5-A3D50672F9C1}.Release|x64.Build.0 = Release|x64
		{CE0ABA43-D979-48D8-ADC5-A3D50672F9C1}.Release|x86.ActiveCfg = Release|Win32
		{CE0ABA43-D979-48D8-ADC5-A3D50672F9C1}.Release|x86.Build.0 = Release|Win32
		{02B34C1E-1AB1-4129-B021-0EB6472C1E55}.Debug|x64.ActiveCfg = Debug|x64
		{02B34C1E-1AB1-4129-B021-0EB6472C1E55}.Debug|x64.Build.0 = Debug|x64
		{02B34C1E-1AB1-4129-B021-0EB6472C1E55}.Debug|x86.ActiveCfg = Debug|Win32
		{02B34C1E-1AB1-4129-B021-0EB6472C1E55}.Debug|x86.Build.0 = Debug|Win32
		{02B34C1E-1AB1-4129-B021-0EB6472C1E55}.Release|x64.ActiveCfg = Release|x64
		{02B34C1E-1AB1-4129-B021-0EB6472C1E55}.Release|x64.Build.0 = Release|x64
		{02B34C1E-1AB1-4129-B021-0EB6472C1E55}.Release|x86.ActiveCfg = Release|Win32
		{02B34C1E-1AB1-4129-B021-0EB6472C1E55}.Release|x86.Build.0 = Release|Win32
		{BA385DA1-D236-4AA5-A99C-A3C1D6849F0D}.Debug|x64.ActiveCfg = Debug|x64
		{BA385DA1-D236-4AA5-A99C-A3C1D6849F0D}.Debug|x64.Build.0 = Debug|x64
		{BA385DA1-D236-4AA5-A99C-A3C1D6849F0D}.Debug|x86.ActiveCfg = Debug|Win32
		{BA385DA1-D236-4AA5-A99C-A3C1D6849F0D}.Debug|x86.Build.0 = Debug|Win32
		{BA385DA1-D236-4AA5-A99C-A3C1D6849F0D}.Release|x64.ActiveCfg = Release|x64
		{BA385DA1-D236-4AA5-A99C-A3C1D6849F0D}.Release|x64.Build.0 = Release|x64
		{BA385DA1-D236-4AA5-A99C-A3C1D6849F0D}.Release|x86.ActiveCfg = Release|Win32
		{BA385DA1-D236-4AA5-A99C-A3C1D6849F0D}.Release|x86.Build.0 = Release|Win32
		{BDD6C161-0170-463A-B41F-EF31052062C3}.Debug|x64.ActiveCfg = Debug|x64
		{BDD6C161-0170-463A-B41F-EF31052062C3}.Debug|x64.Build.0 = Debug|x64
		{BDD6C161-0170-463A-B41F-EF31052062C3}.Debug|x86.ActiveCfg = Debug|Win32
		{BDD6C161-0170-463A-B41F-EF31052062C3}.Debug|x86.Build.0 = Debug|Win32
		{BDD6C161-0170-463A-B41F-EF31052062C3}.Release|x64.ActiveCfg = Release|x64
		{BDD6C161-0170-463A-B41F-EF31052062C3}.Release|x64.Build.0 = Release|x64
		{BDD6C161-0170-463A-B41F-EF31052062C3}.Release|x86.ActiveCfg = Release|Win32
		{BDD6C161-0170-463A-B41F-EF31052062C3}.Release|x86.Build.0 = Release|Win32
		{2F7CF71A-35FF-4D0C-A9AC-CF2FA057DE80}.Debug|x64.ActiveCfg = Debug|x64
		{2F7CF71A-35FF-4D0C-A9AC-CF2FA057DE80}.Debug|x64.Build.0 = Debug|x64
		{2F7CF71A-35FF-4D0C-A9AC-CF2FA057DE80}.Debug|x86.ActiveCfg = Debug|Win32
		{2F7CF71A-35FF-4D0C-A9AC-CF2FA057DE80}.Debug|x86.Build.0 = Debug|Win32
		{2F7CF71A-35FF-4D0C-A9AC-CF2FA057DE80}.Release|x64.ActiveCfg = Release|x64
		{2F7CF71A-35FF-4D0C-A9AC-CF2FA057DE80}.Release|x64.Build.0 = Release|x64
		{2F7CF71A-35FF-4D0C-A9AC-CF2FA057DE80}.Release|x86.ActiveCfg = Release|Win32
		{2F7CF71A-35FF-4D0C-A9AC-CF2FA057DE80}.Release|x86.Build.0 = Release|Win32
		{588CCF9B-D478-4D68-B66B-7A5261D60783}.Debug|x64.ActiveCfg = Debug|x64
		{588CCF9B-D478-4D68-B66B-7A5261D60783}.Debug|x64.Build.0 = Debug|x64
		{588CCF9B-D478-4D68-B66B-7A5261D60783}.Debug|x86.ActiveCfg = Debug|Win32
		{588CCF9B-D478-4D68-B66B-7A5261D60783}.Debug|x86.Build.0 = Debug|Win32
		{588CCF9B-D478-4D68-B66B-7A5261D60783}.Release|x64.ActiveCfg = Release|x64
		{588CCF9B-D478-4D68-B66B-7A5261D60783}.Release|x64.Build.0 = Release|x64
		{588CCF9B-D478-4D68-B66B-7A5261D60783}.Release|x86.ActiveCfg = Release|Win32
		{588CCF9B-D478-4D68-B66B-7A5261D60783}.Release|x86.Build.0 = Release|Win32
		{17B817AD-C466-4F45-BB75-7B6387B20CB6}.Debug|x64.ActiveCfg = Debug|x64
		{17B817AD-C466-4F45-BB75-7B6387B20CB6}.Debug|x64.Build.0 = Debug|x64
		{17B817AD-C466-4F45-BB75-7B6387B20CB6}.Debug|x86.ActiveCfg = Debug|Win32
		{17B817AD-C466-4F45-BB75-7B6387B20CB6}.Debug|x86.Build.0 = Debug|Win32
		{17B817AD-C466-4F45-BB75-7B6387B20CB6}.Release|x64.ActiveCfg = Release|x64
		{17B817AD-C466-4F45-BB75-7B6387B20CB6}.Release|x64.Build.0 = Release|x64
		{17B817AD-C466-4F45-BB75-7B6387B20CB6}.Release|x86.ActiveCfg = Release|Win32
		{17B817AD-C466-4F45-BB75-7B6387B20CB6}.Release|x86.Build.0 = Release|Win32
		{505E97C6-C784-45FE-84F6-D9D7B8644CC7}.Debug|x64.ActiveCfg = Debug|x64
		{505E97C6-C784-45FE-84F6-D9D7B8644CC7}.Debug|x64.Build.0 = Debug|x64
		{505E97C6-C784-45FE-84F6-D9D7B8644CC7}.Debug|x86.ActiveCfg = Debug|Win32
		{505E97C6-C784-45FE-84F6-D9D7B8644CC7}.Debug|x86.Build.0 = Debug|Win32
		{505E97C6-C784-45FE-84F6-D9D7B8644CC7}.Release|x64.ActiveCfg = Release|x64
		{505E97C6-C784-45FE-84F6-D9D7B8644CC7}.Release|x64.Build.0 = Release|x64
		{505E97C6-C784-45FE-84F6-D9D7B8644CC7}.Release|x86.ActiveCfg = Release|Win32
		{505E97C6-C784-45FE-84F6-D9D7B8644CC7}.Release|x86.Build.0 = Release|Win32
		{3A79867D-E982-43AE-B706-6FB9245A600A}.Debug|x64.ActiveCfg = Debug|x64
		{3A79867D-E982-43AE-B706-6FB9245A600A}.Debug|x64.Build.0 = Debug|x64
		{3A79867D-E982-43AE-B706-6FB9245A600A}.Debug|x86.ActiveCfg = Debug|Win32
		{3A79867D-E982-43AE-B706-6FB9245A600A}.Debug|x86.Build.0 = Debug|Win32
		{3A79867D-E982-43AE-B706-6FB9245A600A}.Release|x64.ActiveCfg = Release|x64
		{3A79867D-E982-43AE-B706-6FB9245A600A}.Release|x64.Build.0 = Release|x64
		{3A79867D-E982-43AE-B706-6FB9245A600A}.Release|x86.ActiveCfg = Release|Win32
		{3A79867D-E982-43AE-B706-6FB9245A600A}.Release|x86.Build.0 = Release|Win32
		{E74DD794-73A6-4CA4-A122-81D7F2B3D0BD}.Debug|x64.ActiveCfg = Debug|x64
		{E74DD794-73A6-4CA4-A122-81D7F2B3D0BD}.Debug|x64.Build.0 = Debug|x64
		{E74DD794-73A6-4CA4-A122-81D7F2B3D0BD}.Debug|x86.ActiveCfg = Debug|Win32
		{E74DD794-73A6-4CA4-A122-81D7F2B3D0BD}.Debug|x86.Build.0 = Debug|Win32
		{E74DD794-73A6-4CA4-A122-81D7F2B3D0BD}.Release|x64.ActiveCfg = Release|x64
		{E74DD794-73A6-4CA4-A122-81D7F2B3D0BD}.Release|x64.Build.0 = Release|x64
		{E74DD794-73A6-4CA4-A122-81D7F2B3D0BD}.Release|x86.ActiveCfg = Release|Win32
		{E74DD794-73A6-4CA4-A122-81D7F2B3D0BD}.Release|x86.Build.0 = Release|Win32
		{097F194D-4B11-453B-922F-92A885550814}.Debug|x64.ActiveCfg = Debug|x64
		{097F194D-4B11-453B-922F-92A885550814}.Debug|x64.Build.0 = Debug|x64
		{097F194D-4B11-453B-922F-92A885550814}.Debug|x86.ActiveCfg = Debug|Win32
		{097F194D-4B11-453B-922F-92A885550814}.Debug|x86.Build.0 = Debug|Win32
		{097F194D-4B11-453B-922F-92A885550814}.Release|x64.ActiveCfg = Release|x64
		{097F194D-4B11-453B-922F-92A885550814}.Release|x64.Build.0 = Release|x64
		{097F194D-4B11-453B-922F-92A885550814}.Release|x86.ActiveCfg = Release|Win32
		{097F194D-4B11-453B-922F-92A885550814}.Release|x86.Build.0 = Release|Win32
		{1C3E5A3D-02D2-4387-81DB-7A2CE42E8E8F}.Debug|x64.ActiveCfg = Debug|x64
		{1C3E5A3D-02D2-4387-81DB-7A2CE42E8E8F}.Debug|x64.Build.0 = Debug|x64
		{1C3E5A3D-02D2-4387-81DB-7A2CE42E8E8F}.Debug|x86.ActiveCfg = Debug|Win32
		{1C3E5A3D-02D2-4387-81DB-7A2CE42E8E8F}.Debug|x86.Build.0 = Debug|Win32
		{1C3E5A3D-02D2-4387-81DB-7A2CE42E8E8F}.Release|x64.ActiveCfg = Release|x64
		{1C3E5A3D-02D2-4387-81DB-7A2CE42E8E8F}.Release|x64.Build.0 = Release|x64
		{1C3E5A3D-02D2-4387-81DB-7A2CE42E8E8F}.Release|x86.ActiveCfg = Release|Win32
		{1C3E5A3D-02D2-4387-81DB-7A2CE42E8E8F}.Release|x86.Build.0 = Release|Win32
		{84663C5D-7D63-499C-A5F1-7A2288665CC3}.Debug|x64.ActiveCfg = Debug|x64
		{84663C5D-7D63-499C-A5F1-7A2288665CC3}.Debug|x64.Build.0 = Debug|x64
		{84663C5D-7D63-499C-A5F1-7A2288665CC3}.Debug|x86.ActiveCfg = Debug|Win32
		{84663C5D-7D63-499C-A5F1-7A2288665CC3}.Debug|x86.Build.0 = Debug|Win32
		{84663C5D-7D63-499C-A5F1-7A2288665CC3}.Release|x64.ActiveCfg = Release|x64
		{84663C5D-7D63-499C-A5F1-7A2288665CC3}.Release|x64.Build.0 = Release|x64
		{84663C5D-7D63-499C-A5F1-7A2288665CC3}.Release|x86.ActiveCfg = Release|Win32
		{84663C5D-7D63-499C-A5F1-7A2288665CC3}.Release|x86.Build.0 = Release|Win32
		{230733B2-E3BE-415A-B2D3-FF1E63822BE5}.Debug|x64.ActiveCfg = Debug|x64
		{230733B2-E3BE-415A-B2D3-FF1E63822BE5}.Debug|x64.Build.0 = Debug|x64
		{230733B2-E3BE-415A-B2D3-FF1E63822BE5}.Debug|x86.ActiveCfg = Debug|Win32
		{230733B2-E3BE-415A-B2D3-FF1E63822BE5}.Debug|x86.Build.0 = Debug|Win32
		{230733B2-E3BE-415A-B2D3-FF1E63822BE5}.Release|x64.ActiveCfg = Release|x64
		{230733B2-E3BE-415A-B2D3-FF1E63822BE5}.Release|x64.Build.0 = Release|x64
		{230733B2-E3BE-415A-B2D3-FF1E63822BE5}.Release|x86.ActiveCfg = Release|Win32
		{230733B2-E3BE-415A-B2D3-FF1E63822BE5}.Release|x86.Build.0 = Release|Win32
		{3ABBE963-553F-4DF3-BD95-5F72A787A5C3}.Debug|x64.ActiveCfg = Debug|x64
		{3ABBE963-553F-4DF3-BD95-5F72A787A5C3}.Debug|x64.Build.0 = Debug|x64
		{3ABBE963-553F-4DF3-BD95-5F72A787A5C3}.Debug|x86.ActiveCfg = Debug|Win32
		{3ABBE963-553F-4DF3-BD95-5F72A787A5C3}.Debug|x86.Build.0 = Debug|Win32
		{3ABBE963-553F-4DF3-BD95-5F72A787A5C3}.Release|x64.ActiveCfg = Release|x64
		{3ABBE963-553F-4DF3-BD95-5F72A787A5C3}.Release|x64.Build.0 = Release|x64
		{3ABBE963-553F-4DF3-BD95-5F72A787A5C3}.Release|x86.ActiveCfg = Release|Win32
		{3ABBE963-553F-4DF3-BD95-5F72A787A5C3}.Release|x86.Build.0 = Release|Win32
		{4B922F99-65B8-49A9-A045-351B9132150D}.Debug|x64.ActiveCfg = Debug|x64
		{4B922F99-65B8-49A9-A045-351B9132150D}.Debug|x64.Build.0 = Debug|x64
		{4B922F99-65B8-49A9-A045-351B9132150D}.Debug|x86.ActiveCfg = Debug|Win32
		{4B922F99-65B8-49A9-A045-351B9132150D}.Debug|x86.Build.0 = Debug|Win32
		{4B922F99-65B8-49A9-A045-351B9132150D}.Release|x64.ActiveCfg = Release|x64
		{4B922F99-65B8-49A9-A045-351B9132150D}.Release|x64.Build.0 = Release|x64
		{4B922F99-65B8-49A9-A045-351B9132150D}.Release|x86.ActiveCfg = Release|Win32
		{4B922F99-65B8-49A9-A045-351B9132150D}.Release|x86.Build.0 = Release|Win32
		{2A764CF0-DE6F-4921-9AF0-0CA6743D6BD6}.Debug|x64.ActiveCfg = Debug|x64
		{2A764CF0-DE6F-4921-9AF0-0CA6743D6BD6}.Debug|x64.Build.0 = Debug|x64
		{2A764CF0-DE6F-4921-9AF0-0CA6743D6BD6}.Debug|x86.ActiveCfg = Debug|Win32
		{2A764CF0-DE6F-4921-9AF0-0CA6743D6BD6}.Debug|x86.Build.0 = Debug|Win32
		{2A764CF0-DE6F-4921-9AF0-0CA6743D6BD6}.Release|x64.ActiveCfg = Release|x64
		{2A764CF0-DE6F-4921-9AF0-0CA6743D6BD6}.Release|x64.Build.0 = Release|x64
		{2A764CF0-DE6F-4921-9AF0-0CA6743D6BD6}.Release|x86.ActiveCfg = Release|Win32
		{2A764CF0-DE6F-4921-9AF0-0CA6743D6BD6}.Release|x86.Build.0 = Release|Win32
		{638FB86C-9C01-4EBB-B2DC-F90A9C46C9A5}.Debug|x64.ActiveCfg = Debug|x64
		{638FB86C-9C01-4EBB-B2DC-F90A9C46C9A5}.Debug|x64.Build.0 = Debug|x64
		{638FB86C-9C01-4EBB-B2DC-F90A9C46C9A5}.Debug|x86.ActiveCfg = Debug|Win32
		{638FB86C-9C01-4EBB-B2DC-F90A9C46C9A5}.Debug|x86.Build.0 = Debug|Win32
		{638FB86C-9C01-4EBB-B2DC-F90A9C46C9A5}.Release|x64.ActiveCfg = Release|x64
		{638FB86C-9C01-4EBB-B2DC-F90A9C46C9A5}.Release|x64.Build.0 = Release|x64
		{638FB86C-9C01-4EBB-B2DC-F90A9C46C9A5}.Release|x86.ActiveCfg = Release|Win32
		{638FB86C-9C01-4EBB-B2DC-F90A9C46C9A5}.Release|x86.Build.0 = Release|Win32
		{5AA7A883-A016-4C6E-9B64-8196B410AF4E}.Debug|x64.ActiveCfg = Debug|x64
		{5AA7A883-A016-4C6E-9B64-8196B410AF4E}.Debug|x64.Build.0 = Debug|x64
		{5AA7A883-A016-4C6E-9B64-8196B410AF4E}.Debug|x86.ActiveCfg = Debug|Win32
		{5AA7A883-A016-4C6E-9B64-8196B410AF4E}.Debug|x86.Build.0 = Debug|Win32
		{5AA7A883-A016-4C6E-9B64-8196B410AF4E}.Release|x64.ActiveCfg = Release|x64
		{5AA7A883-A016-4C6E-9B64-8196B410AF4E}.Release|x64.Build.0 = Release|x64
		{5AA7A883-A016-4C6E-9B64-8196B410AF4E}.Release|x86.ActiveCfg = Release|Win32
		{5AA7A883-A016-4C6E-9B64-8196B410AF4E}.Release|x86.Build.0 = Release|Win32
		{2C4B421C-AA3F-4B3C-9BE6-05201DD7F558}.Debug|x64.ActiveCfg = Debug|x64
		{2C4B421C-AA3F-4B3C-9BE6-05201DD7F558}.Debug|x64.Build.0 = Debug|x64
		{2C4B421C-AA3F-4B3C-9BE6-05201DD7F558}.Debug|x86.ActiveCfg = Debug|Win32
		{2C4B421C-AA3F-4B3C-9BE6-05201DD7F558}.Debug|x86.Build.0 = Debug|Win32
		{2C4B421C-AA3F-4B3C-9BE6-05201DD7F558}.Release|x64.ActiveCfg = Release|x64
		{2C4B421C-AA3F-4B3C-9BE6-05201DD7F558}.Release|x64.Build.0 = Release|x64
		{2C4B421C-AA3F-4B3C-9BE6-05201DD7F558}.Release|x86.ActiveCfg = Release|Win32
		{2C4B421C-AA3F-4B3C-9BE6-05201DD7F558}.Release|x86.Build.0 = Release|Win32
		{CC04E41F-09E0-436A-9E62-A2CDF5501959}.Debug|x64.ActiveCfg = Debug|x64
		{CC04E41F-09E0-436A-9E62-A2CDF5501959}.Debug|x64.Build.0 = Debug|x64
		{CC04E41F-09E0-436A-9E62-A2CDF5501959}.Debug|x86.ActiveCfg = Debug|Win32
		{CC04E41F-09E0-436A-9E62-A2CDF5501959}.Debug|x86.Build.0 = Debug|Win32
		{CC04E41F-09E0-436A-9E62-A2CDF5501959}.Release|x64.ActiveCfg = Release|x64
		{CC04E41F-09E0-436A-9E62-A2CDF5501959}.Release|x64.Build.0 = Release|x64
		{CC04E41F-09E0-436A-9E62-A2CDF5501959}.Release|x86.ActiveCfg = Release|Win32
		{CC04E41F-09E0-436A-9E62-A2CDF5501959}.Release|x86.Build.0 = Release|Win32
		{BAF42CB0-1D91-479C-8A21-55FB0890D508}.Debug|x64.ActiveCfg = Debug|x64
		{BAF42CB0-1D91-479C-8A21-55FB0890D508}.Debug|x64.Build.0 = Debug|x64
		{BAF42CB0-1D91-479C-8A21-55FB0890D508}.Debug|x86.ActiveCfg = Debug|Win32
		{BAF42CB0-1D91-479C-8A21-55FB0890D508}.Debug|x86.Build.0 = Debug|Win32
		{BAF42CB0-1D91-479C-8A21-55FB0890D508}.Release|x64.ActiveCfg = Release|x64
		{BAF42CB0-1D91-479C-8A21-55FB0890D508}.Release|x64.Build.0 = Release|x64
		{BAF42CB0-1D91-479C-8A21-55FB0890D508}.Release|x86.ActiveCfg = Release|Win32
		{BAF42CB0-1D91-479C-8A21-55FB0890D508}.Release|x86.Build.0 = Release|Win32
		{8B4E7ACC-D71C-4CEF-B046-D65671917F76}.Debug|x64.ActiveCfg = Debug|x64
		{8B4E7ACC-D71C-4CEF-B046-D65671917F76}.Debug|x64.Build.0 = Debug|x64
		{8B4E7ACC-D71C-4CEF-B046-D65671917F76}.Debug|x86.ActiveCfg = Debug|Win32
		{8B4E7ACC-D71C-4CEF-B046-D65671917F76}.Debug|x86.Build.0 = Debug|Win32
		{8B4E7ACC-D71C-4CEF-B046-D65671917F76}.Release|x64.ActiveCfg = Release|x64
		{8B4E7ACC-D71C-4CEF-B046-D65671917F76}.Release|x64.Build.0 = Release|x64
		{8B4E7ACC-D71C-4CEF-B046-D65671917F76}.Release|x86.ActiveCfg = Release|Win32
		{8B4E7ACC-D71C-4CEF-B046-D65671917F76}.Release|x86.Build.0 = Release|Win32
		{5A19F4D8-45ED-461E-A5F1-837EED3A3C98}.Debug|x64.ActiveCfg = Debug|x64
		{5A19F4D8-45ED-461E-A5F1-837EED3A3C98}.Debug|x64.Build.0 = Debug|x64
		{5A19F4D8-45ED-461E-A5F1-837EED3A3C98}.Debug|x86.ActiveCfg = Debug|Win32
		{5A19F4D8-45ED-461E-A5F1-837EED3A3C98}.Debug|x86.Build.0 = Debug|Win32
		{5A19F4D8-45ED-461E-A5F1-837EED3A3C98}.Release|x64.ActiveCfg = Release|x64
		{5A19F4D8-45ED-461E-A5F1-837EED3A3C98}.Release|x64.Build.0 = Release|x64
		{5A19F4D8-45ED-461E-A5F1-837EED3A3C98}.Release|x86.ActiveCfg = Release|Win32
		{5A19F4D8-45ED-461E-A5F1-837EED3A3C98}.Release|x86.Build.0 = Release|Win32
		{406434EB-CB7D-4EBE-A7AF-E39D042101D9}.Debug|x64.ActiveCfg = Debug|x64
		{406434EB-CB7D-4EBE-A7AF-E39D042101D9}.Debug|x64.Build.0 = Debug|x64
		{406434EB-CB7D-4EBE-A7AF-E39D042101D9}.Debug|x86.ActiveCfg = Debug|Win32
		{406434EB-CB7D-4EBE-A7AF-E39D042101D9}.Debug|x86.Build.0 = Debug|Win32
		{406434EB-CB7D-4EBE-A7AF-E39D042101D9}.Release|x64.ActiveCfg = Release|x64
		{406434EB-CB7D-4EBE-A7AF-E39D042101D9}.Release|x64.Build.0 = Release|x64
		{406434EB-CB7D-4EBE-A7AF-E39D042101D9}.Release|x86.ActiveCfg = Release|Win32
		{406434EB-CB7D-4EBE-A7AF-E39D042101D9}.Release|x86.Build.0 = Release|Win32
		{58BFE7FB-B7C1-46F8-822C-7F5AF036EE31}.Debug|x64.ActiveCfg = Debug|x64
		{58BFE7FB-B7C1-46F8-822C-7F5AF036EE31}.Debug|x64.Build.0 = Debug|x64
		{58BFE7FB-B7C1-46F8-822C-7F5AF036EE31}.Debug|x86.ActiveCfg = Debug|Win32
		{58BFE7FB-B7C1-46F8-822C-7F5AF036EE31}.Debug|x86.Build.0 = Debug|Win32
		{58BFE7FB-B7C1-46F8-822C-7F5AF036EE31}.Release|x64.ActiveCfg = Release|x64
		{58BFE7FB-B7C1-46F8-822C-7F5AF036EE31}.Release|x64.Build.0 = Release|x64
		{58BFE7FB-B7C1-46F8-822C-7F5AF036EE31}.Release|x86.ActiveCfg = Release|Win32
		{58BFE7FB-B7C1-46F8-822C-7F5AF036EE31}.Release|x86.Build.0 = Release|Win32
		{67AA0A25-9A93-4373-A82A-237EFCFE3297}.Debug|x64.ActiveCfg = Debug|x64
		{67AA0A25-9A93-4373-A82A-237EFCFE3297}.Debug|x64.Build.0 = Debug|x64
		{67AA0A25-9A93-4373-A82A-237EFCFE3297}.Debug|x86.ActiveCfg = Debug|Win32
		{67AA0A25-9A93-4373-A82A-237EFCFE3297}.Debug|x86.Build.0 = Debug|Win32
		{67AA0A25-9A93-4373-A82A-237EFCFE3297}.Release|x64.ActiveCfg = Release|x64
		{67AA0A25-9A93-4373-A82A-237EFCFE3297}.Release|x64.Build.0 = Release|x64
		{67AA0A25-9A93-4373-A82A-237EFCFE3297}.Release|x86.ActiveCfg = Release|Win32
		{67AA0A25-9A93-4373-A82A-237EFCFE3297}.Release|x86.Build.0 = Release|Win32
	EndGlobalSection
	GlobalSection(SolutionProperties) = preSolution
		HideSolutionNode = FALSE
	EndGlobalSection
	GlobalSection(ExtensibilityGlobals) = postSolution
		SolutionGuid = {0CE4D282-9BC5-49F6-A7C1-0A466F99B6B3}
	EndGlobalSection
EndGlobal
