
Microsoft Visual Studio Solution File, Format Version 12.00
# Visual Studio Version 17
VisualStudioVersion = 17.7.34031.279
MinimumVisualStudioVersion = 10.0.40219.1
Project("{8BC9CEB8-8B4A-11D0-8D11-00A0C91BC942}") = "Bai005", "Bai005\Bai005.vcxproj", "{BB5C54B0-F4A4-40E9-BA28-C73A183F6DA7}"
EndProject
Project("{8BC9CEB8-8B4A-11D0-8D11-00A0C91BC942}") = "Bai010", "Bai010\Bai010.vcxproj", "{269854F8-F556-4308-B7E8-EA3B0C556E24}"
EndProject
Project("{8BC9CEB8-8B4A-11D0-8D11-00A0C91BC942}") = "Bai015", "Bai015\Bai015.vcxproj", "{34F0AE9D-8C2C-44AF-9B7A-5F9DF1C1BA39}"
EndProject
Project("{8BC9CEB8-8B4A-11D0-8D11-00A0C91BC942}") = "Bai020", "Bai020\Bai020.vcxproj", "{69D2BF18-9100-46B4-950F-68B207FA371D}"
EndProject
Project("{8BC9CEB8-8B4A-11D0-8D11-00A0C91BC942}") = "Bai025", "Bai025\Bai025.vcxproj", "{8D599823-B69E-4C44-827A-2FB218A67E06}"
EndProject
Project("{8BC9CEB8-8B4A-11D0-8D11-00A0C91BC942}") = "Bai030", "Bai030\Bai030.vcxproj", "{2F50C47C-EAE9-495B-80A2-56963B4BAB8B}"
EndProject
Project("{8BC9CEB8-8B4A-11D0-8D11-00A0C91BC942}") = "Bai035", "Bai035\Bai035.vcxproj", "{7641FA0B-5A28-421D-8576-974611009F12}"
EndProject
Project("{8BC9CEB8-8B4A-11D0-8D11-00A0C91BC942}") = "Bai040", "Bai040\Bai040.vcxproj", "{792F81BF-8260-4011-91AB-5A979760A3BF}"
EndProject
Project("{8BC9CEB8-8B4A-11D0-8D11-00A0C91BC942}") = "Bai045", "Bai045\Bai045.vcxproj", "{2CD3E7A3-BFFD-43BF-97DF-225EBEBA6CD8}"
EndProject
Project("{8BC9CEB8-8B4A-11D0-8D11-00A0C91BC942}") = "Bai050", "Bai050\Bai050.vcxproj", "{31839733-60C7-412C-9B0B-DB7303317E8C}"
EndProject
Project("{8BC9CEB8-8B4A-11D0-8D11-00A0C91BC942}") = "Bai055", "Bai055\Bai055.vcxproj", "{CCB6A68C-F407-420B-A01A-47CCA98A166B}"
EndProject
Project("{8BC9CEB8-8B4A-11D0-8D11-00A0C91BC942}") = "Bai060", "Bai060\Bai060.vcxproj", "{F069098C-9766-41A7-B5EB-E78DFAC15ED8}"
EndProject
Project("{8BC9CEB8-8B4A-11D0-8D11-00A0C91BC942}") = "Bai065", "Bai065\Bai065.vcxproj", "{9067545E-00BE-4F24-A3F0-DF6872B04C36}"
EndProject
Project("{8BC9CEB8-8B4A-11D0-8D11-00A0C91BC942}") = "Bai070", "Bai070\Bai070.vcxproj", "{A370A04D-CB7C-4413-8691-751E858D1473}"
EndProject
Project("{8BC9CEB8-8B4A-11D0-8D11-00A0C91BC942}") = "Bai075", "Bai075\Bai075.vcxproj", "{DCD41992-49CD-47C8-AACD-271D77E55DFF}"
EndProject
Project("{8BC9CEB8-8B4A-11D0-8D11-00A0C91BC942}") = "Bai080", "Bai080\Bai080.vcxproj", "{043854C2-D8F6-4F8C-BF9D-6E8032B1D228}"
EndProject
Project("{8BC9CEB8-8B4A-11D0-8D11-00A0C91BC942}") = "Bai085", "Bai085\Bai085.vcxproj", "{B3A375A1-F9AB-478C-A787-48F1EB762A21}"
EndProject
Project("{8BC9CEB8-8B4A-11D0-8D11-00A0C91BC942}") = "Bai090", "Bai090\Bai090.vcxproj", "{829B00BD-0835-4670-933E-279EAD08C2BC}"
EndProject
Project("{8BC9CEB8-8B4A-11D0-8D11-00A0C91BC942}") = "Bai095", "Bai095\Bai095.vcxproj", "{31FB8283-0472-4365-AF99-CFA5833E12F6}"
EndProject
Project("{8BC9CEB8-8B4A-11D0-8D11-00A0C91BC942}") = "Bai100", "Bai100\Bai100.vcxproj", "{8CFB8E06-903E-4F39-BAE2-0DB127281CC6}"
EndProject
Project("{8BC9CEB8-8B4A-11D0-8D11-00A0C91BC942}") = "Bai105", "Bai105\Bai105.vcxproj", "{F199455F-EA01-48D0-BC85-0ED5009C3FBC}"
EndProject
Project("{8BC9CEB8-8B4A-11D0-8D11-00A0C91BC942}") = "Bai110", "Bai110\Bai110.vcxproj", "{93D891A8-1EEB-4F54-A08B-FED080211AA3}"
EndProject
Project("{8BC9CEB8-8B4A-11D0-8D11-00A0C91BC942}") = "Bai115", "Bai115\Bai115.vcxproj", "{785AE0CE-E48F-4D8A-BAEB-3C18FDAEE612}"
EndProject
Project("{8BC9CEB8-8B4A-11D0-8D11-00A0C91BC942}") = "Bai120", "Bai120\Bai120.vcxproj", "{08C0B215-82B4-4094-9CBB-29F14F8961CA}"
EndProject
Project("{8BC9CEB8-8B4A-11D0-8D11-00A0C91BC942}") = "Bai125", "Bai125\Bai125.vcxproj", "{172AFBB3-FD01-4E65-BCC3-704D4A8DC3B1}"
EndProject
Project("{8BC9CEB8-8B4A-11D0-8D11-00A0C91BC942}") = "Bai130", "Bai130\Bai130.vcxproj", "{60590147-97C5-4979-800A-2B596E823A61}"
EndProject
Project("{8BC9CEB8-8B4A-11D0-8D11-00A0C91BC942}") = "Bai135", "Bai135\Bai135.vcxproj", "{7D053754-2758-4D7D-AEC3-752EFBA59AF6}"
EndProject
Project("{8BC9CEB8-8B4A-11D0-8D11-00A0C91BC942}") = "Bai140", "Bai140\Bai140.vcxproj", "{B526035B-3D37-4354-99A2-138F0094973E}"
EndProject
Project("{8BC9CEB8-8B4A-11D0-8D11-00A0C91BC942}") = "Bai145", "Bai145\Bai145.vcxproj", "{E13FE1AE-2F39-4C24-A486-AC90A5DFCD13}"
EndProject
Project("{8BC9CEB8-8B4A-11D0-8D11-00A0C91BC942}") = "Bai150", "Bai150\Bai150.vcxproj", "{C6E86A30-BF26-4390-866D-0975E827BE58}"
EndProject
Project("{8BC9CEB8-8B4A-11D0-8D11-00A0C91BC942}") = "Bai155", "Bai155\Bai155.vcxproj", "{17CA3509-4E12-433F-8B8B-F70BA68DEC97}"
EndProject
Project("{8BC9CEB8-8B4A-11D0-8D11-00A0C91BC942}") = "Bai160", "Bai160\Bai160.vcxproj", "{F5E9D57D-6F8E-4ABF-A4C1-A834EBCCDADB}"
EndProject
Project("{8BC9CEB8-8B4A-11D0-8D11-00A0C91BC942}") = "Bai165", "Bai165\Bai165.vcxproj", "{60386B66-444E-4B69-BE24-1390620EE73C}"
EndProject
Project("{8BC9CEB8-8B4A-11D0-8D11-00A0C91BC942}") = "Bai170", "Bai170\Bai170.vcxproj", "{53B708A3-1D4D-43CE-A5F9-C7FF2D6CAD91}"
EndProject
Project("{8BC9CEB8-8B4A-11D0-8D11-00A0C91BC942}") = "Bai175", "Bai175\Bai175.vcxproj", "{2CF15F8E-10F7-43A0-854A-5184BA2E8FAC}"
EndProject
Project("{8BC9CEB8-8B4A-11D0-8D11-00A0C91BC942}") = "Bai180", "Bai180\Bai180.vcxproj", "{CA89B72C-0F5D-40DD-8AF7-7B7D252CF948}"
EndProject
Project("{8BC9CEB8-8B4A-11D0-8D11-00A0C91BC942}") = "Bai185", "Bai185\Bai185.vcxproj", "{F91B9A77-FE78-49EC-ACB0-119C15ADFC0C}"
EndProject
Project("{8BC9CEB8-8B4A-11D0-8D11-00A0C91BC942}") = "Bai190", "Bai190\Bai190.vcxproj", "{6FB4CA9F-0BA0-4DB6-8C61-13FEE6762864}"
EndProject
Global
	GlobalSection(SolutionConfigurationPlatforms) = preSolution
		Debug|x64 = Debug|x64
		Debug|x86 = Debug|x86
		Release|x64 = Release|x64
		Release|x86 = Release|x86
	EndGlobalSection
	GlobalSection(ProjectConfigurationPlatforms) = postSolution
		{BB5C54B0-F4A4-40E9-BA28-C73A183F6DA7}.Debug|x64.ActiveCfg = Debug|x64
		{BB5C54B0-F4A4-40E9-BA28-C73A183F6DA7}.Debug|x64.Build.0 = Debug|x64
		{BB5C54B0-F4A4-40E9-BA28-C73A183F6DA7}.Debug|x86.ActiveCfg = Debug|Win32
		{BB5C54B0-F4A4-40E9-BA28-C73A183F6DA7}.Debug|x86.Build.0 = Debug|Win32
		{BB5C54B0-F4A4-40E9-BA28-C73A183F6DA7}.Release|x64.ActiveCfg = Release|x64
		{BB5C54B0-F4A4-40E9-BA28-C73A183F6DA7}.Release|x64.Build.0 = Release|x64
		{BB5C54B0-F4A4-40E9-BA28-C73A183F6DA7}.Release|x86.ActiveCfg = Release|Win32
		{BB5C54B0-F4A4-40E9-BA28-C73A183F6DA7}.Release|x86.Build.0 = Release|Win32
		{269854F8-F556-4308-B7E8-EA3B0C556E24}.Debug|x64.ActiveCfg = Debug|x64
		{269854F8-F556-4308-B7E8-EA3B0C556E24}.Debug|x64.Build.0 = Debug|x64
		{269854F8-F556-4308-B7E8-EA3B0C556E24}.Debug|x86.ActiveCfg = Debug|Win32
		{269854F8-F556-4308-B7E8-EA3B0C556E24}.Debug|x86.Build.0 = Debug|Win32
		{269854F8-F556-4308-B7E8-EA3B0C556E24}.Release|x64.ActiveCfg = Release|x64
		{269854F8-F556-4308-B7E8-EA3B0C556E24}.Release|x64.Build.0 = Release|x64
		{269854F8-F556-4308-B7E8-EA3B0C556E24}.Release|x86.ActiveCfg = Release|Win32
		{269854F8-F556-4308-B7E8-EA3B0C556E24}.Release|x86.Build.0 = Release|Win32
		{34F0AE9D-8C2C-44AF-9B7A-5F9DF1C1BA39}.Debug|x64.ActiveCfg = Debug|x64
		{34F0AE9D-8C2C-44AF-9B7A-5F9DF1C1BA39}.Debug|x64.Build.0 = Debug|x64
		{34F0AE9D-8C2C-44AF-9B7A-5F9DF1C1BA39}.Debug|x86.ActiveCfg = Debug|Win32
		{34F0AE9D-8C2C-44AF-9B7A-5F9DF1C1BA39}.Debug|x86.Build.0 = Debug|Win32
		{34F0AE9D-8C2C-44AF-9B7A-5F9DF1C1BA39}.Release|x64.ActiveCfg = Release|x64
		{34F0AE9D-8C2C-44AF-9B7A-5F9DF1C1BA39}.Release|x64.Build.0 = Release|x64
		{34F0AE9D-8C2C-44AF-9B7A-5F9DF1C1BA39}.Release|x86.ActiveCfg = Release|Win32
		{34F0AE9D-8C2C-44AF-9B7A-5F9DF1C1BA39}.Release|x86.Build.0 = Release|Win32
		{69D2BF18-9100-46B4-950F-68B207FA371D}.Debug|x64.ActiveCfg = Debug|x64
		{69D2BF18-9100-46B4-950F-68B207FA371D}.Debug|x64.Build.0 = Debug|x64
		{69D2BF18-9100-46B4-950F-68B207FA371D}.Debug|x86.ActiveCfg = Debug|Win32
		{69D2BF18-9100-46B4-950F-68B207FA371D}.Debug|x86.Build.0 = Debug|Win32
		{69D2BF18-9100-46B4-950F-68B207FA371D}.Release|x64.ActiveCfg = Release|x64
		{69D2BF18-9100-46B4-950F-68B207FA371D}.Release|x64.Build.0 = Release|x64
		{69D2BF18-9100-46B4-950F-68B207FA371D}.Release|x86.ActiveCfg = Release|Win32
		{69D2BF18-9100-46B4-950F-68B207FA371D}.Release|x86.Build.0 = Release|Win32
		{8D599823-B69E-4C44-827A-2FB218A67E06}.Debug|x64.ActiveCfg = Debug|x64
		{8D599823-B69E-4C44-827A-2FB218A67E06}.Debug|x64.Build.0 = Debug|x64
		{8D599823-B69E-4C44-827A-2FB218A67E06}.Debug|x86.ActiveCfg = Debug|Win32
		{8D599823-B69E-4C44-827A-2FB218A67E06}.Debug|x86.Build.0 = Debug|Win32
		{8D599823-B69E-4C44-827A-2FB218A67E06}.Release|x64.ActiveCfg = Release|x64
		{8D599823-B69E-4C44-827A-2FB218A67E06}.Release|x64.Build.0 = Release|x64
		{8D599823-B69E-4C44-827A-2FB218A67E06}.Release|x86.ActiveCfg = Release|Win32
		{8D599823-B69E-4C44-827A-2FB218A67E06}.Release|x86.Build.0 = Release|Win32
		{2F50C47C-EAE9-495B-80A2-56963B4BAB8B}.Debug|x64.ActiveCfg = Debug|x64
		{2F50C47C-EAE9-495B-80A2-56963B4BAB8B}.Debug|x64.Build.0 = Debug|x64
		{2F50C47C-EAE9-495B-80A2-56963B4BAB8B}.Debug|x86.ActiveCfg = Debug|Win32
		{2F50C47C-EAE9-495B-80A2-56963B4BAB8B}.Debug|x86.Build.0 = Debug|Win32
		{2F50C47C-EAE9-495B-80A2-56963B4BAB8B}.Release|x64.ActiveCfg = Release|x64
		{2F50C47C-EAE9-495B-80A2-56963B4BAB8B}.Release|x64.Build.0 = Release|x64
		{2F50C47C-EAE9-495B-80A2-56963B4BAB8B}.Release|x86.ActiveCfg = Release|Win32
		{2F50C47C-EAE9-495B-80A2-56963B4BAB8B}.Release|x86.Build.0 = Release|Win32
		{7641FA0B-5A28-421D-8576-974611009F12}.Debug|x64.ActiveCfg = Debug|x64
		{7641FA0B-5A28-421D-8576-974611009F12}.Debug|x64.Build.0 = Debug|x64
		{7641FA0B-5A28-421D-8576-974611009F12}.Debug|x86.ActiveCfg = Debug|Win32
		{7641FA0B-5A28-421D-8576-974611009F12}.Debug|x86.Build.0 = Debug|Win32
		{7641FA0B-5A28-421D-8576-974611009F12}.Release|x64.ActiveCfg = Release|x64
		{7641FA0B-5A28-421D-8576-974611009F12}.Release|x64.Build.0 = Release|x64
		{7641FA0B-5A28-421D-8576-974611009F12}.Release|x86.ActiveCfg = Release|Win32
		{7641FA0B-5A28-421D-8576-974611009F12}.Release|x86.Build.0 = Release|Win32
		{792F81BF-8260-4011-91AB-5A979760A3BF}.Debug|x64.ActiveCfg = Debug|x64
		{792F81BF-8260-4011-91AB-5A979760A3BF}.Debug|x64.Build.0 = Debug|x64
		{792F81BF-8260-4011-91AB-5A979760A3BF}.Debug|x86.ActiveCfg = Debug|Win32
		{792F81BF-8260-4011-91AB-5A979760A3BF}.Debug|x86.Build.0 = Debug|Win32
		{792F81BF-8260-4011-91AB-5A979760A3BF}.Release|x64.ActiveCfg = Release|x64
		{792F81BF-8260-4011-91AB-5A979760A3BF}.Release|x64.Build.0 = Release|x64
		{792F81BF-8260-4011-91AB-5A979760A3BF}.Release|x86.ActiveCfg = Release|Win32
		{792F81BF-8260-4011-91AB-5A979760A3BF}.Release|x86.Build.0 = Release|Win32
		{2CD3E7A3-BFFD-43BF-97DF-225EBEBA6CD8}.Debug|x64.ActiveCfg = Debug|x64
		{2CD3E7A3-BFFD-43BF-97DF-225EBEBA6CD8}.Debug|x64.Build.0 = Debug|x64
		{2CD3E7A3-BFFD-43BF-97DF-225EBEBA6CD8}.Debug|x86.ActiveCfg = Debug|Win32
		{2CD3E7A3-BFFD-43BF-97DF-225EBEBA6CD8}.Debug|x86.Build.0 = Debug|Win32
		{2CD3E7A3-BFFD-43BF-97DF-225EBEBA6CD8}.Release|x64.ActiveCfg = Release|x64
		{2CD3E7A3-BFFD-43BF-97DF-225EBEBA6CD8}.Release|x64.Build.0 = Release|x64
		{2CD3E7A3-BFFD-43BF-97DF-225EBEBA6CD8}.Release|x86.ActiveCfg = Release|Win32
		{2CD3E7A3-BFFD-43BF-97DF-225EBEBA6CD8}.Release|x86.Build.0 = Release|Win32
		{31839733-60C7-412C-9B0B-DB7303317E8C}.Debug|x64.ActiveCfg = Debug|x64
		{31839733-60C7-412C-9B0B-DB7303317E8C}.Debug|x64.Build.0 = Debug|x64
		{31839733-60C7-412C-9B0B-DB7303317E8C}.Debug|x86.ActiveCfg = Debug|Win32
		{31839733-60C7-412C-9B0B-DB7303317E8C}.Debug|x86.Build.0 = Debug|Win32
		{31839733-60C7-412C-9B0B-DB7303317E8C}.Release|x64.ActiveCfg = Release|x64
		{31839733-60C7-412C-9B0B-DB7303317E8C}.Release|x64.Build.0 = Release|x64
		{31839733-60C7-412C-9B0B-DB7303317E8C}.Release|x86.ActiveCfg = Release|Win32
		{31839733-60C7-412C-9B0B-DB7303317E8C}.Release|x86.Build.0 = Release|Win32
		{CCB6A68C-F407-420B-A01A-47CCA98A166B}.Debug|x64.ActiveCfg = Debug|x64
		{CCB6A68C-F407-420B-A01A-47CCA98A166B}.Debug|x64.Build.0 = Debug|x64
		{CCB6A68C-F407-420B-A01A-47CCA98A166B}.Debug|x86.ActiveCfg = Debug|Win32
		{CCB6A68C-F407-420B-A01A-47CCA98A166B}.Debug|x86.Build.0 = Debug|Win32
		{CCB6A68C-F407-420B-A01A-47CCA98A166B}.Release|x64.ActiveCfg = Release|x64
		{CCB6A68C-F407-420B-A01A-47CCA98A166B}.Release|x64.Build.0 = Release|x64
		{CCB6A68C-F407-420B-A01A-47CCA98A166B}.Release|x86.ActiveCfg = Release|Win32
		{CCB6A68C-F407-420B-A01A-47CCA98A166B}.Release|x86.Build.0 = Release|Win32
		{F069098C-9766-41A7-B5EB-E78DFAC15ED8}.Debug|x64.ActiveCfg = Debug|x64
		{F069098C-9766-41A7-B5EB-E78DFAC15ED8}.Debug|x64.Build.0 = Debug|x64
		{F069098C-9766-41A7-B5EB-E78DFAC15ED8}.Debug|x86.ActiveCfg = Debug|Win32
		{F069098C-9766-41A7-B5EB-E78DFAC15ED8}.Debug|x86.Build.0 = Debug|Win32
		{F069098C-9766-41A7-B5EB-E78DFAC15ED8}.Release|x64.ActiveCfg = Release|x64
		{F069098C-9766-41A7-B5EB-E78DFAC15ED8}.Release|x64.Build.0 = Release|x64
		{F069098C-9766-41A7-B5EB-E78DFAC15ED8}.Release|x86.ActiveCfg = Release|Win32
		{F069098C-9766-41A7-B5EB-E78DFAC15ED8}.Release|x86.Build.0 = Release|Win32
		{9067545E-00BE-4F24-A3F0-DF6872B04C36}.Debug|x64.ActiveCfg = Debug|x64
		{9067545E-00BE-4F24-A3F0-DF6872B04C36}.Debug|x64.Build.0 = Debug|x64
		{9067545E-00BE-4F24-A3F0-DF6872B04C36}.Debug|x86.ActiveCfg = Debug|Win32
		{9067545E-00BE-4F24-A3F0-DF6872B04C36}.Debug|x86.Build.0 = Debug|Win32
		{9067545E-00BE-4F24-A3F0-DF6872B04C36}.Release|x64.ActiveCfg = Release|x64
		{9067545E-00BE-4F24-A3F0-DF6872B04C36}.Release|x64.Build.0 = Release|x64
		{9067545E-00BE-4F24-A3F0-DF6872B04C36}.Release|x86.ActiveCfg = Release|Win32
		{9067545E-00BE-4F24-A3F0-DF6872B04C36}.Release|x86.Build.0 = Release|Win32
		{A370A04D-CB7C-4413-8691-751E858D1473}.Debug|x64.ActiveCfg = Debug|x64
		{A370A04D-CB7C-4413-8691-751E858D1473}.Debug|x64.Build.0 = Debug|x64
		{A370A04D-CB7C-4413-8691-751E858D1473}.Debug|x86.ActiveCfg = Debug|Win32
		{A370A04D-CB7C-4413-8691-751E858D1473}.Debug|x86.Build.0 = Debug|Win32
		{A370A04D-CB7C-4413-8691-751E858D1473}.Release|x64.ActiveCfg = Release|x64
		{A370A04D-CB7C-4413-8691-751E858D1473}.Release|x64.Build.0 = Release|x64
		{A370A04D-CB7C-4413-8691-751E858D1473}.Release|x86.ActiveCfg = Release|Win32
		{A370A04D-CB7C-4413-8691-751E858D1473}.Release|x86.Build.0 = Release|Win32
		{DCD41992-49CD-47C8-AACD-271D77E55DFF}.Debug|x64.ActiveCfg = Debug|x64
		{DCD41992-49CD-47C8-AACD-271D77E55DFF}.Debug|x64.Build.0 = Debug|x64
		{DCD41992-49CD-47C8-AACD-271D77E55DFF}.Debug|x86.ActiveCfg = Debug|Win32
		{DCD41992-49CD-47C8-AACD-271D77E55DFF}.Debug|x86.Build.0 = Debug|Win32
		{DCD41992-49CD-47C8-AACD-271D77E55DFF}.Release|x64.ActiveCfg = Release|x64
		{DCD41992-49CD-47C8-AACD-271D77E55DFF}.Release|x64.Build.0 = Release|x64
		{DCD41992-49CD-47C8-AACD-271D77E55DFF}.Release|x86.ActiveCfg = Release|Win32
		{DCD41992-49CD-47C8-AACD-271D77E55DFF}.Release|x86.Build.0 = Release|Win32
		{043854C2-D8F6-4F8C-BF9D-6E8032B1D228}.Debug|x64.ActiveCfg = Debug|x64
		{043854C2-D8F6-4F8C-BF9D-6E8032B1D228}.Debug|x64.Build.0 = Debug|x64
		{043854C2-D8F6-4F8C-BF9D-6E8032B1D228}.Debug|x86.ActiveCfg = Debug|Win32
		{043854C2-D8F6-4F8C-BF9D-6E8032B1D228}.Debug|x86.Build.0 = Debug|Win32
		{043854C2-D8F6-4F8C-BF9D-6E8032B1D228}.Release|x64.ActiveCfg = Release|x64
		{043854C2-D8F6-4F8C-BF9D-6E8032B1D228}.Release|x64.Build.0 = Release|x64
		{043854C2-D8F6-4F8C-BF9D-6E8032B1D228}.Release|x86.ActiveCfg = Release|Win32
		{043854C2-D8F6-4F8C-BF9D-6E8032B1D228}.Release|x86.Build.0 = Release|Win32
		{B3A375A1-F9AB-478C-A787-48F1EB762A21}.Debug|x64.ActiveCfg = Debug|x64
		{B3A375A1-F9AB-478C-A787-48F1EB762A21}.Debug|x64.Build.0 = Debug|x64
		{B3A375A1-F9AB-478C-A787-48F1EB762A21}.Debug|x86.ActiveCfg = Debug|Win32
		{B3A375A1-F9AB-478C-A787-48F1EB762A21}.Debug|x86.Build.0 = Debug|Win32
		{B3A375A1-F9AB-478C-A787-48F1EB762A21}.Release|x64.ActiveCfg = Release|x64
		{B3A375A1-F9AB-478C-A787-48F1EB762A21}.Release|x64.Build.0 = Release|x64
		{B3A375A1-F9AB-478C-A787-48F1EB762A21}.Release|x86.ActiveCfg = Release|Win32
		{B3A375A1-F9AB-478C-A787-48F1EB762A21}.Release|x86.Build.0 = Release|Win32
		{829B00BD-0835-4670-933E-279EAD08C2BC}.Debug|x64.ActiveCfg = Debug|x64
		{829B00BD-0835-4670-933E-279EAD08C2BC}.Debug|x64.Build.0 = Debug|x64
		{829B00BD-0835-4670-933E-279EAD08C2BC}.Debug|x86.ActiveCfg = Debug|Win32
		{829B00BD-0835-4670-933E-279EAD08C2BC}.Debug|x86.Build.0 = Debug|Win32
		{829B00BD-0835-4670-933E-279EAD08C2BC}.Release|x64.ActiveCfg = Release|x64
		{829B00BD-0835-4670-933E-279EAD08C2BC}.Release|x64.Build.0 = Release|x64
		{829B00BD-0835-4670-933E-279EAD08C2BC}.Release|x86.ActiveCfg = Release|Win32
		{829B00BD-0835-4670-933E-279EAD08C2BC}.Release|x86.Build.0 = Release|Win32
		{31FB8283-0472-4365-AF99-CFA5833E12F6}.Debug|x64.ActiveCfg = Debug|x64
		{31FB8283-0472-4365-AF99-CFA5833E12F6}.Debug|x64.Build.0 = Debug|x64
		{31FB8283-0472-4365-AF99-CFA5833E12F6}.Debug|x86.ActiveCfg = Debug|Win32
		{31FB8283-0472-4365-AF99-CFA5833E12F6}.Debug|x86.Build.0 = Debug|Win32
		{31FB8283-0472-4365-AF99-CFA5833E12F6}.Release|x64.ActiveCfg = Release|x64
		{31FB8283-0472-4365-AF99-CFA5833E12F6}.Release|x64.Build.0 = Release|x64
		{31FB8283-0472-4365-AF99-CFA5833E12F6}.Release|x86.ActiveCfg = Release|Win32
		{31FB8283-0472-4365-AF99-CFA5833E12F6}.Release|x86.Build.0 = Release|Win32
		{8CFB8E06-903E-4F39-BAE2-0DB127281CC6}.Debug|x64.ActiveCfg = Debug|x64
		{8CFB8E06-903E-4F39-BAE2-0DB127281CC6}.Debug|x64.Build.0 = Debug|x64
		{8CFB8E06-903E-4F39-BAE2-0DB127281CC6}.Debug|x86.ActiveCfg = Debug|Win32
		{8CFB8E06-903E-4F39-BAE2-0DB127281CC6}.Debug|x86.Build.0 = Debug|Win32
		{8CFB8E06-903E-4F39-BAE2-0DB127281CC6}.Release|x64.ActiveCfg = Release|x64
		{8CFB8E06-903E-4F39-BAE2-0DB127281CC6}.Release|x64.Build.0 = Release|x64
		{8CFB8E06-903E-4F39-BAE2-0DB127281CC6}.Release|x86.ActiveCfg = Release|Win32
		{8CFB8E06-903E-4F39-BAE2-0DB127281CC6}.Release|x86.Build.0 = Release|Win32
		{F199455F-EA01-48D0-BC85-0ED5009C3FBC}.Debug|x64.ActiveCfg = Debug|x64
		{F199455F-EA01-48D0-BC85-0ED5009C3FBC}.Debug|x64.Build.0 = Debug|x64
		{F199455F-EA01-48D0-BC85-0ED5009C3FBC}.Debug|x86.ActiveCfg = Debug|Win32
		{F199455F-EA01-48D0-BC85-0ED5009C3FBC}.Debug|x86.Build.0 = Debug|Win32
		{F199455F-EA01-48D0-BC85-0ED5009C3FBC}.Release|x64.ActiveCfg = Release|x64
		{F199455F-EA01-48D0-BC85-0ED5009C3FBC}.Release|x64.Build.0 = Release|x64
		{F199455F-EA01-48D0-BC85-0ED5009C3FBC}.Release|x86.ActiveCfg = Release|Win32
		{F199455F-EA01-48D0-BC85-0ED5009C3FBC}.Release|x86.Build.0 = Release|Win32
		{93D891A8-1EEB-4F54-A08B-FED080211AA3}.Debug|x64.ActiveCfg = Debug|x64
		{93D891A8-1EEB-4F54-A08B-FED080211AA3}.Debug|x64.Build.0 = Debug|x64
		{93D891A8-1EEB-4F54-A08B-FED080211AA3}.Debug|x86.ActiveCfg = Debug|Win32
		{93D891A8-1EEB-4F54-A08B-FED080211AA3}.Debug|x86.Build.0 = Debug|Win32
		{93D891A8-1EEB-4F54-A08B-FED080211AA3}.Release|x64.ActiveCfg = Release|x64
		{93D891A8-1EEB-4F54-A08B-FED080211AA3}.Release|x64.Build.0 = Release|x64
		{93D891A8-1EEB-4F54-A08B-FED080211AA3}.Release|x86.ActiveCfg = Release|Win32
		{93D891A8-1EEB-4F54-A08B-FED080211AA3}.Release|x86.Build.0 = Release|Win32
		{785AE0CE-E48F-4D8A-BAEB-3C18FDAEE612}.Debug|x64.ActiveCfg = Debug|x64
		{785AE0CE-E48F-4D8A-BAEB-3C18FDAEE612}.Debug|x64.Build.0 = Debug|x64
		{785AE0CE-E48F-4D8A-BAEB-3C18FDAEE612}.Debug|x86.ActiveCfg = Debug|Win32
		{785AE0CE-E48F-4D8A-BAEB-3C18FDAEE612}.Debug|x86.Build.0 = Debug|Win32
		{785AE0CE-E48F-4D8A-BAEB-3C18FDAEE612}.Release|x64.ActiveCfg = Release|x64
		{785AE0CE-E48F-4D8A-BAEB-3C18FDAEE612}.Release|x64.Build.0 = Release|x64
		{785AE0CE-E48F-4D8A-BAEB-3C18FDAEE612}.Release|x86.ActiveCfg = Release|Win32
		{785AE0CE-E48F-4D8A-BAEB-3C18FDAEE612}.Release|x86.Build.0 = Release|Win32
		{08C0B215-82B4-4094-9CBB-29F14F8961CA}.Debug|x64.ActiveCfg = Debug|x64
		{08C0B215-82B4-4094-9CBB-29F14F8961CA}.Debug|x64.Build.0 = Debug|x64
		{08C0B215-82B4-4094-9CBB-29F14F8961CA}.Debug|x86.ActiveCfg = Debug|Win32
		{08C0B215-82B4-4094-9CBB-29F14F8961CA}.Debug|x86.Build.0 = Debug|Win32
		{08C0B215-82B4-4094-9CBB-29F14F8961CA}.Release|x64.ActiveCfg = Release|x64
		{08C0B215-82B4-4094-9CBB-29F14F8961CA}.Release|x64.Build.0 = Release|x64
		{08C0B215-82B4-4094-9CBB-29F14F8961CA}.Release|x86.ActiveCfg = Release|Win32
		{08C0B215-82B4-4094-9CBB-29F14F8961CA}.Release|x86.Build.0 = Release|Win32
		{172AFBB3-FD01-4E65-BCC3-704D4A8DC3B1}.Debug|x64.ActiveCfg = Debug|x64
		{172AFBB3-FD01-4E65-BCC3-704D4A8DC3B1}.Debug|x64.Build.0 = Debug|x64
		{172AFBB3-FD01-4E65-BCC3-704D4A8DC3B1}.Debug|x86.ActiveCfg = Debug|Win32
		{172AFBB3-FD01-4E65-BCC3-704D4A8DC3B1}.Debug|x86.Build.0 = Debug|Win32
		{172AFBB3-FD01-4E65-BCC3-704D4A8DC3B1}.Release|x64.ActiveCfg = Release|x64
		{172AFBB3-FD01-4E65-BCC3-704D4A8DC3B1}.Release|x64.Build.0 = Release|x64
		{172AFBB3-FD01-4E65-BCC3-704D4A8DC3B1}.Release|x86.ActiveCfg = Release|Win32
		{172AFBB3-FD01-4E65-BCC3-704D4A8DC3B1}.Release|x86.Build.0 = Release|Win32
		{60590147-97C5-4979-800A-2B596E823A61}.Debug|x64.ActiveCfg = Debug|x64
		{60590147-97C5-4979-800A-2B596E823A61}.Debug|x64.Build.0 = Debug|x64
		{60590147-97C5-4979-800A-2B596E823A61}.Debug|x86.ActiveCfg = Debug|Win32
		{60590147-97C5-4979-800A-2B596E823A61}.Debug|x86.Build.0 = Debug|Win32
		{60590147-97C5-4979-800A-2B596E823A61}.Release|x64.ActiveCfg = Release|x64
		{60590147-97C5-4979-800A-2B596E823A61}.Release|x64.Build.0 = Release|x64
		{60590147-97C5-4979-800A-2B596E823A61}.Release|x86.ActiveCfg = Release|Win32
		{60590147-97C5-4979-800A-2B596E823A61}.Release|x86.Build.0 = Release|Win32
		{7D053754-2758-4D7D-AEC3-752EFBA59AF6}.Debug|x64.ActiveCfg = Debug|x64
		{7D053754-2758-4D7D-AEC3-752EFBA59AF6}.Debug|x64.Build.0 = Debug|x64
		{7D053754-2758-4D7D-AEC3-752EFBA59AF6}.Debug|x86.ActiveCfg = Debug|Win32
		{7D053754-2758-4D7D-AEC3-752EFBA59AF6}.Debug|x86.Build.0 = Debug|Win32
		{7D053754-2758-4D7D-AEC3-752EFBA59AF6}.Release|x64.ActiveCfg = Release|x64
		{7D053754-2758-4D7D-AEC3-752EFBA59AF6}.Release|x64.Build.0 = Release|x64
		{7D053754-2758-4D7D-AEC3-752EFBA59AF6}.Release|x86.ActiveCfg = Release|Win32
		{7D053754-2758-4D7D-AEC3-752EFBA59AF6}.Release|x86.Build.0 = Release|Win32
		{B526035B-3D37-4354-99A2-138F0094973E}.Debug|x64.ActiveCfg = Debug|x64
		{B526035B-3D37-4354-99A2-138F0094973E}.Debug|x64.Build.0 = Debug|x64
		{B526035B-3D37-4354-99A2-138F0094973E}.Debug|x86.ActiveCfg = Debug|Win32
		{B526035B-3D37-4354-99A2-138F0094973E}.Debug|x86.Build.0 = Debug|Win32
		{B526035B-3D37-4354-99A2-138F0094973E}.Release|x64.ActiveCfg = Release|x64
		{B526035B-3D37-4354-99A2-138F0094973E}.Release|x64.Build.0 = Release|x64
		{B526035B-3D37-4354-99A2-138F0094973E}.Release|x86.ActiveCfg = Release|Win32
		{B526035B-3D37-4354-99A2-138F0094973E}.Release|x86.Build.0 = Release|Win32
		{E13FE1AE-2F39-4C24-A486-AC90A5DFCD13}.Debug|x64.ActiveCfg = Debug|x64
		{E13FE1AE-2F39-4C24-A486-AC90A5DFCD13}.Debug|x64.Build.0 = Debug|x64
		{E13FE1AE-2F39-4C24-A486-AC90A5DFCD13}.Debug|x86.ActiveCfg = Debug|Win32
		{E13FE1AE-2F39-4C24-A486-AC90A5DFCD13}.Debug|x86.Build.0 = Debug|Win32
		{E13FE1AE-2F39-4C24-A486-AC90A5DFCD13}.Release|x64.ActiveCfg = Release|x64
		{E13FE1AE-2F39-4C24-A486-AC90A5DFCD13}.Release|x64.Build.0 = Release|x64
		{E13FE1AE-2F39-4C24-A486-AC90A5DFCD13}.Release|x86.ActiveCfg = Release|Win32
		{E13FE1AE-2F39-4C24-A486-AC90A5DFCD13}.Release|x86.Build.0 = Release|Win32
		{C6E86A30-BF26-4390-866D-0975E827BE58}.Debug|x64.ActiveCfg = Debug|x64
		{C6E86A30-BF26-4390-866D-0975E827BE58}.Debug|x64.Build.0 = Debug|x64
		{C6E86A30-BF26-4390-866D-0975E827BE58}.Debug|x86.ActiveCfg = Debug|Win32
		{C6E86A30-BF26-4390-866D-0975E827BE58}.Debug|x86.Build.0 = Debug|Win32
		{C6E86A30-BF26-4390-866D-0975E827BE58}.Release|x64.ActiveCfg = Release|x64
		{C6E86A30-BF26-4390-866D-0975E827BE58}.Release|x64.Build.0 = Release|x64
		{C6E86A30-BF26-4390-866D-0975E827BE58}.Release|x86.ActiveCfg = Release|Win32
		{C6E86A30-BF26-4390-866D-0975E827BE58}.Release|x86.Build.0 = Release|Win32
		{17CA3509-4E12-433F-8B8B-F70BA68DEC97}.Debug|x64.ActiveCfg = Debug|x64
		{17CA3509-4E12-433F-8B8B-F70BA68DEC97}.Debug|x64.Build.0 = Debug|x64
		{17CA3509-4E12-433F-8B8B-F70BA68DEC97}.Debug|x86.ActiveCfg = Debug|Win32
		{17CA3509-4E12-433F-8B8B-F70BA68DEC97}.Debug|x86.Build.0 = Debug|Win32
		{17CA3509-4E12-433F-8B8B-F70BA68DEC97}.Release|x64.ActiveCfg = Release|x64
		{17CA3509-4E12-433F-8B8B-F70BA68DEC97}.Release|x64.Build.0 = Release|x64
		{17CA3509-4E12-433F-8B8B-F70BA68DEC97}.Release|x86.ActiveCfg = Release|Win32
		{17CA3509-4E12-433F-8B8B-F70BA68DEC97}.Release|x86.Build.0 = Release|Win32
		{F5E9D57D-6F8E-4ABF-A4C1-A834EBCCDADB}.Debug|x64.ActiveCfg = Debug|x64
		{F5E9D57D-6F8E-4ABF-A4C1-A834EBCCDADB}.Debug|x64.Build.0 = Debug|x64
		{F5E9D57D-6F8E-4ABF-A4C1-A834EBCCDADB}.Debug|x86.ActiveCfg = Debug|Win32
		{F5E9D57D-6F8E-4ABF-A4C1-A834EBCCDADB}.Debug|x86.Build.0 = Debug|Win32
		{F5E9D57D-6F8E-4ABF-A4C1-A834EBCCDADB}.Release|x64.ActiveCfg = Release|x64
		{F5E9D57D-6F8E-4ABF-A4C1-A834EBCCDADB}.Release|x64.Build.0 = Release|x64
		{F5E9D57D-6F8E-4ABF-A4C1-A834EBCCDADB}.Release|x86.ActiveCfg = Release|Win32
		{F5E9D57D-6F8E-4ABF-A4C1-A834EBCCDADB}.Release|x86.Build.0 = Release|Win32
		{60386B66-444E-4B69-BE24-1390620EE73C}.Debug|x64.ActiveCfg = Debug|x64
		{60386B66-444E-4B69-BE24-1390620EE73C}.Debug|x64.Build.0 = Debug|x64
		{60386B66-444E-4B69-BE24-1390620EE73C}.Debug|x86.ActiveCfg = Debug|Win32
		{60386B66-444E-4B69-BE24-1390620EE73C}.Debug|x86.Build.0 = Debug|Win32
		{60386B66-444E-4B69-BE24-1390620EE73C}.Release|x64.ActiveCfg = Release|x64
		{60386B66-444E-4B69-BE24-1390620EE73C}.Release|x64.Build.0 = Release|x64
		{60386B66-444E-4B69-BE24-1390620EE73C}.Release|x86.ActiveCfg = Release|Win32
		{60386B66-444E-4B69-BE24-1390620EE73C}.Release|x86.Build.0 = Release|Win32
		{53B708A3-1D4D-43CE-A5F9-C7FF2D6CAD91}.Debug|x64.ActiveCfg = Debug|x64
		{53B708A3-1D4D-43CE-A5F9-C7FF2D6CAD91}.Debug|x64.Build.0 = Debug|x64
		{53B708A3-1D4D-43CE-A5F9-C7FF2D6CAD91}.Debug|x86.ActiveCfg = Debug|Win32
		{53B708A3-1D4D-43CE-A5F9-C7FF2D6CAD91}.Debug|x86.Build.0 = Debug|Win32
		{53B708A3-1D4D-43CE-A5F9-C7FF2D6CAD91}.Release|x64.ActiveCfg = Release|x64
		{53B708A3-1D4D-43CE-A5F9-C7FF2D6CAD91}.Release|x64.Build.0 = Release|x64
		{53B708A3-1D4D-43CE-A5F9-C7FF2D6CAD91}.Release|x86.ActiveCfg = Release|Win32
		{53B708A3-1D4D-43CE-A5F9-C7FF2D6CAD91}.Release|x86.Build.0 = Release|Win32
		{2CF15F8E-10F7-43A0-854A-5184BA2E8FAC}.Debug|x64.ActiveCfg = Debug|x64
		{2CF15F8E-10F7-43A0-854A-5184BA2E8FAC}.Debug|x64.Build.0 = Debug|x64
		{2CF15F8E-10F7-43A0-854A-5184BA2E8FAC}.Debug|x86.ActiveCfg = Debug|Win32
		{2CF15F8E-10F7-43A0-854A-5184BA2E8FAC}.Debug|x86.Build.0 = Debug|Win32
		{2CF15F8E-10F7-43A0-854A-5184BA2E8FAC}.Release|x64.ActiveCfg = Release|x64
		{2CF15F8E-10F7-43A0-854A-5184BA2E8FAC}.Release|x64.Build.0 = Release|x64
		{2CF15F8E-10F7-43A0-854A-5184BA2E8FAC}.Release|x86.ActiveCfg = Release|Win32
		{2CF15F8E-10F7-43A0-854A-5184BA2E8FAC}.Release|x86.Build.0 = Release|Win32
		{CA89B72C-0F5D-40DD-8AF7-7B7D252CF948}.Debug|x64.ActiveCfg = Debug|x64
		{CA89B72C-0F5D-40DD-8AF7-7B7D252CF948}.Debug|x64.Build.0 = Debug|x64
		{CA89B72C-0F5D-40DD-8AF7-7B7D252CF948}.Debug|x86.ActiveCfg = Debug|Win32
		{CA89B72C-0F5D-40DD-8AF7-7B7D252CF948}.Debug|x86.Build.0 = Debug|Win32
		{CA89B72C-0F5D-40DD-8AF7-7B7D252CF948}.Release|x64.ActiveCfg = Release|x64
		{CA89B72C-0F5D-40DD-8AF7-7B7D252CF948}.Release|x64.Build.0 = Release|x64
		{CA89B72C-0F5D-40DD-8AF7-7B7D252CF948}.Release|x86.ActiveCfg = Release|Win32
		{CA89B72C-0F5D-40DD-8AF7-7B7D252CF948}.Release|x86.Build.0 = Release|Win32
		{F91B9A77-FE78-49EC-ACB0-119C15ADFC0C}.Debug|x64.ActiveCfg = Debug|x64
		{F91B9A77-FE78-49EC-ACB0-119C15ADFC0C}.Debug|x64.Build.0 = Debug|x64
		{F91B9A77-FE78-49EC-ACB0-119C15ADFC0C}.Debug|x86.ActiveCfg = Debug|Win32
		{F91B9A77-FE78-49EC-ACB0-119C15ADFC0C}.Debug|x86.Build.0 = Debug|Win32
		{F91B9A77-FE78-49EC-ACB0-119C15ADFC0C}.Release|x64.ActiveCfg = Release|x64
		{F91B9A77-FE78-49EC-ACB0-119C15ADFC0C}.Release|x64.Build.0 = Release|x64
		{F91B9A77-FE78-49EC-ACB0-119C15ADFC0C}.Release|x86.ActiveCfg = Release|Win32
		{F91B9A77-FE78-49EC-ACB0-119C15ADFC0C}.Release|x86.Build.0 = Release|Win32
		{6FB4CA9F-0BA0-4DB6-8C61-13FEE6762864}.Debug|x64.ActiveCfg = Debug|x64
		{6FB4CA9F-0BA0-4DB6-8C61-13FEE6762864}.Debug|x64.Build.0 = Debug|x64
		{6FB4CA9F-0BA0-4DB6-8C61-13FEE6762864}.Debug|x86.ActiveCfg = Debug|Win32
		{6FB4CA9F-0BA0-4DB6-8C61-13FEE6762864}.Debug|x86.Build.0 = Debug|Win32
		{6FB4CA9F-0BA0-4DB6-8C61-13FEE6762864}.Release|x64.ActiveCfg = Release|x64
		{6FB4CA9F-0BA0-4DB6-8C61-13FEE6762864}.Release|x64.Build.0 = Release|x64
		{6FB4CA9F-0BA0-4DB6-8C61-13FEE6762864}.Release|x86.ActiveCfg = Release|Win32
		{6FB4CA9F-0BA0-4DB6-8C61-13FEE6762864}.Release|x86.Build.0 = Release|Win32
	EndGlobalSection
	GlobalSection(SolutionProperties) = preSolution
		HideSolutionNode = FALSE
	EndGlobalSection
	GlobalSection(ExtensibilityGlobals) = postSolution
		SolutionGuid = {34B31BC5-F70C-4F52-926F-8A2EB67A1DDF}
	EndGlobalSection
EndGlobal
