
Microsoft Visual Studio Solution File, Format Version 12.00
# Visual Studio Version 17
VisualStudioVersion = 17.7.34031.279
MinimumVisualStudioVersion = 10.0.40219.1
Project("{8BC9CEB8-8B4A-11D0-8D11-00A0C91BC942}") = "Bai005", "Bai005\Bai005.vcxproj", "{BB5C54B0-F4A4-40E9-BA28-C73A183F6DA7}"
EndProject
Project("{8BC9CEB8-8B4A-11D0-8D11-00A0C91BC942}") = "Bai010", "Bai010\Bai010.vcxproj", "{269854F8-F556-4308-B7E8-EA3B0C556E24}"
EndProject
Project("{8BC9CEB8-8B4A-11D0-8D11-00A0C91BC942}") = "Bai015", "Bai015\Bai015.vcxproj", "{34F0AE9D-8C2C-44AF-9B7A-5F9DF1C1BA39}"
EndProject
Project("{8BC9CEB8-8B4A-11D0-8D11-00A0C91BC942}") = "Bai020", "Bai020\Bai020.vcxproj", "{69D2BF18-9100-46B4-950F-68B207FA371D}"
EndProject
Project("{8BC9CEB8-8B4A-11D0-8D11-00A0C91BC942}") = "Bai025", "Bai025\Bai025.vcxproj", "{8D599823-B69E-4C44-827A-2FB218A67E06}"
EndProject
Project("{8BC9CEB8-8B4A-11D0-8D11-00A0C91BC942}") = "Bai030", "Bai030\Bai030.vcxproj", "{2F50C47C-EAE9-495B-80A2-56963B4BAB8B}"
EndProject
Project("{8BC9CEB8-8B4A-11D0-8D11-00A0C91BC942}") = "Bai035", "Bai035\Bai035.vcxproj", "{7641FA0B-5A28-421D-8576-974611009F12}"
EndProject
Project("{8BC9CEB8-8B4A-11D0-8D11-00A0C91BC942}") = "Bai040", "Bai040\Bai040.vcxproj", "{792F81BF-8260-4011-91AB-5A979760A3BF}"
EndProject
Project("{8BC9CEB8-8B4A-11D0-8D11-00A0C91BC942}") = "Bai045", "Bai045\Bai045.vcxproj", "{2CD3E7A3-BFFD-43BF-97DF-225EBEBA6CD8}"
EndProject
Project("{8BC9CEB8-8B4A-11D0-8D11-00A0C91BC942}") = "Bai050", "Bai050\Bai050.vcxproj", "{31839733-60C7-412C-9B0B-DB7303317E8C}"
EndProject
Project("{8BC9CEB8-8B4A-11D0-8D11-00A0C91BC942}") = "Bai055", "Bai055\Bai055.vcxproj", "{CCB6A68C-F407-420B-A01A-47CCA98A166B}"
EndProject
Project("{8BC9CEB8-8B4A-11D0-8D11-00A0C91BC942}") = "Bai060", "Bai060\Bai060.vcxproj", "{F069098C-9766-41A7-B5EB-E78DFAC15ED8}"
EndProject
Project("{8BC9CEB8-8B4A-11D0-8D11-00A0C91BC942}") = "Bai065", "Bai065\Bai065.vcxproj", "{9067545E-00BE-4F24-A3F0-DF6872B04C36}"
EndProject
Project("{8BC9CEB8-8B4A-11D0-8D11-00A0C91BC942}") = "Bai070", "Bai070\Bai070.vcxproj", "{A370A04D-CB7C-4413-8691-751E858D1473}"
EndProject
Global
	GlobalSection(SolutionConfigurationPlatforms) = preSolution
		Debug|x64 = Debug|x64
		Debug|x86 = Debug|x86
		Release|x64 = Release|x64
		Release|x86 = Release|x86
	EndGlobalSection
	GlobalSection(ProjectConfigurationPlatforms) = postSolution
		{BB5C54B0-F4A4-40E9-BA28-C73A183F6DA7}.Debug|x64.ActiveCfg = Debug|x64
		{BB5C54B0-F4A4-40E9-BA28-C73A183F6DA7}.Debug|x64.Build.0 = Debug|x64
		{BB5C54B0-F4A4-40E9-BA28-C73A183F6DA7}.Debug|x86.ActiveCfg = Debug|Win32
		{BB5C54B0-F4A4-40E9-BA28-C73A183F6DA7}.Debug|x86.Build.0 = Debug|Win32
		{BB5C54B0-F4A4-40E9-BA28-C73A183F6DA7}.Release|x64.ActiveCfg = Release|x64
		{BB5C54B0-F4A4-40E9-BA28-C73A183F6DA7}.Release|x64.Build.0 = Release|x64
		{BB5C54B0-F4A4-40E9-BA28-C73A183F6DA7}.Release|x86.ActiveCfg = Release|Win32
		{BB5C54B0-F4A4-40E9-BA28-C73A183F6DA7}.Release|x86.Build.0 = Release|Win32
		{269854F8-F556-4308-B7E8-EA3B0C556E24}.Debug|x64.ActiveCfg = Debug|x64
		{269854F8-F556-4308-B7E8-EA3B0C556E24}.Debug|x64.Build.0 = Debug|x64
		{269854F8-F556-4308-B7E8-EA3B0C556E24}.Debug|x86.ActiveCfg = Debug|Win32
		{269854F8-F556-4308-B7E8-EA3B0C556E24}.Debug|x86.Build.0 = Debug|Win32
		{269854F8-F556-4308-B7E8-EA3B0C556E24}.Release|x64.ActiveCfg = Release|x64
		{269854F8-F556-4308-B7E8-EA3B0C556E24}.Release|x64.Build.0 = Release|x64
		{269854F8-F556-4308-B7E8-EA3B0C556E24}.Release|x86.ActiveCfg = Release|Win32
		{269854F8-F556-4308-B7E8-EA3B0C556E24}.Release|x86.Build.0 = Release|Win32
		{34F0AE9D-8C2C-44AF-9B7A-5F9DF1C1BA39}.Debug|x64.ActiveCfg = Debug|x64
		{34F0AE9D-8C2C-44AF-9B7A-5F9DF1C1BA39}.Debug|x64.Build.0 = Debug|x64
		{34F0AE9D-8C2C-44AF-9B7A-5F9DF1C1BA39}.Debug|x86.ActiveCfg = Debug|Win32
		{34F0AE9D-8C2C-44AF-9B7A-5F9DF1C1BA39}.Debug|x86.Build.0 = Debug|Win32
		{34F0AE9D-8C2C-44AF-9B7A-5F9DF1C1BA39}.Release|x64.ActiveCfg = Release|x64
		{34F0AE9D-8C2C-44AF-9B7A-5F9DF1C1BA39}.Release|x64.Build.0 = Release|x64
		{34F0AE9D-8C2C-44AF-9B7A-5F9DF1C1BA39}.Release|x86.ActiveCfg = Release|Win32
		{34F0AE9D-8C2C-44AF-9B7A-5F9DF1C1BA39}.Release|x86.Build.0 = Release|Win32
		{69D2BF18-9100-46B4-950F-68B207FA371D}.Debug|x64.ActiveCfg = Debug|x64
		{69D2BF18-9100-46B4-950F-68B207FA371D}.Debug|x64.Build.0 = Debug|x64
		{69D2BF18-9100-46B4-950F-68B207FA371D}.Debug|x86.ActiveCfg = Debug|Win32
		{69D2BF18-9100-46B4-950F-68B207FA371D}.Debug|x86.Build.0 = Debug|Win32
		{69D2BF18-9100-46B4-950F-68B207FA371D}.Release|x64.ActiveCfg = Release|x64
		{69D2BF18-9100-46B4-950F-68B207FA371D}.Release|x64.Build.0 = Release|x64
		{69D2BF18-9100-46B4-950F-68B207FA371D}.Release|x86.ActiveCfg = Release|Win32
		{69D2BF18-9100-46B4-950F-68B207FA371D}.Release|x86.Build.0 = Release|Win32
		{8D599823-B69E-4C44-827A-2FB218A67E06}.Debug|x64.ActiveCfg = Debug|x64
		{8D599823-B69E-4C44-827A-2FB218A67E06}.Debug|x64.Build.0 = Debug|x64
		{8D599823-B69E-4C44-827A-2FB218A67E06}.Debug|x86.ActiveCfg = Debug|Win32
		{8D599823-B69E-4C44-827A-2FB218A67E06}.Debug|x86.Build.0 = Debug|Win32
		{8D599823-B69E-4C44-827A-2FB218A67E06}.Release|x64.ActiveCfg = Release|x64
		{8D599823-B69E-4C44-827A-2FB218A67E06}.Release|x64.Build.0 = Release|x64
		{8D599823-B69E-4C44-827A-2FB218A67E06}.Release|x86.ActiveCfg = Release|Win32
		{8D599823-B69E-4C44-827A-2FB218A67E06}.Release|x86.Build.0 = Release|Win32
		{2F50C47C-EAE9-495B-80A2-56963B4BAB8B}.Debug|x64.ActiveCfg = Debug|x64
		{2F50C47C-EAE9-495B-80A2-56963B4BAB8B}.Debug|x64.Build.0 = Debug|x64
		{2F50C47C-EAE9-495B-80A2-56963B4BAB8B}.Debug|x86.ActiveCfg = Debug|Win32
		{2F50C47C-EAE9-495B-80A2-56963B4BAB8B}.Debug|x86.Build.0 = Debug|Win32
		{2F50C47C-EAE9-495B-80A2-56963B4BAB8B}.Release|x64.ActiveCfg = Release|x64
		{2F50C47C-EAE9-495B-80A2-56963B4BAB8B}.Release|x64.Build.0 = Release|x64
		{2F50C47C-EAE9-495B-80A2-56963B4BAB8B}.Release|x86.ActiveCfg = Release|Win32
		{2F50C47C-EAE9-495B-80A2-56963B4BAB8B}.Release|x86.Build.0 = Release|Win32
		{7641FA0B-5A28-421D-8576-974611009F12}.Debug|x64.ActiveCfg = Debug|x64
		{7641FA0B-5A28-421D-8576-974611009F12}.Debug|x64.Build.0 = Debug|x64
		{7641FA0B-5A28-421D-8576-974611009F12}.Debug|x86.ActiveCfg = Debug|Win32
		{7641FA0B-5A28-421D-8576-974611009F12}.Debug|x86.Build.0 = Debug|Win32
		{7641FA0B-5A28-421D-8576-974611009F12}.Release|x64.ActiveCfg = Release|x64
		{7641FA0B-5A28-421D-8576-974611009F12}.Release|x64.Build.0 = Release|x64
		{7641FA0B-5A28-421D-8576-974611009F12}.Release|x86.ActiveCfg = Release|Win32
		{7641FA0B-5A28-421D-8576-974611009F12}.Release|x86.Build.0 = Release|Win32
		{792F81BF-8260-4011-91AB-5A979760A3BF}.Debug|x64.ActiveCfg = Debug|x64
		{792F81BF-8260-4011-91AB-5A979760A3BF}.Debug|x64.Build.0 = Debug|x64
		{792F81BF-8260-4011-91AB-5A979760A3BF}.Debug|x86.ActiveCfg = Debug|Win32
		{792F81BF-8260-4011-91AB-5A979760A3BF}.Debug|x86.Build.0 = Debug|Win32
		{792F81BF-8260-4011-91AB-5A979760A3BF}.Release|x64.ActiveCfg = Release|x64
		{792F81BF-8260-4011-91AB-5A979760A3BF}.Release|x64.Build.0 = Release|x64
		{792F81BF-8260-4011-91AB-5A979760A3BF}.Release|x86.ActiveCfg = Release|Win32
		{792F81BF-8260-4011-91AB-5A979760A3BF}.Release|x86.Build.0 = Release|Win32
		{2CD3E7A3-BFFD-43BF-97DF-225EBEBA6CD8}.Debug|x64.ActiveCfg = Debug|x64
		{2CD3E7A3-BFFD-43BF-97DF-225EBEBA6CD8}.Debug|x64.Build.0 = Debug|x64
		{2CD3E7A3-BFFD-43BF-97DF-225EBEBA6CD8}.Debug|x86.ActiveCfg = Debug|Win32
		{2CD3E7A3-BFFD-43BF-97DF-225EBEBA6CD8}.Debug|x86.Build.0 = Debug|Win32
		{2CD3E7A3-BFFD-43BF-97DF-225EBEBA6CD8}.Release|x64.ActiveCfg = Release|x64
		{2CD3E7A3-BFFD-43BF-97DF-225EBEBA6CD8}.Release|x64.Build.0 = Release|x64
		{2CD3E7A3-BFFD-43BF-97DF-225EBEBA6CD8}.Release|x86.ActiveCfg = Release|Win32
		{2CD3E7A3-BFFD-43BF-97DF-225EBEBA6CD8}.Release|x86.Build.0 = Release|Win32
		{31839733-60C7-412C-9B0B-DB7303317E8C}.Debug|x64.ActiveCfg = Debug|x64
		{31839733-60C7-412C-9B0B-DB7303317E8C}.Debug|x64.Build.0 = Debug|x64
		{31839733-60C7-412C-9B0B-DB7303317E8C}.Debug|x86.ActiveCfg = Debug|Win32
		{31839733-60C7-412C-9B0B-DB7303317E8C}.Debug|x86.Build.0 = Debug|Win32
		{31839733-60C7-412C-9B0B-DB7303317E8C}.Release|x64.ActiveCfg = Release|x64
		{31839733-60C7-412C-9B0B-DB7303317E8C}.Release|x64.Build.0 = Release|x64
		{31839733-60C7-412C-9B0B-DB7303317E8C}.Release|x86.ActiveCfg = Release|Win32
		{31839733-60C7-412C-9B0B-DB7303317E8C}.Release|x86.Build.0 = Release|Win32
		{CCB6A68C-F407-420B-A01A-47CCA98A166B}.Debug|x64.ActiveCfg = Debug|x64
		{CCB6A68C-F407-420B-A01A-47CCA98A166B}.Debug|x64.Build.0 = Debug|x64
		{CCB6A68C-F407-420B-A01A-47CCA98A166B}.Debug|x86.ActiveCfg = Debug|Win32
		{CCB6A68C-F407-420B-A01A-47CCA98A166B}.Debug|x86.Build.0 = Debug|Win32
		{CCB6A68C-F407-420B-A01A-47CCA98A166B}.Release|x64.ActiveCfg = Release|x64
		{CCB6A68C-F407-420B-A01A-47CCA98A166B}.Release|x64.Build.0 = Release|x64
		{CCB6A68C-F407-420B-A01A-47CCA98A166B}.Release|x86.ActiveCfg = Release|Win32
		{CCB6A68C-F407-420B-A01A-47CCA98A166B}.Release|x86.Build.0 = Release|Win32
		{F069098C-9766-41A7-B5EB-E78DFAC15ED8}.Debug|x64.ActiveCfg = Debug|x64
		{F069098C-9766-41A7-B5EB-E78DFAC15ED8}.Debug|x64.Build.0 = Debug|x64
		{F069098C-9766-41A7-B5EB-E78DFAC15ED8}.Debug|x86.ActiveCfg = Debug|Win32
		{F069098C-9766-41A7-B5EB-E78DFAC15ED8}.Debug|x86.Build.0 = Debug|Win32
		{F069098C-9766-41A7-B5EB-E78DFAC15ED8}.Release|x64.ActiveCfg = Release|x64
		{F069098C-9766-41A7-B5EB-E78DFAC15ED8}.Release|x64.Build.0 = Release|x64
		{F069098C-9766-41A7-B5EB-E78DFAC15ED8}.Release|x86.ActiveCfg = Release|Win32
		{F069098C-9766-41A7-B5EB-E78DFAC15ED8}.Release|x86.Build.0 = Release|Win32
		{9067545E-00BE-4F24-A3F0-DF6872B04C36}.Debug|x64.ActiveCfg = Debug|x64
		{9067545E-00BE-4F24-A3F0-DF6872B04C36}.Debug|x64.Build.0 = Debug|x64
		{9067545E-00BE-4F24-A3F0-DF6872B04C36}.Debug|x86.ActiveCfg = Debug|Win32
		{9067545E-00BE-4F24-A3F0-DF6872B04C36}.Debug|x86.Build.0 = Debug|Win32
		{9067545E-00BE-4F24-A3F0-DF6872B04C36}.Release|x64.ActiveCfg = Release|x64
		{9067545E-00BE-4F24-A3F0-DF6872B04C36}.Release|x64.Build.0 = Release|x64
		{9067545E-00BE-4F24-A3F0-DF6872B04C36}.Release|x86.ActiveCfg = Release|Win32
		{9067545E-00BE-4F24-A3F0-DF6872B04C36}.Release|x86.Build.0 = Release|Win32
		{A370A04D-CB7C-4413-8691-751E858D1473}.Debug|x64.ActiveCfg = Debug|x64
		{A370A04D-CB7C-4413-8691-751E858D1473}.Debug|x64.Build.0 = Debug|x64
		{A370A04D-CB7C-4413-8691-751E858D1473}.Debug|x86.ActiveCfg = Debug|Win32
		{A370A04D-CB7C-4413-8691-751E858D1473}.Debug|x86.Build.0 = Debug|Win32
		{A370A04D-CB7C-4413-8691-751E858D1473}.Release|x64.ActiveCfg = Release|x64
		{A370A04D-CB7C-4413-8691-751E858D1473}.Release|x64.Build.0 = Release|x64
		{A370A04D-CB7C-4413-8691-751E858D1473}.Release|x86.ActiveCfg = Release|Win32
		{A370A04D-CB7C-4413-8691-751E858D1473}.Release|x86.Build.0 = Release|Win32
	EndGlobalSection
	GlobalSection(SolutionProperties) = preSolution
		HideSolutionNode = FALSE
	EndGlobalSection
	GlobalSection(ExtensibilityGlobals) = postSolution
		SolutionGuid = {34B31BC5-F70C-4F52-926F-8A2EB67A1DDF}
	EndGlobalSection
EndGlobal
