
Microsoft Visual Studio Solution File, Format Version 12.00
# Visual Studio Version 17
VisualStudioVersion = 17.7.34031.279
MinimumVisualStudioVersion = 10.0.40219.1
Project("{8BC9CEB8-8B4A-11D0-8D11-00A0C91BC942}") = "Bai004", "Bai004\Bai004.vcxproj", "{0075BA49-33DC-4DBC-9851-FB5C05779069}"
EndProject
Project("{8BC9CEB8-8B4A-11D0-8D11-00A0C91BC942}") = "Bai009", "Bai009\Bai009.vcxproj", "{6C6DBA94-D084-4A88-8278-E2F129E6DD30}"
EndProject
Project("{8BC9CEB8-8B4A-11D0-8D11-00A0C91BC942}") = "Bai014", "Bai014\Bai014.vcxproj", "{1B3C1BB5-6818-4E5F-BE9F-76A1D247CEE7}"
EndProject
Project("{8BC9CEB8-8B4A-11D0-8D11-00A0C91BC942}") = "Bai019", "Bai019\Bai019.vcxproj", "{4158EC88-B2EE-4B93-8AB4-53360FEF6DCB}"
EndProject
Project("{8BC9CEB8-8B4A-11D0-8D11-00A0C91BC942}") = "Bai024", "Bai024\Bai024.vcxproj", "{36A32CE6-44CF-44DF-84DC-19C66647740D}"
EndProject
Project("{8BC9CEB8-8B4A-11D0-8D11-00A0C91BC942}") = "Bai029", "Bai029\Bai029.vcxproj", "{FDE7549F-C8E3-4442-B964-9E9E31260758}"
EndProject
Project("{8BC9CEB8-8B4A-11D0-8D11-00A0C91BC942}") = "Bai034", "Bai034\Bai034.vcxproj", "{501A325F-713A-43D6-AE61-DA9AAA0E61C3}"
EndProject
Project("{8BC9CEB8-8B4A-11D0-8D11-00A0C91BC942}") = "Bai039", "Bai039\Bai039.vcxproj", "{97CEE2AB-48EF-49F8-94DA-9E6B36DF0B3A}"
EndProject
Project("{8BC9CEB8-8B4A-11D0-8D11-00A0C91BC942}") = "Bai044", "Bai044\Bai044.vcxproj", "{1F9BF85F-7565-4159-BBB7-9BD98ABB5DD0}"
EndProject
Project("{8BC9CEB8-8B4A-11D0-8D11-00A0C91BC942}") = "Bai049", "Bai049\Bai049.vcxproj", "{E809F5BE-2C61-4AE1-B1CE-E5FCB2969699}"
EndProject
Project("{8BC9CEB8-8B4A-11D0-8D11-00A0C91BC942}") = "Bai054", "Bai054\Bai054.vcxproj", "{4166BB61-0FDD-4505-AEFB-5646B4C5EF42}"
EndProject
Project("{8BC9CEB8-8B4A-11D0-8D11-00A0C91BC942}") = "Bai059", "Bai059\Bai059.vcxproj", "{135CF814-4D2A-49DC-B894-7AD86394252C}"
EndProject
Project("{8BC9CEB8-8B4A-11D0-8D11-00A0C91BC942}") = "Bai064", "Bai064\Bai064.vcxproj", "{5A14E798-9974-40E1-870D-4AAD14F7B0DF}"
EndProject
Project("{8BC9CEB8-8B4A-11D0-8D11-00A0C91BC942}") = "Bai069", "Bai069\Bai069.vcxproj", "{BA94CE1D-D7BE-44AB-ABE4-FA7A88CD09A6}"
EndProject
Project("{8BC9CEB8-8B4A-11D0-8D11-00A0C91BC942}") = "Bai074", "Bai074\Bai074.vcxproj", "{011FEB68-6735-4566-8BD5-BEE863EC2D3D}"
EndProject
Project("{8BC9CEB8-8B4A-11D0-8D11-00A0C91BC942}") = "Bai079", "Bai079\Bai079.vcxproj", "{01A2F971-8375-4494-B73A-EEAD04F9296F}"
EndProject
Project("{8BC9CEB8-8B4A-11D0-8D11-00A0C91BC942}") = "Bai084", "Bai084\Bai084.vcxproj", "{994FA37E-47A4-4D78-B149-B8DDC8857630}"
EndProject
Project("{8BC9CEB8-8B4A-11D0-8D11-00A0C91BC942}") = "Bai089", "Bai089\Bai089.vcxproj", "{A61CB887-4ADA-459A-B1D8-E5B674239FAA}"
EndProject
Project("{8BC9CEB8-8B4A-11D0-8D11-00A0C91BC942}") = "Bai094", "Bai094\Bai094.vcxproj", "{80A5FB7F-3954-448E-B69E-C37D21BC3D65}"
EndProject
Project("{8BC9CEB8-8B4A-11D0-8D11-00A0C91BC942}") = "Bai099", "Bai099\Bai099.vcxproj", "{7351C605-0C69-4732-98DF-E9653C3734CC}"
EndProject
Project("{8BC9CEB8-8B4A-11D0-8D11-00A0C91BC942}") = "Bai104", "Bai104\Bai104.vcxproj", "{22EAA52A-0E77-40A0-BB35-645C4BBC0920}"
EndProject
Project("{8BC9CEB8-8B4A-11D0-8D11-00A0C91BC942}") = "Bai109", "Bai109\Bai109.vcxproj", "{B97E3ED4-AA0F-4DDF-BAE3-B539DBFE6FE7}"
EndProject
Project("{8BC9CEB8-8B4A-11D0-8D11-00A0C91BC942}") = "Bai114", "Bai114\Bai114.vcxproj", "{AE9DDF26-CEFA-480F-9015-16152AC29756}"
EndProject
Project("{8BC9CEB8-8B4A-11D0-8D11-00A0C91BC942}") = "Bai119", "Bai119\Bai119.vcxproj", "{B841DDEF-5AE5-4BE8-9014-2275B5470132}"
EndProject
Project("{8BC9CEB8-8B4A-11D0-8D11-00A0C91BC942}") = "Bai124", "Bai124\Bai124.vcxproj", "{35D6F158-2D44-4BB3-ACF2-E04047226B93}"
EndProject
Project("{8BC9CEB8-8B4A-11D0-8D11-00A0C91BC942}") = "Bai129", "Bai129\Bai129.vcxproj", "{A7FF215F-8D25-4235-9AE4-02FD47159B5A}"
EndProject
Project("{8BC9CEB8-8B4A-11D0-8D11-00A0C91BC942}") = "Bai134", "Bai134\Bai134.vcxproj", "{790B4BDF-766B-4430-B23C-14EA250441DF}"
EndProject
Project("{8BC9CEB8-8B4A-11D0-8D11-00A0C91BC942}") = "Bai139", "Bai139\Bai139.vcxproj", "{AEEE33D1-B0D9-48A7-B3AB-FB8E797C4A51}"
EndProject
Project("{8BC9CEB8-8B4A-11D0-8D11-00A0C91BC942}") = "Bai144", "Bai144\Bai144.vcxproj", "{02E5A6A7-1B55-42F9-99CD-D526CC22245E}"
EndProject
Project("{8BC9CEB8-8B4A-11D0-8D11-00A0C91BC942}") = "Bai149", "Bai149\Bai149.vcxproj", "{7C45C0BB-71EB-4A5F-96B8-FF5B5F572BEA}"
EndProject
Project("{8BC9CEB8-8B4A-11D0-8D11-00A0C91BC942}") = "Bai154", "Bai154\Bai154.vcxproj", "{8BE3F0B8-0ACB-4499-8F37-C4F06B64D9B8}"
EndProject
Project("{8BC9CEB8-8B4A-11D0-8D11-00A0C91BC942}") = "Bai159", "Bai159\Bai159.vcxproj", "{3C10B413-5ADD-405E-8522-AED3A9F048DC}"
EndProject
Project("{8BC9CEB8-8B4A-11D0-8D11-00A0C91BC942}") = "Bai164", "Bai164\Bai164.vcxproj", "{580B5534-D673-458A-BEF6-C8C048016C16}"
EndProject
Project("{8BC9CEB8-8B4A-11D0-8D11-00A0C91BC942}") = "Bai169", "Bai169\Bai169.vcxproj", "{4B3E3A3F-57AB-419D-8EC8-BD8ADCE3D2EB}"
EndProject
Project("{8BC9CEB8-8B4A-11D0-8D11-00A0C91BC942}") = "Bai174", "Bai174\Bai174.vcxproj", "{D58A018E-8160-4091-A21D-715459418C5B}"
EndProject
Project("{8BC9CEB8-8B4A-11D0-8D11-00A0C91BC942}") = "Bai179", "Bai179\Bai179.vcxproj", "{541D1E26-FC5F-4705-8FD8-DE55CFDAC1C6}"
EndProject
Project("{8BC9CEB8-8B4A-11D0-8D11-00A0C91BC942}") = "Bai184", "Bai184\Bai184.vcxproj", "{4ED09264-8538-4C4A-BE74-93542D11C322}"
EndProject
Global
	GlobalSection(SolutionConfigurationPlatforms) = preSolution
		Debug|x64 = Debug|x64
		Debug|x86 = Debug|x86
		Release|x64 = Release|x64
		Release|x86 = Release|x86
	EndGlobalSection
	GlobalSection(ProjectConfigurationPlatforms) = postSolution
		{0075BA49-33DC-4DBC-9851-FB5C05779069}.Debug|x64.ActiveCfg = Debug|x64
		{0075BA49-33DC-4DBC-9851-FB5C05779069}.Debug|x64.Build.0 = Debug|x64
		{0075BA49-33DC-4DBC-9851-FB5C05779069}.Debug|x86.ActiveCfg = Debug|Win32
		{0075BA49-33DC-4DBC-9851-FB5C05779069}.Debug|x86.Build.0 = Debug|Win32
		{0075BA49-33DC-4DBC-9851-FB5C05779069}.Release|x64.ActiveCfg = Release|x64
		{0075BA49-33DC-4DBC-9851-FB5C05779069}.Release|x64.Build.0 = Release|x64
		{0075BA49-33DC-4DBC-9851-FB5C05779069}.Release|x86.ActiveCfg = Release|Win32
		{0075BA49-33DC-4DBC-9851-FB5C05779069}.Release|x86.Build.0 = Release|Win32
		{6C6DBA94-D084-4A88-8278-E2F129E6DD30}.Debug|x64.ActiveCfg = Debug|x64
		{6C6DBA94-D084-4A88-8278-E2F129E6DD30}.Debug|x64.Build.0 = Debug|x64
		{6C6DBA94-D084-4A88-8278-E2F129E6DD30}.Debug|x86.ActiveCfg = Debug|Win32
		{6C6DBA94-D084-4A88-8278-E2F129E6DD30}.Debug|x86.Build.0 = Debug|Win32
		{6C6DBA94-D084-4A88-8278-E2F129E6DD30}.Release|x64.ActiveCfg = Release|x64
		{6C6DBA94-D084-4A88-8278-E2F129E6DD30}.Release|x64.Build.0 = Release|x64
		{6C6DBA94-D084-4A88-8278-E2F129E6DD30}.Release|x86.ActiveCfg = Release|Win32
		{6C6DBA94-D084-4A88-8278-E2F129E6DD30}.Release|x86.Build.0 = Release|Win32
		{1B3C1BB5-6818-4E5F-BE9F-76A1D247CEE7}.Debug|x64.ActiveCfg = Debug|x64
		{1B3C1BB5-6818-4E5F-BE9F-76A1D247CEE7}.Debug|x64.Build.0 = Debug|x64
		{1B3C1BB5-6818-4E5F-BE9F-76A1D247CEE7}.Debug|x86.ActiveCfg = Debug|Win32
		{1B3C1BB5-6818-4E5F-BE9F-76A1D247CEE7}.Debug|x86.Build.0 = Debug|Win32
		{1B3C1BB5-6818-4E5F-BE9F-76A1D247CEE7}.Release|x64.ActiveCfg = Release|x64
		{1B3C1BB5-6818-4E5F-BE9F-76A1D247CEE7}.Release|x64.Build.0 = Release|x64
		{1B3C1BB5-6818-4E5F-BE9F-76A1D247CEE7}.Release|x86.ActiveCfg = Release|Win32
		{1B3C1BB5-6818-4E5F-BE9F-76A1D247CEE7}.Release|x86.Build.0 = Release|Win32
		{4158EC88-B2EE-4B93-8AB4-53360FEF6DCB}.Debug|x64.ActiveCfg = Debug|x64
		{4158EC88-B2EE-4B93-8AB4-53360FEF6DCB}.Debug|x64.Build.0 = Debug|x64
		{4158EC88-B2EE-4B93-8AB4-53360FEF6DCB}.Debug|x86.ActiveCfg = Debug|Win32
		{4158EC88-B2EE-4B93-8AB4-53360FEF6DCB}.Debug|x86.Build.0 = Debug|Win32
		{4158EC88-B2EE-4B93-8AB4-53360FEF6DCB}.Release|x64.ActiveCfg = Release|x64
		{4158EC88-B2EE-4B93-8AB4-53360FEF6DCB}.Release|x64.Build.0 = Release|x64
		{4158EC88-B2EE-4B93-8AB4-53360FEF6DCB}.Release|x86.ActiveCfg = Release|Win32
		{4158EC88-B2EE-4B93-8AB4-53360FEF6DCB}.Release|x86.Build.0 = Release|Win32
		{36A32CE6-44CF-44DF-84DC-19C66647740D}.Debug|x64.ActiveCfg = Debug|x64
		{36A32CE6-44CF-44DF-84DC-19C66647740D}.Debug|x64.Build.0 = Debug|x64
		{36A32CE6-44CF-44DF-84DC-19C66647740D}.Debug|x86.ActiveCfg = Debug|Win32
		{36A32CE6-44CF-44DF-84DC-19C66647740D}.Debug|x86.Build.0 = Debug|Win32
		{36A32CE6-44CF-44DF-84DC-19C66647740D}.Release|x64.ActiveCfg = Release|x64
		{36A32CE6-44CF-44DF-84DC-19C66647740D}.Release|x64.Build.0 = Release|x64
		{36A32CE6-44CF-44DF-84DC-19C66647740D}.Release|x86.ActiveCfg = Release|Win32
		{36A32CE6-44CF-44DF-84DC-19C66647740D}.Release|x86.Build.0 = Release|Win32
		{FDE7549F-C8E3-4442-B964-9E9E31260758}.Debug|x64.ActiveCfg = Debug|x64
		{FDE7549F-C8E3-4442-B964-9E9E31260758}.Debug|x64.Build.0 = Debug|x64
		{FDE7549F-C8E3-4442-B964-9E9E31260758}.Debug|x86.ActiveCfg = Debug|Win32
		{FDE7549F-C8E3-4442-B964-9E9E31260758}.Debug|x86.Build.0 = Debug|Win32
		{FDE7549F-C8E3-4442-B964-9E9E31260758}.Release|x64.ActiveCfg = Release|x64
		{FDE7549F-C8E3-4442-B964-9E9E31260758}.Release|x64.Build.0 = Release|x64
		{FDE7549F-C8E3-4442-B964-9E9E31260758}.Release|x86.ActiveCfg = Release|Win32
		{FDE7549F-C8E3-4442-B964-9E9E31260758}.Release|x86.Build.0 = Release|Win32
		{501A325F-713A-43D6-AE61-DA9AAA0E61C3}.Debug|x64.ActiveCfg = Debug|x64
		{501A325F-713A-43D6-AE61-DA9AAA0E61C3}.Debug|x64.Build.0 = Debug|x64
		{501A325F-713A-43D6-AE61-DA9AAA0E61C3}.Debug|x86.ActiveCfg = Debug|Win32
		{501A325F-713A-43D6-AE61-DA9AAA0E61C3}.Debug|x86.Build.0 = Debug|Win32
		{501A325F-713A-43D6-AE61-DA9AAA0E61C3}.Release|x64.ActiveCfg = Release|x64
		{501A325F-713A-43D6-AE61-DA9AAA0E61C3}.Release|x64.Build.0 = Release|x64
		{501A325F-713A-43D6-AE61-DA9AAA0E61C3}.Release|x86.ActiveCfg = Release|Win32
		{501A325F-713A-43D6-AE61-DA9AAA0E61C3}.Release|x86.Build.0 = Release|Win32
		{97CEE2AB-48EF-49F8-94DA-9E6B36DF0B3A}.Debug|x64.ActiveCfg = Debug|x64
		{97CEE2AB-48EF-49F8-94DA-9E6B36DF0B3A}.Debug|x64.Build.0 = Debug|x64
		{97CEE2AB-48EF-49F8-94DA-9E6B36DF0B3A}.Debug|x86.ActiveCfg = Debug|Win32
		{97CEE2AB-48EF-49F8-94DA-9E6B36DF0B3A}.Debug|x86.Build.0 = Debug|Win32
		{97CEE2AB-48EF-49F8-94DA-9E6B36DF0B3A}.Release|x64.ActiveCfg = Release|x64
		{97CEE2AB-48EF-49F8-94DA-9E6B36DF0B3A}.Release|x64.Build.0 = Release|x64
		{97CEE2AB-48EF-49F8-94DA-9E6B36DF0B3A}.Release|x86.ActiveCfg = Release|Win32
		{97CEE2AB-48EF-49F8-94DA-9E6B36DF0B3A}.Release|x86.Build.0 = Release|Win32
		{1F9BF85F-7565-4159-BBB7-9BD98ABB5DD0}.Debug|x64.ActiveCfg = Debug|x64
		{1F9BF85F-7565-4159-BBB7-9BD98ABB5DD0}.Debug|x64.Build.0 = Debug|x64
		{1F9BF85F-7565-4159-BBB7-9BD98ABB5DD0}.Debug|x86.ActiveCfg = Debug|Win32
		{1F9BF85F-7565-4159-BBB7-9BD98ABB5DD0}.Debug|x86.Build.0 = Debug|Win32
		{1F9BF85F-7565-4159-BBB7-9BD98ABB5DD0}.Release|x64.ActiveCfg = Release|x64
		{1F9BF85F-7565-4159-BBB7-9BD98ABB5DD0}.Release|x64.Build.0 = Release|x64
		{1F9BF85F-7565-4159-BBB7-9BD98ABB5DD0}.Release|x86.ActiveCfg = Release|Win32
		{1F9BF85F-7565-4159-BBB7-9BD98ABB5DD0}.Release|x86.Build.0 = Release|Win32
		{E809F5BE-2C61-4AE1-B1CE-E5FCB2969699}.Debug|x64.ActiveCfg = Debug|x64
		{E809F5BE-2C61-4AE1-B1CE-E5FCB2969699}.Debug|x64.Build.0 = Debug|x64
		{E809F5BE-2C61-4AE1-B1CE-E5FCB2969699}.Debug|x86.ActiveCfg = Debug|Win32
		{E809F5BE-2C61-4AE1-B1CE-E5FCB2969699}.Debug|x86.Build.0 = Debug|Win32
		{E809F5BE-2C61-4AE1-B1CE-E5FCB2969699}.Release|x64.ActiveCfg = Release|x64
		{E809F5BE-2C61-4AE1-B1CE-E5FCB2969699}.Release|x64.Build.0 = Release|x64
		{E809F5BE-2C61-4AE1-B1CE-E5FCB2969699}.Release|x86.ActiveCfg = Release|Win32
		{E809F5BE-2C61-4AE1-B1CE-E5FCB2969699}.Release|x86.Build.0 = Release|Win32
		{4166BB61-0FDD-4505-AEFB-5646B4C5EF42}.Debug|x64.ActiveCfg = Debug|x64
		{4166BB61-0FDD-4505-AEFB-5646B4C5EF42}.Debug|x64.Build.0 = Debug|x64
		{4166BB61-0FDD-4505-AEFB-5646B4C5EF42}.Debug|x86.ActiveCfg = Debug|Win32
		{4166BB61-0FDD-4505-AEFB-5646B4C5EF42}.Debug|x86.Build.0 = Debug|Win32
		{4166BB61-0FDD-4505-AEFB-5646B4C5EF42}.Release|x64.ActiveCfg = Release|x64
		{4166BB61-0FDD-4505-AEFB-5646B4C5EF42}.Release|x64.Build.0 = Release|x64
		{4166BB61-0FDD-4505-AEFB-5646B4C5EF42}.Release|x86.ActiveCfg = Release|Win32
		{4166BB61-0FDD-4505-AEFB-5646B4C5EF42}.Release|x86.Build.0 = Release|Win32
		{135CF814-4D2A-49DC-B894-7AD86394252C}.Debug|x64.ActiveCfg = Debug|x64
		{135CF814-4D2A-49DC-B894-7AD86394252C}.Debug|x64.Build.0 = Debug|x64
		{135CF814-4D2A-49DC-B894-7AD86394252C}.Debug|x86.ActiveCfg = Debug|Win32
		{135CF814-4D2A-49DC-B894-7AD86394252C}.Debug|x86.Build.0 = Debug|Win32
		{135CF814-4D2A-49DC-B894-7AD86394252C}.Release|x64.ActiveCfg = Release|x64
		{135CF814-4D2A-49DC-B894-7AD86394252C}.Release|x64.Build.0 = Release|x64
		{135CF814-4D2A-49DC-B894-7AD86394252C}.Release|x86.ActiveCfg = Release|Win32
		{135CF814-4D2A-49DC-B894-7AD86394252C}.Release|x86.Build.0 = Release|Win32
		{5A14E798-9974-40E1-870D-4AAD14F7B0DF}.Debug|x64.ActiveCfg = Debug|x64
		{5A14E798-9974-40E1-870D-4AAD14F7B0DF}.Debug|x64.Build.0 = Debug|x64
		{5A14E798-9974-40E1-870D-4AAD14F7B0DF}.Debug|x86.ActiveCfg = Debug|Win32
		{5A14E798-9974-40E1-870D-4AAD14F7B0DF}.Debug|x86.Build.0 = Debug|Win32
		{5A14E798-9974-40E1-870D-4AAD14F7B0DF}.Release|x64.ActiveCfg = Release|x64
		{5A14E798-9974-40E1-870D-4AAD14F7B0DF}.Release|x64.Build.0 = Release|x64
		{5A14E798-9974-40E1-870D-4AAD14F7B0DF}.Release|x86.ActiveCfg = Release|Win32
		{5A14E798-9974-40E1-870D-4AAD14F7B0DF}.Release|x86.Build.0 = Release|Win32
		{BA94CE1D-D7BE-44AB-ABE4-FA7A88CD09A6}.Debug|x64.ActiveCfg = Debug|x64
		{BA94CE1D-D7BE-44AB-ABE4-FA7A88CD09A6}.Debug|x64.Build.0 = Debug|x64
		{BA94CE1D-D7BE-44AB-ABE4-FA7A88CD09A6}.Debug|x86.ActiveCfg = Debug|Win32
		{BA94CE1D-D7BE-44AB-ABE4-FA7A88CD09A6}.Debug|x86.Build.0 = Debug|Win32
		{BA94CE1D-D7BE-44AB-ABE4-FA7A88CD09A6}.Release|x64.ActiveCfg = Release|x64
		{BA94CE1D-D7BE-44AB-ABE4-FA7A88CD09A6}.Release|x64.Build.0 = Release|x64
		{BA94CE1D-D7BE-44AB-ABE4-FA7A88CD09A6}.Release|x86.ActiveCfg = Release|Win32
		{BA94CE1D-D7BE-44AB-ABE4-FA7A88CD09A6}.Release|x86.Build.0 = Release|Win32
		{011FEB68-6735-4566-8BD5-BEE863EC2D3D}.Debug|x64.ActiveCfg = Debug|x64
		{011FEB68-6735-4566-8BD5-BEE863EC2D3D}.Debug|x64.Build.0 = Debug|x64
		{011FEB68-6735-4566-8BD5-BEE863EC2D3D}.Debug|x86.ActiveCfg = Debug|Win32
		{011FEB68-6735-4566-8BD5-BEE863EC2D3D}.Debug|x86.Build.0 = Debug|Win32
		{011FEB68-6735-4566-8BD5-BEE863EC2D3D}.Release|x64.ActiveCfg = Release|x64
		{011FEB68-6735-4566-8BD5-BEE863EC2D3D}.Release|x64.Build.0 = Release|x64
		{011FEB68-6735-4566-8BD5-BEE863EC2D3D}.Release|x86.ActiveCfg = Release|Win32
		{011FEB68-6735-4566-8BD5-BEE863EC2D3D}.Release|x86.Build.0 = Release|Win32
		{01A2F971-8375-4494-B73A-EEAD04F9296F}.Debug|x64.ActiveCfg = Debug|x64
		{01A2F971-8375-4494-B73A-EEAD04F9296F}.Debug|x64.Build.0 = Debug|x64
		{01A2F971-8375-4494-B73A-EEAD04F9296F}.Debug|x86.ActiveCfg = Debug|Win32
		{01A2F971-8375-4494-B73A-EEAD04F9296F}.Debug|x86.Build.0 = Debug|Win32
		{01A2F971-8375-4494-B73A-EEAD04F9296F}.Release|x64.ActiveCfg = Release|x64
		{01A2F971-8375-4494-B73A-EEAD04F9296F}.Release|x64.Build.0 = Release|x64
		{01A2F971-8375-4494-B73A-EEAD04F9296F}.Release|x86.ActiveCfg = Release|Win32
		{01A2F971-8375-4494-B73A-EEAD04F9296F}.Release|x86.Build.0 = Release|Win32
		{994FA37E-47A4-4D78-B149-B8DDC8857630}.Debug|x64.ActiveCfg = Debug|x64
		{994FA37E-47A4-4D78-B149-B8DDC8857630}.Debug|x64.Build.0 = Debug|x64
		{994FA37E-47A4-4D78-B149-B8DDC8857630}.Debug|x86.ActiveCfg = Debug|Win32
		{994FA37E-47A4-4D78-B149-B8DDC8857630}.Debug|x86.Build.0 = Debug|Win32
		{994FA37E-47A4-4D78-B149-B8DDC8857630}.Release|x64.ActiveCfg = Release|x64
		{994FA37E-47A4-4D78-B149-B8DDC8857630}.Release|x64.Build.0 = Release|x64
		{994FA37E-47A4-4D78-B149-B8DDC8857630}.Release|x86.ActiveCfg = Release|Win32
		{994FA37E-47A4-4D78-B149-B8DDC8857630}.Release|x86.Build.0 = Release|Win32
		{A61CB887-4ADA-459A-B1D8-E5B674239FAA}.Debug|x64.ActiveCfg = Debug|x64
		{A61CB887-4ADA-459A-B1D8-E5B674239FAA}.Debug|x64.Build.0 = Debug|x64
		{A61CB887-4ADA-459A-B1D8-E5B674239FAA}.Debug|x86.ActiveCfg = Debug|Win32
		{A61CB887-4ADA-459A-B1D8-E5B674239FAA}.Debug|x86.Build.0 = Debug|Win32
		{A61CB887-4ADA-459A-B1D8-E5B674239FAA}.Release|x64.ActiveCfg = Release|x64
		{A61CB887-4ADA-459A-B1D8-E5B674239FAA}.Release|x64.Build.0 = Release|x64
		{A61CB887-4ADA-459A-B1D8-E5B674239FAA}.Release|x86.ActiveCfg = Release|Win32
		{A61CB887-4ADA-459A-B1D8-E5B674239FAA}.Release|x86.Build.0 = Release|Win32
		{80A5FB7F-3954-448E-B69E-C37D21BC3D65}.Debug|x64.ActiveCfg = Debug|x64
		{80A5FB7F-3954-448E-B69E-C37D21BC3D65}.Debug|x64.Build.0 = Debug|x64
		{80A5FB7F-3954-448E-B69E-C37D21BC3D65}.Debug|x86.ActiveCfg = Debug|Win32
		{80A5FB7F-3954-448E-B69E-C37D21BC3D65}.Debug|x86.Build.0 = Debug|Win32
		{80A5FB7F-3954-448E-B69E-C37D21BC3D65}.Release|x64.ActiveCfg = Release|x64
		{80A5FB7F-3954-448E-B69E-C37D21BC3D65}.Release|x64.Build.0 = Release|x64
		{80A5FB7F-3954-448E-B69E-C37D21BC3D65}.Release|x86.ActiveCfg = Release|Win32
		{80A5FB7F-3954-448E-B69E-C37D21BC3D65}.Release|x86.Build.0 = Release|Win32
		{7351C605-0C69-4732-98DF-E9653C3734CC}.Debug|x64.ActiveCfg = Debug|x64
		{7351C605-0C69-4732-98DF-E9653C3734CC}.Debug|x64.Build.0 = Debug|x64
		{7351C605-0C69-4732-98DF-E9653C3734CC}.Debug|x86.ActiveCfg = Debug|Win32
		{7351C605-0C69-4732-98DF-E9653C3734CC}.Debug|x86.Build.0 = Debug|Win32
		{7351C605-0C69-4732-98DF-E9653C3734CC}.Release|x64.ActiveCfg = Release|x64
		{7351C605-0C69-4732-98DF-E9653C3734CC}.Release|x64.Build.0 = Release|x64
		{7351C605-0C69-4732-98DF-E9653C3734CC}.Release|x86.ActiveCfg = Release|Win32
		{7351C605-0C69-4732-98DF-E9653C3734CC}.Release|x86.Build.0 = Release|Win32
		{22EAA52A-0E77-40A0-BB35-645C4BBC0920}.Debug|x64.ActiveCfg = Debug|x64
		{22EAA52A-0E77-40A0-BB35-645C4BBC0920}.Debug|x64.Build.0 = Debug|x64
		{22EAA52A-0E77-40A0-BB35-645C4BBC0920}.Debug|x86.ActiveCfg = Debug|Win32
		{22EAA52A-0E77-40A0-BB35-645C4BBC0920}.Debug|x86.Build.0 = Debug|Win32
		{22EAA52A-0E77-40A0-BB35-645C4BBC0920}.Release|x64.ActiveCfg = Release|x64
		{22EAA52A-0E77-40A0-BB35-645C4BBC0920}.Release|x64.Build.0 = Release|x64
		{22EAA52A-0E77-40A0-BB35-645C4BBC0920}.Release|x86.ActiveCfg = Release|Win32
		{22EAA52A-0E77-40A0-BB35-645C4BBC0920}.Release|x86.Build.0 = Release|Win32
		{B97E3ED4-AA0F-4DDF-BAE3-B539DBFE6FE7}.Debug|x64.ActiveCfg = Debug|x64
		{B97E3ED4-AA0F-4DDF-BAE3-B539DBFE6FE7}.Debug|x64.Build.0 = Debug|x64
		{B97E3ED4-AA0F-4DDF-BAE3-B539DBFE6FE7}.Debug|x86.ActiveCfg = Debug|Win32
		{B97E3ED4-AA0F-4DDF-BAE3-B539DBFE6FE7}.Debug|x86.Build.0 = Debug|Win32
		{B97E3ED4-AA0F-4DDF-BAE3-B539DBFE6FE7}.Release|x64.ActiveCfg = Release|x64
		{B97E3ED4-AA0F-4DDF-BAE3-B539DBFE6FE7}.Release|x64.Build.0 = Release|x64
		{B97E3ED4-AA0F-4DDF-BAE3-B539DBFE6FE7}.Release|x86.ActiveCfg = Release|Win32
		{B97E3ED4-AA0F-4DDF-BAE3-B539DBFE6FE7}.Release|x86.Build.0 = Release|Win32
		{AE9DDF26-CEFA-480F-9015-16152AC29756}.Debug|x64.ActiveCfg = Debug|x64
		{AE9DDF26-CEFA-480F-9015-16152AC29756}.Debug|x64.Build.0 = Debug|x64
		{AE9DDF26-CEFA-480F-9015-16152AC29756}.Debug|x86.ActiveCfg = Debug|Win32
		{AE9DDF26-CEFA-480F-9015-16152AC29756}.Debug|x86.Build.0 = Debug|Win32
		{AE9DDF26-CEFA-480F-9015-16152AC29756}.Release|x64.ActiveCfg = Release|x64
		{AE9DDF26-CEFA-480F-9015-16152AC29756}.Release|x64.Build.0 = Release|x64
		{AE9DDF26-CEFA-480F-9015-16152AC29756}.Release|x86.ActiveCfg = Release|Win32
		{AE9DDF26-CEFA-480F-9015-16152AC29756}.Release|x86.Build.0 = Release|Win32
		{B841DDEF-5AE5-4BE8-9014-2275B5470132}.Debug|x64.ActiveCfg = Debug|x64
		{B841DDEF-5AE5-4BE8-9014-2275B5470132}.Debug|x64.Build.0 = Debug|x64
		{B841DDEF-5AE5-4BE8-9014-2275B5470132}.Debug|x86.ActiveCfg = Debug|Win32
		{B841DDEF-5AE5-4BE8-9014-2275B5470132}.Debug|x86.Build.0 = Debug|Win32
		{B841DDEF-5AE5-4BE8-9014-2275B5470132}.Release|x64.ActiveCfg = Release|x64
		{B841DDEF-5AE5-4BE8-9014-2275B5470132}.Release|x64.Build.0 = Release|x64
		{B841DDEF-5AE5-4BE8-9014-2275B5470132}.Release|x86.ActiveCfg = Release|Win32
		{B841DDEF-5AE5-4BE8-9014-2275B5470132}.Release|x86.Build.0 = Release|Win32
		{35D6F158-2D44-4BB3-ACF2-E04047226B93}.Debug|x64.ActiveCfg = Debug|x64
		{35D6F158-2D44-4BB3-ACF2-E04047226B93}.Debug|x64.Build.0 = Debug|x64
		{35D6F158-2D44-4BB3-ACF2-E04047226B93}.Debug|x86.ActiveCfg = Debug|Win32
		{35D6F158-2D44-4BB3-ACF2-E04047226B93}.Debug|x86.Build.0 = Debug|Win32
		{35D6F158-2D44-4BB3-ACF2-E04047226B93}.Release|x64.ActiveCfg = Release|x64
		{35D6F158-2D44-4BB3-ACF2-E04047226B93}.Release|x64.Build.0 = Release|x64
		{35D6F158-2D44-4BB3-ACF2-E04047226B93}.Release|x86.ActiveCfg = Release|Win32
		{35D6F158-2D44-4BB3-ACF2-E04047226B93}.Release|x86.Build.0 = Release|Win32
		{A7FF215F-8D25-4235-9AE4-02FD47159B5A}.Debug|x64.ActiveCfg = Debug|x64
		{A7FF215F-8D25-4235-9AE4-02FD47159B5A}.Debug|x64.Build.0 = Debug|x64
		{A7FF215F-8D25-4235-9AE4-02FD47159B5A}.Debug|x86.ActiveCfg = Debug|Win32
		{A7FF215F-8D25-4235-9AE4-02FD47159B5A}.Debug|x86.Build.0 = Debug|Win32
		{A7FF215F-8D25-4235-9AE4-02FD47159B5A}.Release|x64.ActiveCfg = Release|x64
		{A7FF215F-8D25-4235-9AE4-02FD47159B5A}.Release|x64.Build.0 = Release|x64
		{A7FF215F-8D25-4235-9AE4-02FD47159B5A}.Release|x86.ActiveCfg = Release|Win32
		{A7FF215F-8D25-4235-9AE4-02FD47159B5A}.Release|x86.Build.0 = Release|Win32
		{790B4BDF-766B-4430-B23C-14EA250441DF}.Debug|x64.ActiveCfg = Debug|x64
		{790B4BDF-766B-4430-B23C-14EA250441DF}.Debug|x64.Build.0 = Debug|x64
		{790B4BDF-766B-4430-B23C-14EA250441DF}.Debug|x86.ActiveCfg = Debug|Win32
		{790B4BDF-766B-4430-B23C-14EA250441DF}.Debug|x86.Build.0 = Debug|Win32
		{790B4BDF-766B-4430-B23C-14EA250441DF}.Release|x64.ActiveCfg = Release|x64
		{790B4BDF-766B-4430-B23C-14EA250441DF}.Release|x64.Build.0 = Release|x64
		{790B4BDF-766B-4430-B23C-14EA250441DF}.Release|x86.ActiveCfg = Release|Win32
		{790B4BDF-766B-4430-B23C-14EA250441DF}.Release|x86.Build.0 = Release|Win32
		{AEEE33D1-B0D9-48A7-B3AB-FB8E797C4A51}.Debug|x64.ActiveCfg = Debug|x64
		{AEEE33D1-B0D9-48A7-B3AB-FB8E797C4A51}.Debug|x64.Build.0 = Debug|x64
		{AEEE33D1-B0D9-48A7-B3AB-FB8E797C4A51}.Debug|x86.ActiveCfg = Debug|Win32
		{AEEE33D1-B0D9-48A7-B3AB-FB8E797C4A51}.Debug|x86.Build.0 = Debug|Win32
		{AEEE33D1-B0D9-48A7-B3AB-FB8E797C4A51}.Release|x64.ActiveCfg = Release|x64
		{AEEE33D1-B0D9-48A7-B3AB-FB8E797C4A51}.Release|x64.Build.0 = Release|x64
		{AEEE33D1-B0D9-48A7-B3AB-FB8E797C4A51}.Release|x86.ActiveCfg = Release|Win32
		{AEEE33D1-B0D9-48A7-B3AB-FB8E797C4A51}.Release|x86.Build.0 = Release|Win32
		{02E5A6A7-1B55-42F9-99CD-D526CC22245E}.Debug|x64.ActiveCfg = Debug|x64
		{02E5A6A7-1B55-42F9-99CD-D526CC22245E}.Debug|x64.Build.0 = Debug|x64
		{02E5A6A7-1B55-42F9-99CD-D526CC22245E}.Debug|x86.ActiveCfg = Debug|Win32
		{02E5A6A7-1B55-42F9-99CD-D526CC22245E}.Debug|x86.Build.0 = Debug|Win32
		{02E5A6A7-1B55-42F9-99CD-D526CC22245E}.Release|x64.ActiveCfg = Release|x64
		{02E5A6A7-1B55-42F9-99CD-D526CC22245E}.Release|x64.Build.0 = Release|x64
		{02E5A6A7-1B55-42F9-99CD-D526CC22245E}.Release|x86.ActiveCfg = Release|Win32
		{02E5A6A7-1B55-42F9-99CD-D526CC22245E}.Release|x86.Build.0 = Release|Win32
		{7C45C0BB-71EB-4A5F-96B8-FF5B5F572BEA}.Debug|x64.ActiveCfg = Debug|x64
		{7C45C0BB-71EB-4A5F-96B8-FF5B5F572BEA}.Debug|x64.Build.0 = Debug|x64
		{7C45C0BB-71EB-4A5F-96B8-FF5B5F572BEA}.Debug|x86.ActiveCfg = Debug|Win32
		{7C45C0BB-71EB-4A5F-96B8-FF5B5F572BEA}.Debug|x86.Build.0 = Debug|Win32
		{7C45C0BB-71EB-4A5F-96B8-FF5B5F572BEA}.Release|x64.ActiveCfg = Release|x64
		{7C45C0BB-71EB-4A5F-96B8-FF5B5F572BEA}.Release|x64.Build.0 = Release|x64
		{7C45C0BB-71EB-4A5F-96B8-FF5B5F572BEA}.Release|x86.ActiveCfg = Release|Win32
		{7C45C0BB-71EB-4A5F-96B8-FF5B5F572BEA}.Release|x86.Build.0 = Release|Win32
		{8BE3F0B8-0ACB-4499-8F37-C4F06B64D9B8}.Debug|x64.ActiveCfg = Debug|x64
		{8BE3F0B8-0ACB-4499-8F37-C4F06B64D9B8}.Debug|x64.Build.0 = Debug|x64
		{8BE3F0B8-0ACB-4499-8F37-C4F06B64D9B8}.Debug|x86.ActiveCfg = Debug|Win32
		{8BE3F0B8-0ACB-4499-8F37-C4F06B64D9B8}.Debug|x86.Build.0 = Debug|Win32
		{8BE3F0B8-0ACB-4499-8F37-C4F06B64D9B8}.Release|x64.ActiveCfg = Release|x64
		{8BE3F0B8-0ACB-4499-8F37-C4F06B64D9B8}.Release|x64.Build.0 = Release|x64
		{8BE3F0B8-0ACB-4499-8F37-C4F06B64D9B8}.Release|x86.ActiveCfg = Release|Win32
		{8BE3F0B8-0ACB-4499-8F37-C4F06B64D9B8}.Release|x86.Build.0 = Release|Win32
		{3C10B413-5ADD-405E-8522-AED3A9F048DC}.Debug|x64.ActiveCfg = Debug|x64
		{3C10B413-5ADD-405E-8522-AED3A9F048DC}.Debug|x64.Build.0 = Debug|x64
		{3C10B413-5ADD-405E-8522-AED3A9F048DC}.Debug|x86.ActiveCfg = Debug|Win32
		{3C10B413-5ADD-405E-8522-AED3A9F048DC}.Debug|x86.Build.0 = Debug|Win32
		{3C10B413-5ADD-405E-8522-AED3A9F048DC}.Release|x64.ActiveCfg = Release|x64
		{3C10B413-5ADD-405E-8522-AED3A9F048DC}.Release|x64.Build.0 = Release|x64
		{3C10B413-5ADD-405E-8522-AED3A9F048DC}.Release|x86.ActiveCfg = Release|Win32
		{3C10B413-5ADD-405E-8522-AED3A9F048DC}.Release|x86.Build.0 = Release|Win32
		{580B5534-D673-458A-BEF6-C8C048016C16}.Debug|x64.ActiveCfg = Debug|x64
		{580B5534-D673-458A-BEF6-C8C048016C16}.Debug|x64.Build.0 = Debug|x64
		{580B5534-D673-458A-BEF6-C8C048016C16}.Debug|x86.ActiveCfg = Debug|Win32
		{580B5534-D673-458A-BEF6-C8C048016C16}.Debug|x86.Build.0 = Debug|Win32
		{580B5534-D673-458A-BEF6-C8C048016C16}.Release|x64.ActiveCfg = Release|x64
		{580B5534-D673-458A-BEF6-C8C048016C16}.Release|x64.Build.0 = Release|x64
		{580B5534-D673-458A-BEF6-C8C048016C16}.Release|x86.ActiveCfg = Release|Win32
		{580B5534-D673-458A-BEF6-C8C048016C16}.Release|x86.Build.0 = Release|Win32
		{4B3E3A3F-57AB-419D-8EC8-BD8ADCE3D2EB}.Debug|x64.ActiveCfg = Debug|x64
		{4B3E3A3F-57AB-419D-8EC8-BD8ADCE3D2EB}.Debug|x64.Build.0 = Debug|x64
		{4B3E3A3F-57AB-419D-8EC8-BD8ADCE3D2EB}.Debug|x86.ActiveCfg = Debug|Win32
		{4B3E3A3F-57AB-419D-8EC8-BD8ADCE3D2EB}.Debug|x86.Build.0 = Debug|Win32
		{4B3E3A3F-57AB-419D-8EC8-BD8ADCE3D2EB}.Release|x64.ActiveCfg = Release|x64
		{4B3E3A3F-57AB-419D-8EC8-BD8ADCE3D2EB}.Release|x64.Build.0 = Release|x64
		{4B3E3A3F-57AB-419D-8EC8-BD8ADCE3D2EB}.Release|x86.ActiveCfg = Release|Win32
		{4B3E3A3F-57AB-419D-8EC8-BD8ADCE3D2EB}.Release|x86.Build.0 = Release|Win32
		{D58A018E-8160-4091-A21D-715459418C5B}.Debug|x64.ActiveCfg = Debug|x64
		{D58A018E-8160-4091-A21D-715459418C5B}.Debug|x64.Build.0 = Debug|x64
		{D58A018E-8160-4091-A21D-715459418C5B}.Debug|x86.ActiveCfg = Debug|Win32
		{D58A018E-8160-4091-A21D-715459418C5B}.Debug|x86.Build.0 = Debug|Win32
		{D58A018E-8160-4091-A21D-715459418C5B}.Release|x64.ActiveCfg = Release|x64
		{D58A018E-8160-4091-A21D-715459418C5B}.Release|x64.Build.0 = Release|x64
		{D58A018E-8160-4091-A21D-715459418C5B}.Release|x86.ActiveCfg = Release|Win32
		{D58A018E-8160-4091-A21D-715459418C5B}.Release|x86.Build.0 = Release|Win32
		{541D1E26-FC5F-4705-8FD8-DE55CFDAC1C6}.Debug|x64.ActiveCfg = Debug|x64
		{541D1E26-FC5F-4705-8FD8-DE55CFDAC1C6}.Debug|x64.Build.0 = Debug|x64
		{541D1E26-FC5F-4705-8FD8-DE55CFDAC1C6}.Debug|x86.ActiveCfg = Debug|Win32
		{541D1E26-FC5F-4705-8FD8-DE55CFDAC1C6}.Debug|x86.Build.0 = Debug|Win32
		{541D1E26-FC5F-4705-8FD8-DE55CFDAC1C6}.Release|x64.ActiveCfg = Release|x64
		{541D1E26-FC5F-4705-8FD8-DE55CFDAC1C6}.Release|x64.Build.0 = Release|x64
		{541D1E26-FC5F-4705-8FD8-DE55CFDAC1C6}.Release|x86.ActiveCfg = Release|Win32
		{541D1E26-FC5F-4705-8FD8-DE55CFDAC1C6}.Release|x86.Build.0 = Release|Win32
		{4ED09264-8538-4C4A-BE74-93542D11C322}.Debug|x64.ActiveCfg = Debug|x64
		{4ED09264-8538-4C4A-BE74-93542D11C322}.Debug|x64.Build.0 = Debug|x64
		{4ED09264-8538-4C4A-BE74-93542D11C322}.Debug|x86.ActiveCfg = Debug|Win32
		{4ED09264-8538-4C4A-BE74-93542D11C322}.Debug|x86.Build.0 = Debug|Win32
		{4ED09264-8538-4C4A-BE74-93542D11C322}.Release|x64.ActiveCfg = Release|x64
		{4ED09264-8538-4C4A-BE74-93542D11C322}.Release|x64.Build.0 = Release|x64
		{4ED09264-8538-4C4A-BE74-93542D11C322}.Release|x86.ActiveCfg = Release|Win32
		{4ED09264-8538-4C4A-BE74-93542D11C322}.Release|x86.Build.0 = Release|Win32
	EndGlobalSection
	GlobalSection(SolutionProperties) = preSolution
		HideSolutionNode = FALSE
	EndGlobalSection
	GlobalSection(ExtensibilityGlobals) = postSolution
		SolutionGuid = {639F533B-690F-4A45-9FD9-3CD5A027A055}
	EndGlobalSection
EndGlobal
